
Microsoft Visual Studio Solution File, Format Version 12.00
# Visual Studio Version 16
VisualStudioVersion = 16.0.29709.97
MinimumVisualStudioVersion = 10.0.40219.1
Project("{2150E333-8FDC-42A3-9474-1A3956D46DE8}") = "Hello World", "Hello World", "{5B124386-2F05-4EEC-88E2-A8B16D28F7FC}"
EndProject
Project("{2150E333-8FDC-42A3-9474-1A3956D46DE8}") = "Common Uses", "Common Uses", "{316EDE20-49B0-4646-8E82-C0EE9A003783}"
EndProject
Project("{2150E333-8FDC-42A3-9474-1A3956D46DE8}") = "Basic Features", "Basic Features", "{4D9FBC3C-EE12-457F-A49D-83A02BD6E5DC}"
EndProject
Project("{2150E333-8FDC-42A3-9474-1A3956D46DE8}") = "Advanced Features", "Advanced Features", "{A0163421-F1BA-49BB-9866-E42C031272D7}"
EndProject
Project("{2150E333-8FDC-42A3-9474-1A3956D46DE8}") = "Interactive Forms", "Interactive Forms", "{8BE9C17D-5FCF-4739-97C0-E5EAF8CEDFCE}"
EndProject
Project("{2150E333-8FDC-42A3-9474-1A3956D46DE8}") = "Security", "Security", "{9301271F-5ADB-4D58-9221-72A98A928B89}"
EndProject
Project("{2150E333-8FDC-42A3-9474-1A3956D46DE8}") = "WPF", "WPF", "{19FA896F-0B07-4772-A313-F40480AAA68C}"
EndProject
Project("{2150E333-8FDC-42A3-9474-1A3956D46DE8}") = "Linux_macOS", "Linux_macOS", "{EF9B1852-E04B-4FF8-ABAA-3628C0FB8D7C}"
EndProject
Project("{9A19103F-16F7-4668-BE54-9A1E7A4F7556}") = "HelloWorld", "Hello World\HelloWorld.csproj", "{9E811A2F-080B-4AAC-8B8E-F493848AAE19}"
EndProject
Project("{9A19103F-16F7-4668-BE54-9A1E7A4F7556}") = "Cloning", "Common Uses\Cloning\Cloning.csproj", "{5E7FC4F3-C745-464E-8F9F-84400D530630}"
EndProject
Project("{9A19103F-16F7-4668-BE54-9A1E7A4F7556}") = "Convert", "Common Uses\Convert\Convert.csproj", "{6D908CC6-B6DA-4616-AE46-FB601DF3811A}"
EndProject
Project("{9A19103F-16F7-4668-BE54-9A1E7A4F7556}") = "ExportImages", "Common Uses\Export Images\ExportImages.csproj", "{DECB907F-129F-466E-8A03-D7C9F04320E1}"
EndProject
Project("{9A19103F-16F7-4668-BE54-9A1E7A4F7556}") = "IncrementalUpdate", "Common Uses\Incremental Update\IncrementalUpdate.csproj", "{E344D15C-9094-4E9D-B536-AD57474ADC63}"
EndProject
Project("{9A19103F-16F7-4668-BE54-9A1E7A4F7556}") = "MergeFiles", "Common Uses\Merge Files\MergeFiles.csproj", "{29280E38-6767-4D04-A142-22FD16D29926}"
EndProject
Project("{9A19103F-16F7-4668-BE54-9A1E7A4F7556}") = "Reading", "Common Uses\Reading\Reading.csproj", "{BB1382A9-ECFB-4B6C-B93C-0EBA1B94D6FB}"
EndProject
Project("{9A19103F-16F7-4668-BE54-9A1E7A4F7556}") = "SplitFile", "Common Uses\Split File\SplitFile.csproj", "{A5A0D2F8-8A92-4AD4-AE0D-B54D68AA8399}"
EndProject
Project("{2150E333-8FDC-42A3-9474-1A3956D46DE8}") = "Print", "Print", "{9A992C62-BD69-43EA-A75C-FE15401F5DF9}"
EndProject
Project("{9A19103F-16F7-4668-BE54-9A1E7A4F7556}") = "PrintInConsole", "Common Uses\Print\PrintInConsole\PrintInConsole.csproj", "{9765DE1E-736A-4685-8D37-3D2773C208CB}"
EndProject
Project("{9A19103F-16F7-4668-BE54-9A1E7A4F7556}") = "PrintInWinForms", "Common Uses\Print\PrintInWinForms\PrintInWinForms.csproj", "{6751B32E-5B7C-4F05-9A53-74E24B3C341A}"
EndProject
Project("{9A19103F-16F7-4668-BE54-9A1E7A4F7556}") = "PrintInWpf", "Common Uses\Print\PrintInWpf\PrintInWpf.csproj", "{949EEC25-6E6C-41A5-9CA7-38CF9A967C2C}"
EndProject
Project("{9A19103F-16F7-4668-BE54-9A1E7A4F7556}") = "DocumentInformation", "Basic Features\Document Information\DocumentInformation.csproj", "{AF6C5CFF-1B22-4530-84B6-EB53118303C1}"
EndProject
Project("{9A19103F-16F7-4668-BE54-9A1E7A4F7556}") = "Outlines", "Basic Features\Outlines\Outlines.csproj", "{CBD47B0B-E649-4A90-B358-C1EFBE182AC4}"
EndProject
Project("{9A19103F-16F7-4668-BE54-9A1E7A4F7556}") = "ViewerPreferences", "Basic Features\Viewer Preferences\ViewerPreferences.csproj", "{17C669CD-A2FF-406C-B82E-EBCFDB0E6786}"
EndProject
Project("{9A19103F-16F7-4668-BE54-9A1E7A4F7556}") = "BasicObjects", "Advanced Features\Basic Objects\BasicObjects.csproj", "{FE7856CB-CB98-438F-B553-A8A7FD5A21E8}"
EndProject
Project("{9A19103F-16F7-4668-BE54-9A1E7A4F7556}") = "ContentStream", "Advanced Features\Content Stream\ContentStream.csproj", "{CD04D2E0-D6DB-4CD4-B634-C5B775BBC793}"
EndProject
Project("{9A19103F-16F7-4668-BE54-9A1E7A4F7556}") = "PageTree", "Advanced Features\Page Tree\PageTree.csproj", "{34E56BA4-AA6B-4FB2-9962-C046E3C513FC}"
EndProject
Project("{9A19103F-16F7-4668-BE54-9A1E7A4F7556}") = "ExportForm", "Interactive Forms\Export Form\ExportForm.csproj", "{EC04915B-3E98-4898-A790-480A779D4EF7}"
EndProject
Project("{9A19103F-16F7-4668-BE54-9A1E7A4F7556}") = "FillinForm", "Interactive Forms\Fill in Form\FillinForm.csproj", "{50936B76-35C0-43CF-ACE7-009B00EACE57}"
EndProject
Project("{9A19103F-16F7-4668-BE54-9A1E7A4F7556}") = "FormActions", "Interactive Forms\Form Actions\FormActions.csproj", "{B9441ACB-8730-485D-A537-26AFD31B1FC9}"
EndProject
Project("{9A19103F-16F7-4668-BE54-9A1E7A4F7556}") = "ReadForm", "Interactive Forms\Read Form\ReadForm.csproj", "{7D1675F7-C20D-497B-B513-0967AFED335D}"
EndProject
Project("{9A19103F-16F7-4668-BE54-9A1E7A4F7556}") = "Linux_macOS", "Linux_macOS\Linux_macOS.csproj", "{EEC39EEE-BFAC-4913-BD96-E3BCBA21BB9E}"
EndProject
Project("{9A19103F-16F7-4668-BE54-9A1E7A4F7556}") = "DigitalSignature", "Security\Digital Signature\DigitalSignature.csproj", "{81AD99F9-D411-4347-83C3-DA53BA6CFC15}"
EndProject
Project("{9A19103F-16F7-4668-BE54-9A1E7A4F7556}") = "Encryption", "Security\Encryption\Encryption.csproj", "{A65E4781-F24F-4C6C-BA74-59BE4F8C3E17}"
EndProject
Project("{9A19103F-16F7-4668-BE54-9A1E7A4F7556}") = "ExportToImageSource", "WPF\Export To ImageSource\ExportToImageSource.csproj", "{CD8E6DC5-1DEF-4A25-ACBF-6ADB2F8B325D}"
EndProject
Project("{9A19103F-16F7-4668-BE54-9A1E7A4F7556}") = "ExportToXpsDocument", "WPF\Export To XpsDocument\ExportToXpsDocument.csproj", "{F206A479-4819-44AB-B8E9-1C146EBE55AB}"
EndProject
Project("{2150E333-8FDC-42A3-9474-1A3956D46DE8}") = "ASP.NET Core", "ASP.NET Core", "{E4C9F039-D5A4-4EC1-A3C9-23214E6D6C28}"
EndProject
Project("{9A19103F-16F7-4668-BE54-9A1E7A4F7556}") = "PdfCore", "ASP.NET Core\PdfCore.csproj", "{E5BE1C17-8AE3-450C-819D-C6AE5549599E}"
EndProject
Project("{9A19103F-16F7-4668-BE54-9A1E7A4F7556}") = "DigitalSignaturePAdES", "Security\Digital Signature PAdES\DigitalSignaturePAdES.csproj", "{4811C49D-00AE-4AEC-A52B-CE15B960789E}"
EndProject
Project("{9A19103F-16F7-4668-BE54-9A1E7A4F7556}") = "DigitalSignaturePKCS11", "Security\Digital Signature PKCS#11\DigitalSignaturePKCS11.csproj", "{85E8F833-FE3C-430D-91AB-D662E581E017}"
EndProject
Project("{9A19103F-16F7-4668-BE54-9A1E7A4F7556}") = "DigitalSignatureValidation", "Security\Digital Signature Validation\DigitalSignatureValidation.csproj", "{F96A43FE-9289-4FBC-AAA3-D2204EDD5D00}"
EndProject
Project("{2150E333-8FDC-42A3-9474-1A3956D46DE8}") = "Azure", "Azure", "{169694F6-E7D4-4C4B-B5ED-1D7D372C07C3}"
EndProject
Project("{9A19103F-16F7-4668-BE54-9A1E7A4F7556}") = "AzureFunction", "Azure\AzureFunction.csproj", "{B990CB4F-444E-4658-8CE0-BDAD5B9CD606}"
EndProject
Global
	GlobalSection(SolutionConfigurationPlatforms) = preSolution
		Debug|Any CPU = Debug|Any CPU
		Release|Any CPU = Release|Any CPU
	EndGlobalSection
	GlobalSection(ProjectConfigurationPlatforms) = postSolution
		{9E811A2F-080B-4AAC-8B8E-F493848AAE19}.Debug|Any CPU.ActiveCfg = Debug|Any CPU
		{9E811A2F-080B-4AAC-8B8E-F493848AAE19}.Debug|Any CPU.Build.0 = Debug|Any CPU
		{9E811A2F-080B-4AAC-8B8E-F493848AAE19}.Release|Any CPU.ActiveCfg = Release|Any CPU
		{9E811A2F-080B-4AAC-8B8E-F493848AAE19}.Release|Any CPU.Build.0 = Release|Any CPU
		{5E7FC4F3-C745-464E-8F9F-84400D530630}.Debug|Any CPU.ActiveCfg = Debug|Any CPU
		{5E7FC4F3-C745-464E-8F9F-84400D530630}.Debug|Any CPU.Build.0 = Debug|Any CPU
		{5E7FC4F3-C745-464E-8F9F-84400D530630}.Release|Any CPU.ActiveCfg = Release|Any CPU
		{5E7FC4F3-C745-464E-8F9F-84400D530630}.Release|Any CPU.Build.0 = Release|Any CPU
		{6D908CC6-B6DA-4616-AE46-FB601DF3811A}.Debug|Any CPU.ActiveCfg = Debug|Any CPU
		{6D908CC6-B6DA-4616-AE46-FB601DF3811A}.Debug|Any CPU.Build.0 = Debug|Any CPU
		{6D908CC6-B6DA-4616-AE46-FB601DF3811A}.Release|Any CPU.ActiveCfg = Release|Any CPU
		{6D908CC6-B6DA-4616-AE46-FB601DF3811A}.Release|Any CPU.Build.0 = Release|Any CPU
		{DECB907F-129F-466E-8A03-D7C9F04320E1}.Debug|Any CPU.ActiveCfg = Debug|Any CPU
		{DECB907F-129F-466E-8A03-D7C9F04320E1}.Debug|Any CPU.Build.0 = Debug|Any CPU
		{DECB907F-129F-466E-8A03-D7C9F04320E1}.Release|Any CPU.ActiveCfg = Release|Any CPU
		{DECB907F-129F-466E-8A03-D7C9F04320E1}.Release|Any CPU.Build.0 = Release|Any CPU
		{E344D15C-9094-4E9D-B536-AD57474ADC63}.Debug|Any CPU.ActiveCfg = Debug|Any CPU
		{E344D15C-9094-4E9D-B536-AD57474ADC63}.Debug|Any CPU.Build.0 = Debug|Any CPU
		{E344D15C-9094-4E9D-B536-AD57474ADC63}.Release|Any CPU.ActiveCfg = Release|Any CPU
		{E344D15C-9094-4E9D-B536-AD57474ADC63}.Release|Any CPU.Build.0 = Release|Any CPU
		{29280E38-6767-4D04-A142-22FD16D29926}.Debug|Any CPU.ActiveCfg = Debug|Any CPU
		{29280E38-6767-4D04-A142-22FD16D29926}.Debug|Any CPU.Build.0 = Debug|Any CPU
		{29280E38-6767-4D04-A142-22FD16D29926}.Release|Any CPU.ActiveCfg = Release|Any CPU
		{29280E38-6767-4D04-A142-22FD16D29926}.Release|Any CPU.Build.0 = Release|Any CPU
		{BB1382A9-ECFB-4B6C-B93C-0EBA1B94D6FB}.Debug|Any CPU.ActiveCfg = Debug|Any CPU
		{BB1382A9-ECFB-4B6C-B93C-0EBA1B94D6FB}.Debug|Any CPU.Build.0 = Debug|Any CPU
		{BB1382A9-ECFB-4B6C-B93C-0EBA1B94D6FB}.Release|Any CPU.ActiveCfg = Release|Any CPU
		{BB1382A9-ECFB-4B6C-B93C-0EBA1B94D6FB}.Release|Any CPU.Build.0 = Release|Any CPU
		{A5A0D2F8-8A92-4AD4-AE0D-B54D68AA8399}.Debug|Any CPU.ActiveCfg = Debug|Any CPU
		{A5A0D2F8-8A92-4AD4-AE0D-B54D68AA8399}.Debug|Any CPU.Build.0 = Debug|Any CPU
		{A5A0D2F8-8A92-4AD4-AE0D-B54D68AA8399}.Release|Any CPU.ActiveCfg = Release|Any CPU
		{A5A0D2F8-8A92-4AD4-AE0D-B54D68AA8399}.Release|Any CPU.Build.0 = Release|Any CPU
		{9765DE1E-736A-4685-8D37-3D2773C208CB}.Debug|Any CPU.ActiveCfg = Debug|Any CPU
		{9765DE1E-736A-4685-8D37-3D2773C208CB}.Debug|Any CPU.Build.0 = Debug|Any CPU
		{9765DE1E-736A-4685-8D37-3D2773C208CB}.Release|Any CPU.ActiveCfg = Release|Any CPU
		{9765DE1E-736A-4685-8D37-3D2773C208CB}.Release|Any CPU.Build.0 = Release|Any CPU
		{6751B32E-5B7C-4F05-9A53-74E24B3C341A}.Debug|Any CPU.ActiveCfg = Debug|Any CPU
		{6751B32E-5B7C-4F05-9A53-74E24B3C341A}.Debug|Any CPU.Build.0 = Debug|Any CPU
		{6751B32E-5B7C-4F05-9A53-74E24B3C341A}.Release|Any CPU.ActiveCfg = Release|Any CPU
		{6751B32E-5B7C-4F05-9A53-74E24B3C341A}.Release|Any CPU.Build.0 = Release|Any CPU
		{949EEC25-6E6C-41A5-9CA7-38CF9A967C2C}.Debug|Any CPU.ActiveCfg = Debug|Any CPU
		{949EEC25-6E6C-41A5-9CA7-38CF9A967C2C}.Debug|Any CPU.Build.0 = Debug|Any CPU
		{949EEC25-6E6C-41A5-9CA7-38CF9A967C2C}.Release|Any CPU.ActiveCfg = Release|Any CPU
		{949EEC25-6E6C-41A5-9CA7-38CF9A967C2C}.Release|Any CPU.Build.0 = Release|Any CPU
		{AF6C5CFF-1B22-4530-84B6-EB53118303C1}.Debug|Any CPU.ActiveCfg = Debug|Any CPU
		{AF6C5CFF-1B22-4530-84B6-EB53118303C1}.Debug|Any CPU.Build.0 = Debug|Any CPU
		{AF6C5CFF-1B22-4530-84B6-EB53118303C1}.Release|Any CPU.ActiveCfg = Release|Any CPU
		{AF6C5CFF-1B22-4530-84B6-EB53118303C1}.Release|Any CPU.Build.0 = Release|Any CPU
		{CBD47B0B-E649-4A90-B358-C1EFBE182AC4}.Debug|Any CPU.ActiveCfg = Debug|Any CPU
		{CBD47B0B-E649-4A90-B358-C1EFBE182AC4}.Debug|Any CPU.Build.0 = Debug|Any CPU
		{CBD47B0B-E649-4A90-B358-C1EFBE182AC4}.Release|Any CPU.ActiveCfg = Release|Any CPU
		{CBD47B0B-E649-4A90-B358-C1EFBE182AC4}.Release|Any CPU.Build.0 = Release|Any CPU
		{17C669CD-A2FF-406C-B82E-EBCFDB0E6786}.Debug|Any CPU.ActiveCfg = Debug|Any CPU
		{17C669CD-A2FF-406C-B82E-EBCFDB0E6786}.Debug|Any CPU.Build.0 = Debug|Any CPU
		{17C669CD-A2FF-406C-B82E-EBCFDB0E6786}.Release|Any CPU.ActiveCfg = Release|Any CPU
		{17C669CD-A2FF-406C-B82E-EBCFDB0E6786}.Release|Any CPU.Build.0 = Release|Any CPU
		{FE7856CB-CB98-438F-B553-A8A7FD5A21E8}.Debug|Any CPU.ActiveCfg = Debug|Any CPU
		{FE7856CB-CB98-438F-B553-A8A7FD5A21E8}.Debug|Any CPU.Build.0 = Debug|Any CPU
		{FE7856CB-CB98-438F-B553-A8A7FD5A21E8}.Release|Any CPU.ActiveCfg = Release|Any CPU
		{FE7856CB-CB98-438F-B553-A8A7FD5A21E8}.Release|Any CPU.Build.0 = Release|Any CPU
		{CD04D2E0-D6DB-4CD4-B634-C5B775BBC793}.Debug|Any CPU.ActiveCfg = Debug|Any CPU
		{CD04D2E0-D6DB-4CD4-B634-C5B775BBC793}.Debug|Any CPU.Build.0 = Debug|Any CPU
		{CD04D2E0-D6DB-4CD4-B634-C5B775BBC793}.Release|Any CPU.ActiveCfg = Release|Any CPU
		{CD04D2E0-D6DB-4CD4-B634-C5B775BBC793}.Release|Any CPU.Build.0 = Release|Any CPU
		{34E56BA4-AA6B-4FB2-9962-C046E3C513FC}.Debug|Any CPU.ActiveCfg = Debug|Any CPU
		{34E56BA4-AA6B-4FB2-9962-C046E3C513FC}.Debug|Any CPU.Build.0 = Debug|Any CPU
		{34E56BA4-AA6B-4FB2-9962-C046E3C513FC}.Release|Any CPU.ActiveCfg = Release|Any CPU
		{34E56BA4-AA6B-4FB2-9962-C046E3C513FC}.Release|Any CPU.Build.0 = Release|Any CPU
		{EC04915B-3E98-4898-A790-480A779D4EF7}.Debug|Any CPU.ActiveCfg = Debug|Any CPU
		{EC04915B-3E98-4898-A790-480A779D4EF7}.Debug|Any CPU.Build.0 = Debug|Any CPU
		{EC04915B-3E98-4898-A790-480A779D4EF7}.Release|Any CPU.ActiveCfg = Release|Any CPU
		{EC04915B-3E98-4898-A790-480A779D4EF7}.Release|Any CPU.Build.0 = Release|Any CPU
		{50936B76-35C0-43CF-ACE7-009B00EACE57}.Debug|Any CPU.ActiveCfg = Debug|Any CPU
		{50936B76-35C0-43CF-ACE7-009B00EACE57}.Debug|Any CPU.Build.0 = Debug|Any CPU
		{50936B76-35C0-43CF-ACE7-009B00EACE57}.Release|Any CPU.ActiveCfg = Release|Any CPU
		{50936B76-35C0-43CF-ACE7-009B00EACE57}.Release|Any CPU.Build.0 = Release|Any CPU
		{B9441ACB-8730-485D-A537-26AFD31B1FC9}.Debug|Any CPU.ActiveCfg = Debug|Any CPU
		{B9441ACB-8730-485D-A537-26AFD31B1FC9}.Debug|Any CPU.Build.0 = Debug|Any CPU
		{B9441ACB-8730-485D-A537-26AFD31B1FC9}.Release|Any CPU.ActiveCfg = Release|Any CPU
		{B9441ACB-8730-485D-A537-26AFD31B1FC9}.Release|Any CPU.Build.0 = Release|Any CPU
		{7D1675F7-C20D-497B-B513-0967AFED335D}.Debug|Any CPU.ActiveCfg = Debug|Any CPU
		{7D1675F7-C20D-497B-B513-0967AFED335D}.Debug|Any CPU.Build.0 = Debug|Any CPU
		{7D1675F7-C20D-497B-B513-0967AFED335D}.Release|Any CPU.ActiveCfg = Release|Any CPU
		{7D1675F7-C20D-497B-B513-0967AFED335D}.Release|Any CPU.Build.0 = Release|Any CPU
		{EEC39EEE-BFAC-4913-BD96-E3BCBA21BB9E}.Debug|Any CPU.ActiveCfg = Debug|Any CPU
		{EEC39EEE-BFAC-4913-BD96-E3BCBA21BB9E}.Debug|Any CPU.Build.0 = Debug|Any CPU
		{EEC39EEE-BFAC-4913-BD96-E3BCBA21BB9E}.Release|Any CPU.ActiveCfg = Release|Any CPU
		{EEC39EEE-BFAC-4913-BD96-E3BCBA21BB9E}.Release|Any CPU.Build.0 = Release|Any CPU
		{81AD99F9-D411-4347-83C3-DA53BA6CFC15}.Debug|Any CPU.ActiveCfg = Debug|Any CPU
		{81AD99F9-D411-4347-83C3-DA53BA6CFC15}.Debug|Any CPU.Build.0 = Debug|Any CPU
		{81AD99F9-D411-4347-83C3-DA53BA6CFC15}.Release|Any CPU.ActiveCfg = Release|Any CPU
		{81AD99F9-D411-4347-83C3-DA53BA6CFC15}.Release|Any CPU.Build.0 = Release|Any CPU
		{A65E4781-F24F-4C6C-BA74-59BE4F8C3E17}.Debug|Any CPU.ActiveCfg = Debug|Any CPU
		{A65E4781-F24F-4C6C-BA74-59BE4F8C3E17}.Debug|Any CPU.Build.0 = Debug|Any CPU
		{A65E4781-F24F-4C6C-BA74-59BE4F8C3E17}.Release|Any CPU.ActiveCfg = Release|Any CPU
		{A65E4781-F24F-4C6C-BA74-59BE4F8C3E17}.Release|Any CPU.Build.0 = Release|Any CPU
		{CD8E6DC5-1DEF-4A25-ACBF-6ADB2F8B325D}.Debug|Any CPU.ActiveCfg = Debug|Any CPU
		{CD8E6DC5-1DEF-4A25-ACBF-6ADB2F8B325D}.Debug|Any CPU.Build.0 = Debug|Any CPU
		{CD8E6DC5-1DEF-4A25-ACBF-6ADB2F8B325D}.Release|Any CPU.ActiveCfg = Release|Any CPU
		{CD8E6DC5-1DEF-4A25-ACBF-6ADB2F8B325D}.Release|Any CPU.Build.0 = Release|Any CPU
		{F206A479-4819-44AB-B8E9-1C146EBE55AB}.Debug|Any CPU.ActiveCfg = Debug|Any CPU
		{F206A479-4819-44AB-B8E9-1C146EBE55AB}.Debug|Any CPU.Build.0 = Debug|Any CPU
		{F206A479-4819-44AB-B8E9-1C146EBE55AB}.Release|Any CPU.ActiveCfg = Release|Any CPU
		{F206A479-4819-44AB-B8E9-1C146EBE55AB}.Release|Any CPU.Build.0 = Release|Any CPU
		{E5BE1C17-8AE3-450C-819D-C6AE5549599E}.Debug|Any CPU.ActiveCfg = Debug|Any CPU
		{E5BE1C17-8AE3-450C-819D-C6AE5549599E}.Debug|Any CPU.Build.0 = Debug|Any CPU
		{E5BE1C17-8AE3-450C-819D-C6AE5549599E}.Release|Any CPU.ActiveCfg = Release|Any CPU
		{E5BE1C17-8AE3-450C-819D-C6AE5549599E}.Release|Any CPU.Build.0 = Release|Any CPU
		{4811C49D-00AE-4AEC-A52B-CE15B960789E}.Debug|Any CPU.ActiveCfg = Debug|Any CPU
		{4811C49D-00AE-4AEC-A52B-CE15B960789E}.Debug|Any CPU.Build.0 = Debug|Any CPU
		{4811C49D-00AE-4AEC-A52B-CE15B960789E}.Release|Any CPU.ActiveCfg = Release|Any CPU
		{4811C49D-00AE-4AEC-A52B-CE15B960789E}.Release|Any CPU.Build.0 = Release|Any CPU
		{85E8F833-FE3C-430D-91AB-D662E581E017}.Debug|Any CPU.ActiveCfg = Debug|Any CPU
		{85E8F833-FE3C-430D-91AB-D662E581E017}.Debug|Any CPU.Build.0 = Debug|Any CPU
		{85E8F833-FE3C-430D-91AB-D662E581E017}.Release|Any CPU.ActiveCfg = Release|Any CPU
		{85E8F833-FE3C-430D-91AB-D662E581E017}.Release|Any CPU.Build.0 = Release|Any CPU
		{F96A43FE-9289-4FBC-AAA3-D2204EDD5D00}.Debug|Any CPU.ActiveCfg = Debug|Any CPU
		{F96A43FE-9289-4FBC-AAA3-D2204EDD5D00}.Debug|Any CPU.Build.0 = Debug|Any CPU
		{F96A43FE-9289-4FBC-AAA3-D2204EDD5D00}.Release|Any CPU.ActiveCfg = Release|Any CPU
		{F96A43FE-9289-4FBC-AAA3-D2204EDD5D00}.Release|Any CPU.Build.0 = Release|Any CPU
		{B990CB4F-444E-4658-8CE0-BDAD5B9CD606}.Debug|Any CPU.ActiveCfg = Debug|Any CPU
		{B990CB4F-444E-4658-8CE0-BDAD5B9CD606}.Debug|Any CPU.Build.0 = Debug|Any CPU
		{B990CB4F-444E-4658-8CE0-BDAD5B9CD606}.Release|Any CPU.ActiveCfg = Release|Any CPU
		{B990CB4F-444E-4658-8CE0-BDAD5B9CD606}.Release|Any CPU.Build.0 = Release|Any CPU
	EndGlobalSection
	GlobalSection(SolutionProperties) = preSolution
		HideSolutionNode = FALSE
	EndGlobalSection
	GlobalSection(NestedProjects) = preSolution
		{9E811A2F-080B-4AAC-8B8E-F493848AAE19} = {5B124386-2F05-4EEC-88E2-A8B16D28F7FC}
		{5E7FC4F3-C745-464E-8F9F-84400D530630} = {316EDE20-49B0-4646-8E82-C0EE9A003783}
		{6D908CC6-B6DA-4616-AE46-FB601DF3811A} = {316EDE20-49B0-4646-8E82-C0EE9A003783}
		{DECB907F-129F-466E-8A03-D7C9F04320E1} = {316EDE20-49B0-4646-8E82-C0EE9A003783}
		{E344D15C-9094-4E9D-B536-AD57474ADC63} = {316EDE20-49B0-4646-8E82-C0EE9A003783}
		{29280E38-6767-4D04-A142-22FD16D29926} = {316EDE20-49B0-4646-8E82-C0EE9A003783}
		{BB1382A9-ECFB-4B6C-B93C-0EBA1B94D6FB} = {316EDE20-49B0-4646-8E82-C0EE9A003783}
		{A5A0D2F8-8A92-4AD4-AE0D-B54D68AA8399} = {316EDE20-49B0-4646-8E82-C0EE9A003783}
		{9A992C62-BD69-43EA-A75C-FE15401F5DF9} = {316EDE20-49B0-4646-8E82-C0EE9A003783}
		{9765DE1E-736A-4685-8D37-3D2773C208CB} = {9A992C62-BD69-43EA-A75C-FE15401F5DF9}
		{6751B32E-5B7C-4F05-9A53-74E24B3C341A} = {9A992C62-BD69-43EA-A75C-FE15401F5DF9}
		{949EEC25-6E6C-41A5-9CA7-38CF9A967C2C} = {9A992C62-BD69-43EA-A75C-FE15401F5DF9}
		{AF6C5CFF-1B22-4530-84B6-EB53118303C1} = {4D9FBC3C-EE12-457F-A49D-83A02BD6E5DC}
		{CBD47B0B-E649-4A90-B358-C1EFBE182AC4} = {4D9FBC3C-EE12-457F-A49D-83A02BD6E5DC}
		{17C669CD-A2FF-406C-B82E-EBCFDB0E6786} = {4D9FBC3C-EE12-457F-A49D-83A02BD6E5DC}
		{FE7856CB-CB98-438F-B553-A8A7FD5A21E8} = {A0163421-F1BA-49BB-9866-E42C031272D7}
		{CD04D2E0-D6DB-4CD4-B634-C5B775BBC793} = {A0163421-F1BA-49BB-9866-E42C031272D7}
		{34E56BA4-AA6B-4FB2-9962-C046E3C513FC} = {A0163421-F1BA-49BB-9866-E42C031272D7}
		{EC04915B-3E98-4898-A790-480A779D4EF7} = {8BE9C17D-5FCF-4739-97C0-E5EAF8CEDFCE}
		{50936B76-35C0-43CF-ACE7-009B00EACE57} = {8BE9C17D-5FCF-4739-97C0-E5EAF8CEDFCE}
		{B9441ACB-8730-485D-A537-26AFD31B1FC9} = {8BE9C17D-5FCF-4739-97C0-E5EAF8CEDFCE}
		{7D1675F7-C20D-497B-B513-0967AFED335D} = {8BE9C17D-5FCF-4739-97C0-E5EAF8CEDFCE}
		{EEC39EEE-BFAC-4913-BD96-E3BCBA21BB9E} = {EF9B1852-E04B-4FF8-ABAA-3628C0FB8D7C}
		{81AD99F9-D411-4347-83C3-DA53BA6CFC15} = {9301271F-5ADB-4D58-9221-72A98A928B89}
		{A65E4781-F24F-4C6C-BA74-59BE4F8C3E17} = {9301271F-5ADB-4D58-9221-72A98A928B89}
		{CD8E6DC5-1DEF-4A25-ACBF-6ADB2F8B325D} = {19FA896F-0B07-4772-A313-F40480AAA68C}
		{F206A479-4819-44AB-B8E9-1C146EBE55AB} = {19FA896F-0B07-4772-A313-F40480AAA68C}
		{E5BE1C17-8AE3-450C-819D-C6AE5549599E} = {E4C9F039-D5A4-4EC1-A3C9-23214E6D6C28}
		{4811C49D-00AE-4AEC-A52B-CE15B960789E} = {9301271F-5ADB-4D58-9221-72A98A928B89}
		{85E8F833-FE3C-430D-91AB-D662E581E017} = {9301271F-5ADB-4D58-9221-72A98A928B89}
		{F96A43FE-9289-4FBC-AAA3-D2204EDD5D00} = {9301271F-5ADB-4D58-9221-72A98A928B89}
		{B990CB4F-444E-4658-8CE0-BDAD5B9CD606} = {169694F6-E7D4-4C4B-B5ED-1D7D372C07C3}
	EndGlobalSection
	GlobalSection(ExtensibilityGlobals) = postSolution
		SolutionGuid = {89CC6B70-A1B6-4016-8C49-E65919DC4022}
	EndGlobalSection
EndGlobal
