
Microsoft Visual Studio Solution File, Format Version 12.00
# Visual Studio Version 17
VisualStudioVersion = 17.0.32014.148
MinimumVisualStudioVersion = 10.0.40219.1
Project("{2150E333-8FDC-42A3-9474-1A3956D46DE8}") = "Introduction", "Introduction", "{31DA1094-A1C9-468D-89D7-9C831190DC7E}"
EndProject
Project("{9A19103F-16F7-4668-BE54-9A1E7A4F7556}") = "GettingStarted", "Introduction\Getting Started\GettingStarted.csproj", "{55B66A0D-7A18-4161-9C8B-6F8B24C020C7}"
EndProject
Project("{9A19103F-16F7-4668-BE54-9A1E7A4F7556}") = "Reading", "Introduction\Reading\Reading.csproj", "{51339575-E5EE-4AA8-A53A-AC13329AA379}"
EndProject
Project("{9A19103F-16F7-4668-BE54-9A1E7A4F7556}") = "Writing", "Introduction\Writing\Writing.csproj", "{D6887580-346E-469F-A9D4-F74D79D318E7}"
EndProject
Project("{9A19103F-16F7-4668-BE54-9A1E7A4F7556}") = "MergeFiles", "Introduction\Merge Files\MergeFiles.csproj", "{FDCCFDF7-9616-4743-84A4-B7C2CA51367A}"
EndProject
Project("{9A19103F-16F7-4668-BE54-9A1E7A4F7556}") = "SplitFile", "Introduction\Split File\SplitFile.csproj", "{9A419610-F5AB-4DB1-9A65-D743CBB15D7C}"
EndProject
Project("{2150E333-8FDC-42A3-9474-1A3956D46DE8}") = "Printing", "Printing", "{29D670E6-41F9-4A47-94E8-4C72C898042B}"
EndProject
Project("{9A19103F-16F7-4668-BE54-9A1E7A4F7556}") = "PrintInConsole", "Introduction\Printing\Print in Console\PrintInConsole.csproj", "{36A793D0-600F-47BE-A525-EEB1719C5861}"
EndProject
Project("{9A19103F-16F7-4668-BE54-9A1E7A4F7556}") = "PrintInWinForms", "Introduction\Printing\Print in WinForms\PrintInWinForms.csproj", "{79B614E4-A1B2-4927-88EC-D14E49C6303A}"
EndProject
Project("{9A19103F-16F7-4668-BE54-9A1E7A4F7556}") = "PrintInWpf", "Introduction\Printing\Print in WPF\PrintInWpf.csproj", "{B64ACDE3-8D9D-49A6-ADD5-BF562F3417B3}"
EndProject
Project("{2150E333-8FDC-42A3-9474-1A3956D46DE8}") = "Elements", "Elements", "{A234E265-CA7B-455F-9E56-5D38638BD3C2}"
EndProject
Project("{9A19103F-16F7-4668-BE54-9A1E7A4F7556}") = "BasicObjects", "Elements\Basic Objects\BasicObjects.csproj", "{C3F7FDAE-A4F6-483E-AF33-955EF531C208}"
EndProject
Project("{9A19103F-16F7-4668-BE54-9A1E7A4F7556}") = "Outlines", "Elements\Bookmarks (Outlines)\Outlines.csproj", "{B940BB4F-07E5-452F-9222-EB5BC6590B57}"
EndProject
Project("{9A19103F-16F7-4668-BE54-9A1E7A4F7556}") = "ChartsAndBarcodes", "Elements\Charts and Barcodes\ChartsAndBarcodes.csproj", "{BD0DBBF7-94AB-4056-82DD-84298B14E4C7}"
EndProject
Project("{9A19103F-16F7-4668-BE54-9A1E7A4F7556}") = "ContentGroups", "Elements\Content Groups\ContentGroups.csproj", "{07EEDC0E-8EEE-4C39-97B4-F82020B1966F}"
EndProject
Project("{9A19103F-16F7-4668-BE54-9A1E7A4F7556}") = "DocumentProperties", "Elements\Document Properties\DocumentProperties.csproj", "{940BBBD8-D97C-4B21-B1CA-072AD7FED5F5}"
EndProject
Project("{9A19103F-16F7-4668-BE54-9A1E7A4F7556}") = "FormXObjects", "Elements\Form XObjects\FormXObjects.csproj", "{DA074BAF-59BB-4006-A436-8317CD8C69C5}"
EndProject
Project("{9A19103F-16F7-4668-BE54-9A1E7A4F7556}") = "HeaderAndFooter", "Elements\Header and Footer\HeaderAndFooter.csproj", "{A7CD42D0-F92A-4CBE-B2A9-8C7F912C9AAB}"
EndProject
Project("{9A19103F-16F7-4668-BE54-9A1E7A4F7556}") = "Hyperlinks", "Elements\Hyperlinks\Hyperlinks.csproj", "{AA3A4DA9-A80A-457B-9772-34D0B32726E1}"
EndProject
Project("{9A19103F-16F7-4668-BE54-9A1E7A4F7556}") = "Images", "Elements\Images\Images.csproj", "{45510FBE-186A-445C-A31E-A4245F47C53A}"
EndProject
Project("{9A19103F-16F7-4668-BE54-9A1E7A4F7556}") = "MarkedContent", "Elements\Marked Content\MarkedContent.csproj", "{0DE5A1EC-1EA8-4D7F-8B47-1A700C168065}"
EndProject
Project("{9A19103F-16F7-4668-BE54-9A1E7A4F7556}") = "Paths", "Elements\Shapes (Paths)\Paths.csproj", "{7A213F51-5A42-41EA-83FC-B9C0A889F34E}"
EndProject
Project("{9A19103F-16F7-4668-BE54-9A1E7A4F7556}") = "TableOfContents", "Elements\Table Of Contents\TableOfContents.csproj", "{62378DF1-9C1F-4614-913F-BC2AE9FD59FE}"
EndProject
Project("{9A19103F-16F7-4668-BE54-9A1E7A4F7556}") = "Watermarks", "Elements\Watermarks\Watermarks.csproj", "{53635614-17F9-4081-8D1C-F46EE94E4358}"
EndProject
Project("{2150E333-8FDC-42A3-9474-1A3956D46DE8}") = "Features", "Features", "{1F576FDC-B407-4A56-A389-C30AAA73C955}"
EndProject
Project("{9A19103F-16F7-4668-BE54-9A1E7A4F7556}") = "Cloning", "Features\Cloning\Cloning.csproj", "{BE884664-3EF9-4178-9990-EDFBC5172FDA}"
EndProject
Project("{9A19103F-16F7-4668-BE54-9A1E7A4F7556}") = "ContentFormatting", "Features\Content Formatting\ContentFormatting.csproj", "{08966953-CC04-4D54-9E7E-52E1C9E7620D}"
EndProject
Project("{9A19103F-16F7-4668-BE54-9A1E7A4F7556}") = "ContentStreamsAndResources", "Features\Content Streams and Resources\ContentStreamsAndResources.csproj", "{99BD6CA6-8B70-43BE-86B3-D4E688BA5F18}"
EndProject
Project("{9A19103F-16F7-4668-BE54-9A1E7A4F7556}") = "Convert", "Features\Convert\Convert.csproj", "{AE9C38B4-C19F-4DB0-973D-8C5CB7548762}"
EndProject
Project("{9A19103F-16F7-4668-BE54-9A1E7A4F7556}") = "ConvertFromImage", "Features\Convert from Image\ConvertFromImage.csproj", "{CE3BB59B-16A6-4089-83C5-70CDDA1AC93C}"
EndProject
Project("{9A19103F-16F7-4668-BE54-9A1E7A4F7556}") = "Fonts", "Features\Fonts\Fonts.csproj", "{6F9B79DF-3DB1-4E4C-9B71-EF3455C8FB6B}"
EndProject
Project("{9A19103F-16F7-4668-BE54-9A1E7A4F7556}") = "IncrementalUpdate", "Features\Incremental Update\IncrementalUpdate.csproj", "{D9ACDE78-FD37-4402-8FE1-5BBE86FE5438}"
EndProject
Project("{9A19103F-16F7-4668-BE54-9A1E7A4F7556}") = "OpticalCharacterRecognition", "Features\Optical Character Recognition (OCR)\OpticalCharacterRecognition.csproj", "{C3395196-E223-4F1F-A629-6B9E7A06DC37}"
EndProject
Project("{9A19103F-16F7-4668-BE54-9A1E7A4F7556}") = "PageTree", "Features\Page Tree\PageTree.csproj", "{1EFCA366-874B-48FD-AD2A-BFB90CEC0899}"
EndProject
Project("{9A19103F-16F7-4668-BE54-9A1E7A4F7556}") = "RedactionOfContent", "Features\Redaction of Content\RedactionOfContent.csproj", "{8420868A-86F4-49AD-8CA0-645BE06CE5B0}"
EndProject
Project("{9A19103F-16F7-4668-BE54-9A1E7A4F7556}") = "ViewerPreferences", "Features\Viewer Preferences\ViewerPreferences.csproj", "{4D62BBF4-F3DD-4FA6-90E3-8C62967E0DB7}"
EndProject
Project("{2150E333-8FDC-42A3-9474-1A3956D46DE8}") = "Forms", "Forms", "{1C4745D0-B747-4DDE-A08D-212031E9EFB2}"
EndProject
Project("{9A19103F-16F7-4668-BE54-9A1E7A4F7556}") = "CreateForm", "Forms\Create Form\CreateForm.csproj", "{293E8A16-C8F9-43BD-9A56-2CC5CC66DAE8}"
EndProject
Project("{9A19103F-16F7-4668-BE54-9A1E7A4F7556}") = "ExportForm", "Forms\Export Form\ExportForm.csproj", "{C6470C0F-84BD-4F0C-ACB5-0555159A726F}"
EndProject
Project("{9A19103F-16F7-4668-BE54-9A1E7A4F7556}") = "FillinForm", "Forms\Fill in Form\FillinForm.csproj", "{84D17732-C5C5-475D-B07B-DD9E420022E5}"
EndProject
Project("{9A19103F-16F7-4668-BE54-9A1E7A4F7556}") = "FlattenForm", "Forms\Flatten Form\FlattenForm.csproj", "{597B3025-70BE-4C00-B220-941587DF7297}"
EndProject
Project("{9A19103F-16F7-4668-BE54-9A1E7A4F7556}") = "FormActions", "Forms\Form Actions\FormActions.csproj", "{6693EB74-6C93-4E24-9CC3-2220E232C6CE}"
EndProject
Project("{9A19103F-16F7-4668-BE54-9A1E7A4F7556}") = "ReadForm", "Forms\Read Form\ReadForm.csproj", "{BC115305-5A12-478D-BB00-7DCC2903DB25}"
EndProject
Project("{2150E333-8FDC-42A3-9474-1A3956D46DE8}") = "Attachments", "Attachments", "{8C894265-BD46-41B5-9E7B-3C3B736B531F}"
EndProject
Project("{9A19103F-16F7-4668-BE54-9A1E7A4F7556}") = "AssociatedFiles", "Attachments\Associated Files\AssociatedFiles.csproj", "{F18DF71D-A440-4E87-9D53-BFBAD52FC103}"
EndProject
Project("{9A19103F-16F7-4668-BE54-9A1E7A4F7556}") = "EmbeddedFiles", "Attachments\Embedded Files\EmbeddedFiles.csproj", "{063EF7B6-9382-45F3-9653-89C0F707D210}"
EndProject
Project("{9A19103F-16F7-4668-BE54-9A1E7A4F7556}") = "FileAttachmentAnnotations", "Attachments\File Attachment Annotations\FileAttachmentAnnotations.csproj", "{242600FC-4422-42C0-9819-57DB8A36591D}"
EndProject
Project("{9A19103F-16F7-4668-BE54-9A1E7A4F7556}") = "Portfolios", "Attachments\Portfolios\Portfolios.csproj", "{8B4C6F64-3CF1-4EF2-9847-4F3C21A5EA7D}"
EndProject
Project("{2150E333-8FDC-42A3-9474-1A3956D46DE8}") = "Security", "Security", "{D07F4006-27AF-4294-82C5-8121B728A976}"
EndProject
Project("{9A19103F-16F7-4668-BE54-9A1E7A4F7556}") = "DigitalSignature", "Security\Digital Signature\DigitalSignature.csproj", "{AC8FDFCD-8F7D-477A-9C16-80A66B063396}"
EndProject
Project("{9A19103F-16F7-4668-BE54-9A1E7A4F7556}") = "DigitalSignaturePAdES", "Security\Digital Signature PAdES\DigitalSignaturePAdES.csproj", "{D21AF4F5-7091-4F6D-8BA1-B5B52A41FD75}"
EndProject
Project("{9A19103F-16F7-4668-BE54-9A1E7A4F7556}") = "DigitalSignaturePKCS11", "Security\Digital Signature PKCS#11\DigitalSignaturePKCS11.csproj", "{C0926D6F-1E2A-476C-8020-B456B86A2A92}"
EndProject
Project("{9A19103F-16F7-4668-BE54-9A1E7A4F7556}") = "DigitalSignatureValidation", "Security\Digital Signature Validation\DigitalSignatureValidation.csproj", "{6FFA7922-C985-4A4E-9CE5-CABDC69D3AC2}"
EndProject
Project("{9A19103F-16F7-4668-BE54-9A1E7A4F7556}") = "DigitalSignatureWorkflows", "Security\Digital Signature Workflows\DigitalSignatureWorkflows.csproj", "{896416F9-58F1-463F-AB2A-1FC668D19555}"
EndProject
Project("{9A19103F-16F7-4668-BE54-9A1E7A4F7556}") = "Encryption", "Security\Encryption\Encryption.csproj", "{A20FDA6A-4645-4884-AE56-F0A63E0786FE}"
EndProject
Project("{2150E333-8FDC-42A3-9474-1A3956D46DE8}") = "Platforms", "Platforms", "{D92A05D8-F4DA-4B80-BBF2-1BB06EBF3FED}"
EndProject
Project("{9A19103F-16F7-4668-BE54-9A1E7A4F7556}") = "AspNetCoreMvc", "Platforms\ASP.NET Core\MVC\AspNetCoreMvc.csproj", "{26EB0697-5098-459C-A184-68B0E1DF8217}"
EndProject
Project("{9A19103F-16F7-4668-BE54-9A1E7A4F7556}") = "AspNetCorePages", "Platforms\ASP.NET Core\Razor Pages\AspNetCorePages.csproj", "{D64382D8-3A4B-4F93-9901-EF2A83DE1CCE}"
EndProject
Project("{9A19103F-16F7-4668-BE54-9A1E7A4F7556}") = "AzureFunction", "Platforms\Azure\AzureFunction.csproj", "{87863CA1-0532-451C-97F2-A32F2D85EA91}"
EndProject
Project("{9A19103F-16F7-4668-BE54-9A1E7A4F7556}") = "BlazorServerApp", "Platforms\Blazor\Server App\BlazorServerApp.csproj", "{86DA8231-BA3E-4E92-9C3A-0CD08E85CF5C}"
EndProject
Project("{9A19103F-16F7-4668-BE54-9A1E7A4F7556}") = "BlazorWebAssemblyApp", "Platforms\Blazor\WebAssembly App\BlazorWebAssemblyApp.csproj", "{4DD971D9-9B09-4618-9E6F-E3D06702BD59}"
EndProject
Project("{9A19103F-16F7-4668-BE54-9A1E7A4F7556}") = "PdfDocker", "Platforms\Docker\PdfDocker.csproj", "{0E126A46-E68B-4B9F-87E8-3FA54704B954}"
EndProject
Project("{9A19103F-16F7-4668-BE54-9A1E7A4F7556}") = "WpfExportToImageSource", "Platforms\Export PDF in WPF\ImageSource\WpfExportToImageSource.csproj", "{6DEA3955-F611-467F-A800-565255A15098}"
EndProject
Project("{9A19103F-16F7-4668-BE54-9A1E7A4F7556}") = "WpfExportToXpsDocument", "Platforms\Export PDF in WPF\XpsDocument\WpfExportToXpsDocument.csproj", "{303856F1-4292-4038-8BB5-D294793ABAAB}"
EndProject
Project("{9A19103F-16F7-4668-BE54-9A1E7A4F7556}") = "Linux_macOS", "Platforms\Linux_macOS\Linux_macOS.csproj", "{3B77A0DA-DC16-4748-961E-2F27BC524ED4}"
EndProject
Project("{9A19103F-16F7-4668-BE54-9A1E7A4F7556}") = "PdfMaui", "Platforms\MAUI\PdfMaui.csproj", "{0936D7CB-2306-40D9-96A1-40AE721D1466}"
EndProject
Global
	GlobalSection(SolutionConfigurationPlatforms) = preSolution
		Debug|Any CPU = Debug|Any CPU
		Release|Any CPU = Release|Any CPU
	EndGlobalSection
	GlobalSection(ProjectConfigurationPlatforms) = postSolution
		{55B66A0D-7A18-4161-9C8B-6F8B24C020C7}.Debug|Any CPU.ActiveCfg = Debug|Any CPU
		{55B66A0D-7A18-4161-9C8B-6F8B24C020C7}.Debug|Any CPU.Build.0 = Debug|Any CPU
		{55B66A0D-7A18-4161-9C8B-6F8B24C020C7}.Release|Any CPU.ActiveCfg = Release|Any CPU
		{55B66A0D-7A18-4161-9C8B-6F8B24C020C7}.Release|Any CPU.Build.0 = Release|Any CPU
		{51339575-E5EE-4AA8-A53A-AC13329AA379}.Debug|Any CPU.ActiveCfg = Debug|Any CPU
		{51339575-E5EE-4AA8-A53A-AC13329AA379}.Debug|Any CPU.Build.0 = Debug|Any CPU
		{51339575-E5EE-4AA8-A53A-AC13329AA379}.Release|Any CPU.ActiveCfg = Release|Any CPU
		{51339575-E5EE-4AA8-A53A-AC13329AA379}.Release|Any CPU.Build.0 = Release|Any CPU
		{D6887580-346E-469F-A9D4-F74D79D318E7}.Debug|Any CPU.ActiveCfg = Debug|Any CPU
		{D6887580-346E-469F-A9D4-F74D79D318E7}.Debug|Any CPU.Build.0 = Debug|Any CPU
		{D6887580-346E-469F-A9D4-F74D79D318E7}.Release|Any CPU.ActiveCfg = Release|Any CPU
		{D6887580-346E-469F-A9D4-F74D79D318E7}.Release|Any CPU.Build.0 = Release|Any CPU
		{FDCCFDF7-9616-4743-84A4-B7C2CA51367A}.Debug|Any CPU.ActiveCfg = Debug|Any CPU
		{FDCCFDF7-9616-4743-84A4-B7C2CA51367A}.Debug|Any CPU.Build.0 = Debug|Any CPU
		{FDCCFDF7-9616-4743-84A4-B7C2CA51367A}.Release|Any CPU.ActiveCfg = Release|Any CPU
		{FDCCFDF7-9616-4743-84A4-B7C2CA51367A}.Release|Any CPU.Build.0 = Release|Any CPU
		{9A419610-F5AB-4DB1-9A65-D743CBB15D7C}.Debug|Any CPU.ActiveCfg = Debug|Any CPU
		{9A419610-F5AB-4DB1-9A65-D743CBB15D7C}.Debug|Any CPU.Build.0 = Debug|Any CPU
		{9A419610-F5AB-4DB1-9A65-D743CBB15D7C}.Release|Any CPU.ActiveCfg = Release|Any CPU
		{9A419610-F5AB-4DB1-9A65-D743CBB15D7C}.Release|Any CPU.Build.0 = Release|Any CPU
		{36A793D0-600F-47BE-A525-EEB1719C5861}.Debug|Any CPU.ActiveCfg = Debug|Any CPU
		{36A793D0-600F-47BE-A525-EEB1719C5861}.Debug|Any CPU.Build.0 = Debug|Any CPU
		{36A793D0-600F-47BE-A525-EEB1719C5861}.Release|Any CPU.ActiveCfg = Release|Any CPU
		{36A793D0-600F-47BE-A525-EEB1719C5861}.Release|Any CPU.Build.0 = Release|Any CPU
		{79B614E4-A1B2-4927-88EC-D14E49C6303A}.Debug|Any CPU.ActiveCfg = Debug|Any CPU
		{79B614E4-A1B2-4927-88EC-D14E49C6303A}.Debug|Any CPU.Build.0 = Debug|Any CPU
		{79B614E4-A1B2-4927-88EC-D14E49C6303A}.Release|Any CPU.ActiveCfg = Release|Any CPU
		{79B614E4-A1B2-4927-88EC-D14E49C6303A}.Release|Any CPU.Build.0 = Release|Any CPU
		{B64ACDE3-8D9D-49A6-ADD5-BF562F3417B3}.Debug|Any CPU.ActiveCfg = Debug|Any CPU
		{B64ACDE3-8D9D-49A6-ADD5-BF562F3417B3}.Debug|Any CPU.Build.0 = Debug|Any CPU
		{B64ACDE3-8D9D-49A6-ADD5-BF562F3417B3}.Release|Any CPU.ActiveCfg = Release|Any CPU
		{B64ACDE3-8D9D-49A6-ADD5-BF562F3417B3}.Release|Any CPU.Build.0 = Release|Any CPU
		{C3F7FDAE-A4F6-483E-AF33-955EF531C208}.Debug|Any CPU.ActiveCfg = Debug|Any CPU
		{C3F7FDAE-A4F6-483E-AF33-955EF531C208}.Debug|Any CPU.Build.0 = Debug|Any CPU
		{C3F7FDAE-A4F6-483E-AF33-955EF531C208}.Release|Any CPU.ActiveCfg = Release|Any CPU
		{C3F7FDAE-A4F6-483E-AF33-955EF531C208}.Release|Any CPU.Build.0 = Release|Any CPU
		{B940BB4F-07E5-452F-9222-EB5BC6590B57}.Debug|Any CPU.ActiveCfg = Debug|Any CPU
		{B940BB4F-07E5-452F-9222-EB5BC6590B57}.Debug|Any CPU.Build.0 = Debug|Any CPU
		{B940BB4F-07E5-452F-9222-EB5BC6590B57}.Release|Any CPU.ActiveCfg = Release|Any CPU
		{B940BB4F-07E5-452F-9222-EB5BC6590B57}.Release|Any CPU.Build.0 = Release|Any CPU
		{BD0DBBF7-94AB-4056-82DD-84298B14E4C7}.Debug|Any CPU.ActiveCfg = Debug|Any CPU
		{BD0DBBF7-94AB-4056-82DD-84298B14E4C7}.Debug|Any CPU.Build.0 = Debug|Any CPU
		{BD0DBBF7-94AB-4056-82DD-84298B14E4C7}.Release|Any CPU.ActiveCfg = Release|Any CPU
		{BD0DBBF7-94AB-4056-82DD-84298B14E4C7}.Release|Any CPU.Build.0 = Release|Any CPU
		{07EEDC0E-8EEE-4C39-97B4-F82020B1966F}.Debug|Any CPU.ActiveCfg = Debug|Any CPU
		{07EEDC0E-8EEE-4C39-97B4-F82020B1966F}.Debug|Any CPU.Build.0 = Debug|Any CPU
		{07EEDC0E-8EEE-4C39-97B4-F82020B1966F}.Release|Any CPU.ActiveCfg = Release|Any CPU
		{07EEDC0E-8EEE-4C39-97B4-F82020B1966F}.Release|Any CPU.Build.0 = Release|Any CPU
		{940BBBD8-D97C-4B21-B1CA-072AD7FED5F5}.Debug|Any CPU.ActiveCfg = Debug|Any CPU
		{940BBBD8-D97C-4B21-B1CA-072AD7FED5F5}.Debug|Any CPU.Build.0 = Debug|Any CPU
		{940BBBD8-D97C-4B21-B1CA-072AD7FED5F5}.Release|Any CPU.ActiveCfg = Release|Any CPU
		{940BBBD8-D97C-4B21-B1CA-072AD7FED5F5}.Release|Any CPU.Build.0 = Release|Any CPU
		{DA074BAF-59BB-4006-A436-8317CD8C69C5}.Debug|Any CPU.ActiveCfg = Debug|Any CPU
		{DA074BAF-59BB-4006-A436-8317CD8C69C5}.Debug|Any CPU.Build.0 = Debug|Any CPU
		{DA074BAF-59BB-4006-A436-8317CD8C69C5}.Release|Any CPU.ActiveCfg = Release|Any CPU
		{DA074BAF-59BB-4006-A436-8317CD8C69C5}.Release|Any CPU.Build.0 = Release|Any CPU
		{A7CD42D0-F92A-4CBE-B2A9-8C7F912C9AAB}.Debug|Any CPU.ActiveCfg = Debug|Any CPU
		{A7CD42D0-F92A-4CBE-B2A9-8C7F912C9AAB}.Debug|Any CPU.Build.0 = Debug|Any CPU
		{A7CD42D0-F92A-4CBE-B2A9-8C7F912C9AAB}.Release|Any CPU.ActiveCfg = Release|Any CPU
		{A7CD42D0-F92A-4CBE-B2A9-8C7F912C9AAB}.Release|Any CPU.Build.0 = Release|Any CPU
		{AA3A4DA9-A80A-457B-9772-34D0B32726E1}.Debug|Any CPU.ActiveCfg = Debug|Any CPU
		{AA3A4DA9-A80A-457B-9772-34D0B32726E1}.Debug|Any CPU.Build.0 = Debug|Any CPU
		{AA3A4DA9-A80A-457B-9772-34D0B32726E1}.Release|Any CPU.ActiveCfg = Release|Any CPU
		{AA3A4DA9-A80A-457B-9772-34D0B32726E1}.Release|Any CPU.Build.0 = Release|Any CPU
		{45510FBE-186A-445C-A31E-A4245F47C53A}.Debug|Any CPU.ActiveCfg = Debug|Any CPU
		{45510FBE-186A-445C-A31E-A4245F47C53A}.Debug|Any CPU.Build.0 = Debug|Any CPU
		{45510FBE-186A-445C-A31E-A4245F47C53A}.Release|Any CPU.ActiveCfg = Release|Any CPU
		{45510FBE-186A-445C-A31E-A4245F47C53A}.Release|Any CPU.Build.0 = Release|Any CPU
		{0DE5A1EC-1EA8-4D7F-8B47-1A700C168065}.Debug|Any CPU.ActiveCfg = Debug|Any CPU
		{0DE5A1EC-1EA8-4D7F-8B47-1A700C168065}.Debug|Any CPU.Build.0 = Debug|Any CPU
		{0DE5A1EC-1EA8-4D7F-8B47-1A700C168065}.Release|Any CPU.ActiveCfg = Release|Any CPU
		{0DE5A1EC-1EA8-4D7F-8B47-1A700C168065}.Release|Any CPU.Build.0 = Release|Any CPU
		{7A213F51-5A42-41EA-83FC-B9C0A889F34E}.Debug|Any CPU.ActiveCfg = Debug|Any CPU
		{7A213F51-5A42-41EA-83FC-B9C0A889F34E}.Debug|Any CPU.Build.0 = Debug|Any CPU
		{7A213F51-5A42-41EA-83FC-B9C0A889F34E}.Release|Any CPU.ActiveCfg = Release|Any CPU
		{7A213F51-5A42-41EA-83FC-B9C0A889F34E}.Release|Any CPU.Build.0 = Release|Any CPU
		{62378DF1-9C1F-4614-913F-BC2AE9FD59FE}.Debug|Any CPU.ActiveCfg = Debug|Any CPU
		{62378DF1-9C1F-4614-913F-BC2AE9FD59FE}.Debug|Any CPU.Build.0 = Debug|Any CPU
		{62378DF1-9C1F-4614-913F-BC2AE9FD59FE}.Release|Any CPU.ActiveCfg = Release|Any CPU
		{62378DF1-9C1F-4614-913F-BC2AE9FD59FE}.Release|Any CPU.Build.0 = Release|Any CPU
		{53635614-17F9-4081-8D1C-F46EE94E4358}.Debug|Any CPU.ActiveCfg = Debug|Any CPU
		{53635614-17F9-4081-8D1C-F46EE94E4358}.Debug|Any CPU.Build.0 = Debug|Any CPU
		{53635614-17F9-4081-8D1C-F46EE94E4358}.Release|Any CPU.ActiveCfg = Release|Any CPU
		{53635614-17F9-4081-8D1C-F46EE94E4358}.Release|Any CPU.Build.0 = Release|Any CPU
		{BE884664-3EF9-4178-9990-EDFBC5172FDA}.Debug|Any CPU.ActiveCfg = Debug|Any CPU
		{BE884664-3EF9-4178-9990-EDFBC5172FDA}.Debug|Any CPU.Build.0 = Debug|Any CPU
		{BE884664-3EF9-4178-9990-EDFBC5172FDA}.Release|Any CPU.ActiveCfg = Release|Any CPU
		{BE884664-3EF9-4178-9990-EDFBC5172FDA}.Release|Any CPU.Build.0 = Release|Any CPU
		{08966953-CC04-4D54-9E7E-52E1C9E7620D}.Debug|Any CPU.ActiveCfg = Debug|Any CPU
		{08966953-CC04-4D54-9E7E-52E1C9E7620D}.Debug|Any CPU.Build.0 = Debug|Any CPU
		{08966953-CC04-4D54-9E7E-52E1C9E7620D}.Release|Any CPU.ActiveCfg = Release|Any CPU
		{08966953-CC04-4D54-9E7E-52E1C9E7620D}.Release|Any CPU.Build.0 = Release|Any CPU
		{99BD6CA6-8B70-43BE-86B3-D4E688BA5F18}.Debug|Any CPU.ActiveCfg = Debug|Any CPU
		{99BD6CA6-8B70-43BE-86B3-D4E688BA5F18}.Debug|Any CPU.Build.0 = Debug|Any CPU
		{99BD6CA6-8B70-43BE-86B3-D4E688BA5F18}.Release|Any CPU.ActiveCfg = Release|Any CPU
		{99BD6CA6-8B70-43BE-86B3-D4E688BA5F18}.Release|Any CPU.Build.0 = Release|Any CPU
		{AE9C38B4-C19F-4DB0-973D-8C5CB7548762}.Debug|Any CPU.ActiveCfg = Debug|Any CPU
		{AE9C38B4-C19F-4DB0-973D-8C5CB7548762}.Debug|Any CPU.Build.0 = Debug|Any CPU
		{AE9C38B4-C19F-4DB0-973D-8C5CB7548762}.Release|Any CPU.ActiveCfg = Release|Any CPU
		{AE9C38B4-C19F-4DB0-973D-8C5CB7548762}.Release|Any CPU.Build.0 = Release|Any CPU
		{CE3BB59B-16A6-4089-83C5-70CDDA1AC93C}.Debug|Any CPU.ActiveCfg = Debug|Any CPU
		{CE3BB59B-16A6-4089-83C5-70CDDA1AC93C}.Debug|Any CPU.Build.0 = Debug|Any CPU
		{CE3BB59B-16A6-4089-83C5-70CDDA1AC93C}.Release|Any CPU.ActiveCfg = Release|Any CPU
		{CE3BB59B-16A6-4089-83C5-70CDDA1AC93C}.Release|Any CPU.Build.0 = Release|Any CPU
		{6F9B79DF-3DB1-4E4C-9B71-EF3455C8FB6B}.Debug|Any CPU.ActiveCfg = Debug|Any CPU
		{6F9B79DF-3DB1-4E4C-9B71-EF3455C8FB6B}.Debug|Any CPU.Build.0 = Debug|Any CPU
		{6F9B79DF-3DB1-4E4C-9B71-EF3455C8FB6B}.Release|Any CPU.ActiveCfg = Release|Any CPU
		{6F9B79DF-3DB1-4E4C-9B71-EF3455C8FB6B}.Release|Any CPU.Build.0 = Release|Any CPU
		{D9ACDE78-FD37-4402-8FE1-5BBE86FE5438}.Debug|Any CPU.ActiveCfg = Debug|Any CPU
		{D9ACDE78-FD37-4402-8FE1-5BBE86FE5438}.Debug|Any CPU.Build.0 = Debug|Any CPU
		{D9ACDE78-FD37-4402-8FE1-5BBE86FE5438}.Release|Any CPU.ActiveCfg = Release|Any CPU
		{D9ACDE78-FD37-4402-8FE1-5BBE86FE5438}.Release|Any CPU.Build.0 = Release|Any CPU
		{C3395196-E223-4F1F-A629-6B9E7A06DC37}.Debug|Any CPU.ActiveCfg = Debug|Any CPU
		{C3395196-E223-4F1F-A629-6B9E7A06DC37}.Debug|Any CPU.Build.0 = Debug|Any CPU
		{C3395196-E223-4F1F-A629-6B9E7A06DC37}.Release|Any CPU.ActiveCfg = Release|Any CPU
		{C3395196-E223-4F1F-A629-6B9E7A06DC37}.Release|Any CPU.Build.0 = Release|Any CPU
		{1EFCA366-874B-48FD-AD2A-BFB90CEC0899}.Debug|Any CPU.ActiveCfg = Debug|Any CPU
		{1EFCA366-874B-48FD-AD2A-BFB90CEC0899}.Debug|Any CPU.Build.0 = Debug|Any CPU
		{1EFCA366-874B-48FD-AD2A-BFB90CEC0899}.Release|Any CPU.ActiveCfg = Release|Any CPU
		{1EFCA366-874B-48FD-AD2A-BFB90CEC0899}.Release|Any CPU.Build.0 = Release|Any CPU
		{8420868A-86F4-49AD-8CA0-645BE06CE5B0}.Debug|Any CPU.ActiveCfg = Debug|Any CPU
		{8420868A-86F4-49AD-8CA0-645BE06CE5B0}.Debug|Any CPU.Build.0 = Debug|Any CPU
		{8420868A-86F4-49AD-8CA0-645BE06CE5B0}.Release|Any CPU.ActiveCfg = Release|Any CPU
		{8420868A-86F4-49AD-8CA0-645BE06CE5B0}.Release|Any CPU.Build.0 = Release|Any CPU
		{4D62BBF4-F3DD-4FA6-90E3-8C62967E0DB7}.Debug|Any CPU.ActiveCfg = Debug|Any CPU
		{4D62BBF4-F3DD-4FA6-90E3-8C62967E0DB7}.Debug|Any CPU.Build.0 = Debug|Any CPU
		{4D62BBF4-F3DD-4FA6-90E3-8C62967E0DB7}.Release|Any CPU.ActiveCfg = Release|Any CPU
		{4D62BBF4-F3DD-4FA6-90E3-8C62967E0DB7}.Release|Any CPU.Build.0 = Release|Any CPU
		{293E8A16-C8F9-43BD-9A56-2CC5CC66DAE8}.Debug|Any CPU.ActiveCfg = Debug|Any CPU
		{293E8A16-C8F9-43BD-9A56-2CC5CC66DAE8}.Debug|Any CPU.Build.0 = Debug|Any CPU
		{293E8A16-C8F9-43BD-9A56-2CC5CC66DAE8}.Release|Any CPU.ActiveCfg = Release|Any CPU
		{293E8A16-C8F9-43BD-9A56-2CC5CC66DAE8}.Release|Any CPU.Build.0 = Release|Any CPU
		{C6470C0F-84BD-4F0C-ACB5-0555159A726F}.Debug|Any CPU.ActiveCfg = Debug|Any CPU
		{C6470C0F-84BD-4F0C-ACB5-0555159A726F}.Debug|Any CPU.Build.0 = Debug|Any CPU
		{C6470C0F-84BD-4F0C-ACB5-0555159A726F}.Release|Any CPU.ActiveCfg = Release|Any CPU
		{C6470C0F-84BD-4F0C-ACB5-0555159A726F}.Release|Any CPU.Build.0 = Release|Any CPU
		{84D17732-C5C5-475D-B07B-DD9E420022E5}.Debug|Any CPU.ActiveCfg = Debug|Any CPU
		{84D17732-C5C5-475D-B07B-DD9E420022E5}.Debug|Any CPU.Build.0 = Debug|Any CPU
		{84D17732-C5C5-475D-B07B-DD9E420022E5}.Release|Any CPU.ActiveCfg = Release|Any CPU
		{84D17732-C5C5-475D-B07B-DD9E420022E5}.Release|Any CPU.Build.0 = Release|Any CPU
		{597B3025-70BE-4C00-B220-941587DF7297}.Debug|Any CPU.ActiveCfg = Debug|Any CPU
		{597B3025-70BE-4C00-B220-941587DF7297}.Debug|Any CPU.Build.0 = Debug|Any CPU
		{597B3025-70BE-4C00-B220-941587DF7297}.Release|Any CPU.ActiveCfg = Release|Any CPU
		{597B3025-70BE-4C00-B220-941587DF7297}.Release|Any CPU.Build.0 = Release|Any CPU
		{6693EB74-6C93-4E24-9CC3-2220E232C6CE}.Debug|Any CPU.ActiveCfg = Debug|Any CPU
		{6693EB74-6C93-4E24-9CC3-2220E232C6CE}.Debug|Any CPU.Build.0 = Debug|Any CPU
		{6693EB74-6C93-4E24-9CC3-2220E232C6CE}.Release|Any CPU.ActiveCfg = Release|Any CPU
		{6693EB74-6C93-4E24-9CC3-2220E232C6CE}.Release|Any CPU.Build.0 = Release|Any CPU
		{BC115305-5A12-478D-BB00-7DCC2903DB25}.Debug|Any CPU.ActiveCfg = Debug|Any CPU
		{BC115305-5A12-478D-BB00-7DCC2903DB25}.Debug|Any CPU.Build.0 = Debug|Any CPU
		{BC115305-5A12-478D-BB00-7DCC2903DB25}.Release|Any CPU.ActiveCfg = Release|Any CPU
		{BC115305-5A12-478D-BB00-7DCC2903DB25}.Release|Any CPU.Build.0 = Release|Any CPU
		{F18DF71D-A440-4E87-9D53-BFBAD52FC103}.Debug|Any CPU.ActiveCfg = Debug|Any CPU
		{F18DF71D-A440-4E87-9D53-BFBAD52FC103}.Debug|Any CPU.Build.0 = Debug|Any CPU
		{F18DF71D-A440-4E87-9D53-BFBAD52FC103}.Release|Any CPU.ActiveCfg = Release|Any CPU
		{F18DF71D-A440-4E87-9D53-BFBAD52FC103}.Release|Any CPU.Build.0 = Release|Any CPU
		{063EF7B6-9382-45F3-9653-89C0F707D210}.Debug|Any CPU.ActiveCfg = Debug|Any CPU
		{063EF7B6-9382-45F3-9653-89C0F707D210}.Debug|Any CPU.Build.0 = Debug|Any CPU
		{063EF7B6-9382-45F3-9653-89C0F707D210}.Release|Any CPU.ActiveCfg = Release|Any CPU
		{063EF7B6-9382-45F3-9653-89C0F707D210}.Release|Any CPU.Build.0 = Release|Any CPU
		{242600FC-4422-42C0-9819-57DB8A36591D}.Debug|Any CPU.ActiveCfg = Debug|Any CPU
		{242600FC-4422-42C0-9819-57DB8A36591D}.Debug|Any CPU.Build.0 = Debug|Any CPU
		{242600FC-4422-42C0-9819-57DB8A36591D}.Release|Any CPU.ActiveCfg = Release|Any CPU
		{242600FC-4422-42C0-9819-57DB8A36591D}.Release|Any CPU.Build.0 = Release|Any CPU
		{8B4C6F64-3CF1-4EF2-9847-4F3C21A5EA7D}.Debug|Any CPU.ActiveCfg = Debug|Any CPU
		{8B4C6F64-3CF1-4EF2-9847-4F3C21A5EA7D}.Debug|Any CPU.Build.0 = Debug|Any CPU
		{8B4C6F64-3CF1-4EF2-9847-4F3C21A5EA7D}.Release|Any CPU.ActiveCfg = Release|Any CPU
		{8B4C6F64-3CF1-4EF2-9847-4F3C21A5EA7D}.Release|Any CPU.Build.0 = Release|Any CPU
		{AC8FDFCD-8F7D-477A-9C16-80A66B063396}.Debug|Any CPU.ActiveCfg = Debug|Any CPU
		{AC8FDFCD-8F7D-477A-9C16-80A66B063396}.Debug|Any CPU.Build.0 = Debug|Any CPU
		{AC8FDFCD-8F7D-477A-9C16-80A66B063396}.Release|Any CPU.ActiveCfg = Release|Any CPU
		{AC8FDFCD-8F7D-477A-9C16-80A66B063396}.Release|Any CPU.Build.0 = Release|Any CPU
		{D21AF4F5-7091-4F6D-8BA1-B5B52A41FD75}.Debug|Any CPU.ActiveCfg = Debug|Any CPU
		{D21AF4F5-7091-4F6D-8BA1-B5B52A41FD75}.Debug|Any CPU.Build.0 = Debug|Any CPU
		{D21AF4F5-7091-4F6D-8BA1-B5B52A41FD75}.Release|Any CPU.ActiveCfg = Release|Any CPU
		{D21AF4F5-7091-4F6D-8BA1-B5B52A41FD75}.Release|Any CPU.Build.0 = Release|Any CPU
		{C0926D6F-1E2A-476C-8020-B456B86A2A92}.Debug|Any CPU.ActiveCfg = Debug|Any CPU
		{C0926D6F-1E2A-476C-8020-B456B86A2A92}.Debug|Any CPU.Build.0 = Debug|Any CPU
		{C0926D6F-1E2A-476C-8020-B456B86A2A92}.Release|Any CPU.ActiveCfg = Release|Any CPU
		{C0926D6F-1E2A-476C-8020-B456B86A2A92}.Release|Any CPU.Build.0 = Release|Any CPU
		{6FFA7922-C985-4A4E-9CE5-CABDC69D3AC2}.Debug|Any CPU.ActiveCfg = Debug|Any CPU
		{6FFA7922-C985-4A4E-9CE5-CABDC69D3AC2}.Debug|Any CPU.Build.0 = Debug|Any CPU
		{6FFA7922-C985-4A4E-9CE5-CABDC69D3AC2}.Release|Any CPU.ActiveCfg = Release|Any CPU
		{6FFA7922-C985-4A4E-9CE5-CABDC69D3AC2}.Release|Any CPU.Build.0 = Release|Any CPU
		{896416F9-58F1-463F-AB2A-1FC668D19555}.Debug|Any CPU.ActiveCfg = Debug|Any CPU
		{896416F9-58F1-463F-AB2A-1FC668D19555}.Debug|Any CPU.Build.0 = Debug|Any CPU
		{896416F9-58F1-463F-AB2A-1FC668D19555}.Release|Any CPU.ActiveCfg = Release|Any CPU
		{896416F9-58F1-463F-AB2A-1FC668D19555}.Release|Any CPU.Build.0 = Release|Any CPU
		{A20FDA6A-4645-4884-AE56-F0A63E0786FE}.Debug|Any CPU.ActiveCfg = Debug|Any CPU
		{A20FDA6A-4645-4884-AE56-F0A63E0786FE}.Debug|Any CPU.Build.0 = Debug|Any CPU
		{A20FDA6A-4645-4884-AE56-F0A63E0786FE}.Release|Any CPU.ActiveCfg = Release|Any CPU
		{A20FDA6A-4645-4884-AE56-F0A63E0786FE}.Release|Any CPU.Build.0 = Release|Any CPU
		{26EB0697-5098-459C-A184-68B0E1DF8217}.Debug|Any CPU.ActiveCfg = Debug|Any CPU
		{26EB0697-5098-459C-A184-68B0E1DF8217}.Debug|Any CPU.Build.0 = Debug|Any CPU
		{26EB0697-5098-459C-A184-68B0E1DF8217}.Release|Any CPU.ActiveCfg = Release|Any CPU
		{26EB0697-5098-459C-A184-68B0E1DF8217}.Release|Any CPU.Build.0 = Release|Any CPU
		{D64382D8-3A4B-4F93-9901-EF2A83DE1CCE}.Debug|Any CPU.ActiveCfg = Debug|Any CPU
		{D64382D8-3A4B-4F93-9901-EF2A83DE1CCE}.Debug|Any CPU.Build.0 = Debug|Any CPU
		{D64382D8-3A4B-4F93-9901-EF2A83DE1CCE}.Release|Any CPU.ActiveCfg = Release|Any CPU
		{D64382D8-3A4B-4F93-9901-EF2A83DE1CCE}.Release|Any CPU.Build.0 = Release|Any CPU
		{87863CA1-0532-451C-97F2-A32F2D85EA91}.Debug|Any CPU.ActiveCfg = Debug|Any CPU
		{87863CA1-0532-451C-97F2-A32F2D85EA91}.Debug|Any CPU.Build.0 = Debug|Any CPU
		{87863CA1-0532-451C-97F2-A32F2D85EA91}.Release|Any CPU.ActiveCfg = Release|Any CPU
		{87863CA1-0532-451C-97F2-A32F2D85EA91}.Release|Any CPU.Build.0 = Release|Any CPU
		{86DA8231-BA3E-4E92-9C3A-0CD08E85CF5C}.Debug|Any CPU.ActiveCfg = Debug|Any CPU
		{86DA8231-BA3E-4E92-9C3A-0CD08E85CF5C}.Debug|Any CPU.Build.0 = Debug|Any CPU
		{86DA8231-BA3E-4E92-9C3A-0CD08E85CF5C}.Release|Any CPU.ActiveCfg = Release|Any CPU
		{86DA8231-BA3E-4E92-9C3A-0CD08E85CF5C}.Release|Any CPU.Build.0 = Release|Any CPU
		{4DD971D9-9B09-4618-9E6F-E3D06702BD59}.Debug|Any CPU.ActiveCfg = Debug|Any CPU
		{4DD971D9-9B09-4618-9E6F-E3D06702BD59}.Debug|Any CPU.Build.0 = Debug|Any CPU
		{4DD971D9-9B09-4618-9E6F-E3D06702BD59}.Release|Any CPU.ActiveCfg = Release|Any CPU
		{4DD971D9-9B09-4618-9E6F-E3D06702BD59}.Release|Any CPU.Build.0 = Release|Any CPU
		{0E126A46-E68B-4B9F-87E8-3FA54704B954}.Debug|Any CPU.ActiveCfg = Debug|Any CPU
		{0E126A46-E68B-4B9F-87E8-3FA54704B954}.Debug|Any CPU.Build.0 = Debug|Any CPU
		{0E126A46-E68B-4B9F-87E8-3FA54704B954}.Release|Any CPU.ActiveCfg = Release|Any CPU
		{0E126A46-E68B-4B9F-87E8-3FA54704B954}.Release|Any CPU.Build.0 = Release|Any CPU
		{6DEA3955-F611-467F-A800-565255A15098}.Debug|Any CPU.ActiveCfg = Debug|Any CPU
		{6DEA3955-F611-467F-A800-565255A15098}.Debug|Any CPU.Build.0 = Debug|Any CPU
		{6DEA3955-F611-467F-A800-565255A15098}.Release|Any CPU.ActiveCfg = Release|Any CPU
		{6DEA3955-F611-467F-A800-565255A15098}.Release|Any CPU.Build.0 = Release|Any CPU
		{303856F1-4292-4038-8BB5-D294793ABAAB}.Debug|Any CPU.ActiveCfg = Debug|Any CPU
		{303856F1-4292-4038-8BB5-D294793ABAAB}.Debug|Any CPU.Build.0 = Debug|Any CPU
		{303856F1-4292-4038-8BB5-D294793ABAAB}.Release|Any CPU.ActiveCfg = Release|Any CPU
		{303856F1-4292-4038-8BB5-D294793ABAAB}.Release|Any CPU.Build.0 = Release|Any CPU
		{3B77A0DA-DC16-4748-961E-2F27BC524ED4}.Debug|Any CPU.ActiveCfg = Debug|Any CPU
		{3B77A0DA-DC16-4748-961E-2F27BC524ED4}.Debug|Any CPU.Build.0 = Debug|Any CPU
		{3B77A0DA-DC16-4748-961E-2F27BC524ED4}.Release|Any CPU.ActiveCfg = Release|Any CPU
		{3B77A0DA-DC16-4748-961E-2F27BC524ED4}.Release|Any CPU.Build.0 = Release|Any CPU
		{0936D7CB-2306-40D9-96A1-40AE721D1466}.Debug|Any CPU.ActiveCfg = Debug|Any CPU
		{0936D7CB-2306-40D9-96A1-40AE721D1466}.Debug|Any CPU.Build.0 = Debug|Any CPU
		{0936D7CB-2306-40D9-96A1-40AE721D1466}.Release|Any CPU.ActiveCfg = Release|Any CPU
		{0936D7CB-2306-40D9-96A1-40AE721D1466}.Release|Any CPU.Build.0 = Release|Any CPU
	EndGlobalSection
	GlobalSection(SolutionProperties) = preSolution
		HideSolutionNode = FALSE
	EndGlobalSection
	GlobalSection(NestedProjects) = preSolution
		{55B66A0D-7A18-4161-9C8B-6F8B24C020C7} = {31DA1094-A1C9-468D-89D7-9C831190DC7E}
		{51339575-E5EE-4AA8-A53A-AC13329AA379} = {31DA1094-A1C9-468D-89D7-9C831190DC7E}
		{D6887580-346E-469F-A9D4-F74D79D318E7} = {31DA1094-A1C9-468D-89D7-9C831190DC7E}
		{FDCCFDF7-9616-4743-84A4-B7C2CA51367A} = {31DA1094-A1C9-468D-89D7-9C831190DC7E}
		{9A419610-F5AB-4DB1-9A65-D743CBB15D7C} = {31DA1094-A1C9-468D-89D7-9C831190DC7E}
		{29D670E6-41F9-4A47-94E8-4C72C898042B} = {31DA1094-A1C9-468D-89D7-9C831190DC7E}
		{36A793D0-600F-47BE-A525-EEB1719C5861} = {29D670E6-41F9-4A47-94E8-4C72C898042B}
		{79B614E4-A1B2-4927-88EC-D14E49C6303A} = {29D670E6-41F9-4A47-94E8-4C72C898042B}
		{B64ACDE3-8D9D-49A6-ADD5-BF562F3417B3} = {29D670E6-41F9-4A47-94E8-4C72C898042B}
		{C3F7FDAE-A4F6-483E-AF33-955EF531C208} = {A234E265-CA7B-455F-9E56-5D38638BD3C2}
		{B940BB4F-07E5-452F-9222-EB5BC6590B57} = {A234E265-CA7B-455F-9E56-5D38638BD3C2}
		{BD0DBBF7-94AB-4056-82DD-84298B14E4C7} = {A234E265-CA7B-455F-9E56-5D38638BD3C2}
		{07EEDC0E-8EEE-4C39-97B4-F82020B1966F} = {A234E265-CA7B-455F-9E56-5D38638BD3C2}
		{940BBBD8-D97C-4B21-B1CA-072AD7FED5F5} = {A234E265-CA7B-455F-9E56-5D38638BD3C2}
		{DA074BAF-59BB-4006-A436-8317CD8C69C5} = {A234E265-CA7B-455F-9E56-5D38638BD3C2}
		{A7CD42D0-F92A-4CBE-B2A9-8C7F912C9AAB} = {A234E265-CA7B-455F-9E56-5D38638BD3C2}
		{AA3A4DA9-A80A-457B-9772-34D0B32726E1} = {A234E265-CA7B-455F-9E56-5D38638BD3C2}
		{45510FBE-186A-445C-A31E-A4245F47C53A} = {A234E265-CA7B-455F-9E56-5D38638BD3C2}
		{0DE5A1EC-1EA8-4D7F-8B47-1A700C168065} = {A234E265-CA7B-455F-9E56-5D38638BD3C2}
		{7A213F51-5A42-41EA-83FC-B9C0A889F34E} = {A234E265-CA7B-455F-9E56-5D38638BD3C2}
		{62378DF1-9C1F-4614-913F-BC2AE9FD59FE} = {A234E265-CA7B-455F-9E56-5D38638BD3C2}
		{53635614-17F9-4081-8D1C-F46EE94E4358} = {A234E265-CA7B-455F-9E56-5D38638BD3C2}
		{BE884664-3EF9-4178-9990-EDFBC5172FDA} = {1F576FDC-B407-4A56-A389-C30AAA73C955}
		{08966953-CC04-4D54-9E7E-52E1C9E7620D} = {1F576FDC-B407-4A56-A389-C30AAA73C955}
		{99BD6CA6-8B70-43BE-86B3-D4E688BA5F18} = {1F576FDC-B407-4A56-A389-C30AAA73C955}
		{AE9C38B4-C19F-4DB0-973D-8C5CB7548762} = {1F576FDC-B407-4A56-A389-C30AAA73C955}
		{CE3BB59B-16A6-4089-83C5-70CDDA1AC93C} = {1F576FDC-B407-4A56-A389-C30AAA73C955}
		{6F9B79DF-3DB1-4E4C-9B71-EF3455C8FB6B} = {1F576FDC-B407-4A56-A389-C30AAA73C955}
		{D9ACDE78-FD37-4402-8FE1-5BBE86FE5438} = {1F576FDC-B407-4A56-A389-C30AAA73C955}
		{C3395196-E223-4F1F-A629-6B9E7A06DC37} = {1F576FDC-B407-4A56-A389-C30AAA73C955}
		{1EFCA366-874B-48FD-AD2A-BFB90CEC0899} = {1F576FDC-B407-4A56-A389-C30AAA73C955}
		{8420868A-86F4-49AD-8CA0-645BE06CE5B0} = {1F576FDC-B407-4A56-A389-C30AAA73C955}
		{4D62BBF4-F3DD-4FA6-90E3-8C62967E0DB7} = {1F576FDC-B407-4A56-A389-C30AAA73C955}
		{293E8A16-C8F9-43BD-9A56-2CC5CC66DAE8} = {1C4745D0-B747-4DDE-A08D-212031E9EFB2}
		{C6470C0F-84BD-4F0C-ACB5-0555159A726F} = {1C4745D0-B747-4DDE-A08D-212031E9EFB2}
		{84D17732-C5C5-475D-B07B-DD9E420022E5} = {1C4745D0-B747-4DDE-A08D-212031E9EFB2}
		{597B3025-70BE-4C00-B220-941587DF7297} = {1C4745D0-B747-4DDE-A08D-212031E9EFB2}
		{6693EB74-6C93-4E24-9CC3-2220E232C6CE} = {1C4745D0-B747-4DDE-A08D-212031E9EFB2}
		{BC115305-5A12-478D-BB00-7DCC2903DB25} = {1C4745D0-B747-4DDE-A08D-212031E9EFB2}
		{F18DF71D-A440-4E87-9D53-BFBAD52FC103} = {8C894265-BD46-41B5-9E7B-3C3B736B531F}
		{063EF7B6-9382-45F3-9653-89C0F707D210} = {8C894265-BD46-41B5-9E7B-3C3B736B531F}
		{242600FC-4422-42C0-9819-57DB8A36591D} = {8C894265-BD46-41B5-9E7B-3C3B736B531F}
		{8B4C6F64-3CF1-4EF2-9847-4F3C21A5EA7D} = {8C894265-BD46-41B5-9E7B-3C3B736B531F}
		{AC8FDFCD-8F7D-477A-9C16-80A66B063396} = {D07F4006-27AF-4294-82C5-8121B728A976}
		{D21AF4F5-7091-4F6D-8BA1-B5B52A41FD75} = {D07F4006-27AF-4294-82C5-8121B728A976}
		{C0926D6F-1E2A-476C-8020-B456B86A2A92} = {D07F4006-27AF-4294-82C5-8121B728A976}
		{6FFA7922-C985-4A4E-9CE5-CABDC69D3AC2} = {D07F4006-27AF-4294-82C5-8121B728A976}
		{896416F9-58F1-463F-AB2A-1FC668D19555} = {D07F4006-27AF-4294-82C5-8121B728A976}
		{A20FDA6A-4645-4884-AE56-F0A63E0786FE} = {D07F4006-27AF-4294-82C5-8121B728A976}
		{26EB0697-5098-459C-A184-68B0E1DF8217} = {D92A05D8-F4DA-4B80-BBF2-1BB06EBF3FED}
		{D64382D8-3A4B-4F93-9901-EF2A83DE1CCE} = {D92A05D8-F4DA-4B80-BBF2-1BB06EBF3FED}
		{87863CA1-0532-451C-97F2-A32F2D85EA91} = {D92A05D8-F4DA-4B80-BBF2-1BB06EBF3FED}
		{86DA8231-BA3E-4E92-9C3A-0CD08E85CF5C} = {D92A05D8-F4DA-4B80-BBF2-1BB06EBF3FED}
		{4DD971D9-9B09-4618-9E6F-E3D06702BD59} = {D92A05D8-F4DA-4B80-BBF2-1BB06EBF3FED}
		{0E126A46-E68B-4B9F-87E8-3FA54704B954} = {D92A05D8-F4DA-4B80-BBF2-1BB06EBF3FED}
		{6DEA3955-F611-467F-A800-565255A15098} = {D92A05D8-F4DA-4B80-BBF2-1BB06EBF3FED}
		{303856F1-4292-4038-8BB5-D294793ABAAB} = {D92A05D8-F4DA-4B80-BBF2-1BB06EBF3FED}
		{3B77A0DA-DC16-4748-961E-2F27BC524ED4} = {D92A05D8-F4DA-4B80-BBF2-1BB06EBF3FED}
		{0936D7CB-2306-40D9-96A1-40AE721D1466} = {D92A05D8-F4DA-4B80-BBF2-1BB06EBF3FED}
	EndGlobalSection
	GlobalSection(ExtensibilityGlobals) = postSolution
		SolutionGuid = {3E17B4CF-1B77-48F0-AC37-66699941F13B}
	EndGlobalSection
EndGlobal
