
Microsoft Visual Studio Solution File, Format Version 12.00
# Visual Studio Version 16
VisualStudioVersion = 16.0.29424.173
MinimumVisualStudioVersion = 10.0.40219.1
Project("{2150E333-8FDC-42A3-9474-1A3956D46DE8}") = "Hello World", "Hello World", "{AA7174FA-7935-4017-A46B-7AA6AB2EFB11}"
EndProject
Project("{9A19103F-16F7-4668-BE54-9A1E7A4F7556}") = "HelloWorldCs", "Hello World\HelloWorldCs\HelloWorldCs.csproj", "{D5E4BE03-DC8F-4508-B584-9D8F267254E6}"
EndProject
Project("{778DAE3C-4631-46EA-AA77-85C1314464D9}") = "HelloWorldVb", "Hello World\HelloWorldVb\HelloWorldVb.vbproj", "{1B020C3F-6168-4143-9F9C-149A2A88402B}"
EndProject
Project("{2150E333-8FDC-42A3-9474-1A3956D46DE8}") = "Cloning", "Cloning", "{F4FE7473-73E5-4BF8-93FF-56074CACDF6F}"
EndProject
Project("{9A19103F-16F7-4668-BE54-9A1E7A4F7556}") = "CloningCs", "Cloning\CloningCs\CloningCs.csproj", "{7D26F71D-11F8-46AF-83C2-65EE15F72998}"
EndProject
Project("{778DAE3C-4631-46EA-AA77-85C1314464D9}") = "CloningVb", "Cloning\CloningVb\CloningVb.vbproj", "{35EF64F6-0C7E-4F7A-B9CD-D06E32F29C7F}"
EndProject
Project("{2150E333-8FDC-42A3-9474-1A3956D46DE8}") = "Outlines", "Outlines", "{6F24857E-0CA7-4916-8F7C-79D00840A3A0}"
EndProject
Project("{9A19103F-16F7-4668-BE54-9A1E7A4F7556}") = "OutlinesCs", "Outlines\OutlinesCs\OutlinesCs.csproj", "{E511A804-8B62-4E34-B204-9A159EA9FF17}"
EndProject
Project("{778DAE3C-4631-46EA-AA77-85C1314464D9}") = "OutlinesVb", "Outlines\OutlinesVb\OutlinesVb.vbproj", "{0E3F7212-01AF-43BE-8506-C48861B742E2}"
EndProject
Project("{2150E333-8FDC-42A3-9474-1A3956D46DE8}") = "Document Information", "Document Information", "{2C13D1E1-7630-4C0C-815A-74B778A05572}"
EndProject
Project("{9A19103F-16F7-4668-BE54-9A1E7A4F7556}") = "DocumentInformationCs", "Document Information\DocumentInformationCs\DocumentInformationCs.csproj", "{468B5A37-54FC-4A03-AFD9-C4EAD3A31826}"
EndProject
Project("{778DAE3C-4631-46EA-AA77-85C1314464D9}") = "DocumentInformationVb", "Document Information\DocumentInformationVb\DocumentInformationVb.vbproj", "{7E887BDE-0A99-4E72-BE7E-7EE29A0EB4BE}"
EndProject
Project("{2150E333-8FDC-42A3-9474-1A3956D46DE8}") = "Viewer Preferences", "Viewer Preferences", "{C49B2202-B8D8-4F4F-A578-4567538418D0}"
EndProject
Project("{9A19103F-16F7-4668-BE54-9A1E7A4F7556}") = "ViewerPreferencesCs", "Viewer Preferences\ViewerPreferencesCs\ViewerPreferencesCs.csproj", "{5717E9B7-BAD9-4FB9-BF24-058D576AE019}"
EndProject
Project("{778DAE3C-4631-46EA-AA77-85C1314464D9}") = "ViewerPreferencesVb", "Viewer Preferences\ViewerPreferencesVb\ViewerPreferencesVb.vbproj", "{0EABE2A0-D561-4CA0-9B93-19B131DF7119}"
EndProject
Project("{2150E333-8FDC-42A3-9474-1A3956D46DE8}") = "Page Tree", "Page Tree", "{35B647D5-1B4A-4246-A690-C461BCB0B456}"
EndProject
Project("{9A19103F-16F7-4668-BE54-9A1E7A4F7556}") = "PageTreeCs", "Page Tree\PageTreeCs\PageTreeCs.csproj", "{C54A58C9-C27D-45FD-9DAF-5542538AAACE}"
EndProject
Project("{778DAE3C-4631-46EA-AA77-85C1314464D9}") = "PageTreeVb", "Page Tree\PageTreeVb\PageTreeVb.vbproj", "{DEF605F0-7038-4844-96FF-E4905EEE6F48}"
EndProject
Project("{2150E333-8FDC-42A3-9474-1A3956D46DE8}") = "Basic Objects", "Basic Objects", "{A0D5D831-F8F4-4E4D-A37D-0BA62B14E473}"
EndProject
Project("{9A19103F-16F7-4668-BE54-9A1E7A4F7556}") = "BasicObjectsCs", "Basic Objects\BasicObjectsCs\BasicObjectsCs.csproj", "{F31D7F0A-88AB-4A19-8A09-1A6AE40FEF46}"
EndProject
Project("{778DAE3C-4631-46EA-AA77-85C1314464D9}") = "BasicObjectsVb", "Basic Objects\BasicObjectsVb\BasicObjectsVb.vbproj", "{5C00D0C7-8300-4DCF-938D-F9577BAB6F13}"
EndProject
Project("{2150E333-8FDC-42A3-9474-1A3956D46DE8}") = "Content Stream", "Content Stream", "{69ABD8E6-F121-4A74-A35A-608CCEC95109}"
EndProject
Project("{9A19103F-16F7-4668-BE54-9A1E7A4F7556}") = "ContentStreamCs", "Content Stream\ContentStreamCs\ContentStreamCs.csproj", "{B43A3117-FF31-4AC2-AC67-376829742A33}"
EndProject
Project("{778DAE3C-4631-46EA-AA77-85C1314464D9}") = "ContentStreamVb", "Content Stream\ContentStreamVb\ContentStreamVb.vbproj", "{154CF44C-F3A5-443B-820A-E4A6C647D28C}"
EndProject
Project("{2150E333-8FDC-42A3-9474-1A3956D46DE8}") = "Merge Files", "Merge Files", "{FF4FBCC9-2E03-4C9E-96C8-0D6C11F8D63B}"
EndProject
Project("{2150E333-8FDC-42A3-9474-1A3956D46DE8}") = "Split File", "Split File", "{EC9CD2E1-0C80-46D0-9BE0-F00DF390194D}"
EndProject
Project("{9A19103F-16F7-4668-BE54-9A1E7A4F7556}") = "MergeFilesCs", "Merge Files\MergeFilesCs\MergeFilesCs.csproj", "{C43AFC07-8BAE-4530-B77A-7A917DF85B65}"
EndProject
Project("{778DAE3C-4631-46EA-AA77-85C1314464D9}") = "MergeFilesVb", "Merge Files\MergeFilesVb\MergeFilesVb.vbproj", "{625ADBCA-EE66-4245-83A3-583A5AA62E6F}"
EndProject
Project("{2150E333-8FDC-42A3-9474-1A3956D46DE8}") = "Encryption", "Encryption", "{EE21A295-F071-4F3E-A50F-8562F6E3A7A4}"
EndProject
Project("{2150E333-8FDC-42A3-9474-1A3956D46DE8}") = "Digital Signature", "Digital Signature", "{DBDB9368-17D2-4C4B-9844-A3028199CCBD}"
EndProject
Project("{9A19103F-16F7-4668-BE54-9A1E7A4F7556}") = "EncryptionCs", "Encryption\EncryptionCs\EncryptionCs.csproj", "{F1272CD6-5403-4F8B-95F4-4F5E6616C255}"
EndProject
Project("{778DAE3C-4631-46EA-AA77-85C1314464D9}") = "EncryptionVb", "Encryption\EncryptionVb\EncryptionVb.vbproj", "{5977EB9C-164C-484B-8DA9-C8D0F99C14E1}"
EndProject
Project("{9A19103F-16F7-4668-BE54-9A1E7A4F7556}") = "DigitalSignatureCs", "Digital Signature\DigitalSignatureCs\DigitalSignatureCs.csproj", "{05AEBE97-4139-47EC-A4F0-61601DE02FB0}"
EndProject
Project("{778DAE3C-4631-46EA-AA77-85C1314464D9}") = "DigitalSignatureVb", "Digital Signature\DigitalSignatureVb\DigitalSignatureVb.vbproj", "{72865553-4A14-48BC-A907-8C03EA48CC96}"
EndProject
Project("{778DAE3C-4631-46EA-AA77-85C1314464D9}") = "SplitFileVb", "Split File\SplitFileVb\SplitFileVb.vbproj", "{79211929-6AED-424E-9980-DEE078356B99}"
EndProject
Project("{9A19103F-16F7-4668-BE54-9A1E7A4F7556}") = "SplitFileCs", "Split File\SplitFileCs\SplitFileCs.csproj", "{DB1CD796-60DD-4E39-A5B0-881E67556722}"
EndProject
Project("{2150E333-8FDC-42A3-9474-1A3956D46DE8}") = "Incremental Update", "Incremental Update", "{4D8697E5-571F-4260-9A70-B594BC5B99C3}"
EndProject
Project("{9A19103F-16F7-4668-BE54-9A1E7A4F7556}") = "IncrementalUpdateCs", "Incremental Update\IncrementalUpdateCs\IncrementalUpdateCs.csproj", "{E7B2602D-EE11-48F2-959B-4FA34B484BA0}"
EndProject
Project("{778DAE3C-4631-46EA-AA77-85C1314464D9}") = "IncrementalUpdateVb", "Incremental Update\IncrementalUpdateVb\IncrementalUpdateVb.vbproj", "{5ABF1179-299D-4127-A8AB-69AB13A79A26}"
EndProject
Project("{2150E333-8FDC-42A3-9474-1A3956D46DE8}") = "Reading", "Reading", "{252C9F51-D143-44CA-8934-606E09EEAEE7}"
EndProject
Project("{778DAE3C-4631-46EA-AA77-85C1314464D9}") = "ReadingVb", "Reading\ReadingVb\ReadingVb.vbproj", "{28FD7F39-A70A-474C-BADA-E105587824B2}"
EndProject
Project("{9A19103F-16F7-4668-BE54-9A1E7A4F7556}") = "ReadingCs", "Reading\ReadingCs\ReadingCs.csproj", "{3BB4E2CE-234E-4197-A45C-9854B007F8D9}"
EndProject
Project("{2150E333-8FDC-42A3-9474-1A3956D46DE8}") = "Export Images", "Export Images", "{4A31D404-43B9-4128-A2C4-3641EB3A42D8}"
EndProject
Project("{9A19103F-16F7-4668-BE54-9A1E7A4F7556}") = "ExportImagesCs", "Export Images\ExportImagesCs\ExportImagesCs.csproj", "{8A17595E-9540-41F1-BB0A-49BD6751DCD2}"
EndProject
Project("{778DAE3C-4631-46EA-AA77-85C1314464D9}") = "ExportImagesVb", "Export Images\ExportImagesVb\ExportImagesVb.vbproj", "{D205EDE2-29D5-463D-8974-AC0E1C6DE6EC}"
EndProject
Project("{2150E333-8FDC-42A3-9474-1A3956D46DE8}") = "COM", "COM", "{72E3D7F3-F7F4-4927-8908-05CD3013A4A6}"
	ProjectSection(SolutionItems) = preProject
		COM\COM.php = COM\COM.php
		COM\COM.py = COM\COM.py
		COM\COM.vbs = COM\COM.vbs
		COM\MergeFile01.pdf = COM\MergeFile01.pdf
		COM\MergeFile02.pdf = COM\MergeFile02.pdf
		COM\MergeFile03.pdf = COM\MergeFile03.pdf
	EndProjectSection
EndProject
Project("{2150E333-8FDC-42A3-9474-1A3956D46DE8}") = "Export Form", "Export Form", "{ED42E31F-66DE-442E-BF04-8D32A72B78EB}"
EndProject
Project("{9A19103F-16F7-4668-BE54-9A1E7A4F7556}") = "ExportFormCs", "Export Form\ExportFormCs\ExportFormCs.csproj", "{499E391B-BD4C-4DD6-9321-626ED36D97AA}"
EndProject
Project("{778DAE3C-4631-46EA-AA77-85C1314464D9}") = "ExportFormVb", "Export Form\ExportFormVb\ExportFormVb.vbproj", "{C8650485-53D8-45CA-B886-D15EBDCA00E1}"
EndProject
Project("{2150E333-8FDC-42A3-9474-1A3956D46DE8}") = "Fill in Form", "Fill in Form", "{4517BD61-567C-4F2C-A6C4-636CB4567993}"
EndProject
Project("{9A19103F-16F7-4668-BE54-9A1E7A4F7556}") = "FillinFormCs", "Fill in Form\FillinFormCs\FillinFormCs.csproj", "{4B9619AC-3D46-456B-BE3A-4A1BFA643228}"
EndProject
Project("{778DAE3C-4631-46EA-AA77-85C1314464D9}") = "FillinFormVb", "Fill in Form\FillinFormVb\FillinFormVb.vbproj", "{DA834EC2-8AF8-4BFF-AA57-63D3C7E5EE0A}"
EndProject
Project("{2150E333-8FDC-42A3-9474-1A3956D46DE8}") = "Form Actions", "Form Actions", "{06BACD0B-95C2-49C5-A6F9-1EEA2E5FC8BD}"
EndProject
Project("{9A19103F-16F7-4668-BE54-9A1E7A4F7556}") = "FormActionsCs", "Form Actions\FormActionsCs\FormActionsCs.csproj", "{24E216F3-6976-4AB8-9F7B-D040698749C0}"
EndProject
Project("{778DAE3C-4631-46EA-AA77-85C1314464D9}") = "FormActionsVb", "Form Actions\FormActionsVb\FormActionsVb.vbproj", "{328B64B7-0E16-4A4B-9A92-7A91E15AB81A}"
EndProject
Project("{2150E333-8FDC-42A3-9474-1A3956D46DE8}") = "Read Form", "Read Form", "{8EC28F1A-C2D2-4BA4-A750-68E590311D44}"
EndProject
Project("{9A19103F-16F7-4668-BE54-9A1E7A4F7556}") = "ReadFormCs", "Read Form\ReadFormCs\ReadFormCs.csproj", "{9C9596E0-81FC-43CE-9300-7056131FC650}"
EndProject
Project("{778DAE3C-4631-46EA-AA77-85C1314464D9}") = "ReadFormVb", "Read Form\ReadFormVb\ReadFormVb.vbproj", "{00486638-7E2C-4E1D-89BF-C7D78C1254B7}"
EndProject
Project("{2150E333-8FDC-42A3-9474-1A3956D46DE8}") = "Print", "Print", "{C87DB71E-85C8-4E6F-AFC5-68785BE497A3}"
EndProject
Project("{9A19103F-16F7-4668-BE54-9A1E7A4F7556}") = "PrintCs", "Print\PrintCs\PrintCs.csproj", "{3559BBB0-FC49-4096-8A98-A1136BFDFB5E}"
EndProject
Project("{778DAE3C-4631-46EA-AA77-85C1314464D9}") = "PrintVb", "Print\PrintVb\PrintVb.vbproj", "{E09ADD25-C163-4B12-AD29-A7CFBA95653F}"
EndProject
Project("{FAE04EC0-301F-11D3-BF4B-00C04F79EFBC}") = "PrintInWinFormsCs", "Print\PrintInWinFormsCs\PrintInWinFormsCs.csproj", "{F4396AC4-A78E-42C8-8A24-EECCD072E023}"
EndProject
Project("{F184B08F-C81C-45F6-A57F-5ABD9991F28F}") = "PrintInWinFormsVb", "Print\PrintInWinFormsVb\PrintInWinFormsVb.vbproj", "{FCDBCF75-02EF-49BC-839D-A0D4CBF5A895}"
EndProject
Project("{FAE04EC0-301F-11D3-BF4B-00C04F79EFBC}") = "PrintInWpfCs", "Print\PrintInWpfCs\PrintInWpfCs.csproj", "{6F6C5C65-730B-4BD7-A7FB-E97723CC92F0}"
EndProject
Project("{F184B08F-C81C-45F6-A57F-5ABD9991F28F}") = "PrintInWpfVb", "Print\PrintInWpfVb\PrintInWpfVb.vbproj", "{7A6CD482-5342-4508-A968-85BE495B6DF9}"
EndProject
Project("{2150E333-8FDC-42A3-9474-1A3956D46DE8}") = "Export To Image Source", "Export To Image Source", "{4BAF014F-D56B-4B00-8330-F784292A32AD}"
EndProject
Project("{2150E333-8FDC-42A3-9474-1A3956D46DE8}") = "Export To Xps Document", "Export To Xps Document", "{B30CC67C-9416-4B41-9BD9-FE337A8C2CFB}"
EndProject
Project("{2150E333-8FDC-42A3-9474-1A3956D46DE8}") = "Convert", "Convert", "{48C5BFB2-A585-4ED2-BFBF-087007218C2B}"
EndProject
Project("{9A19103F-16F7-4668-BE54-9A1E7A4F7556}") = "ConvertCs", "Convert\ConvertCs\ConvertCs.csproj", "{2EDAD9F3-364F-4D67-824F-4851577CA29D}"
EndProject
Project("{778DAE3C-4631-46EA-AA77-85C1314464D9}") = "ConvertVb", "Convert\ConvertVb\ConvertVb.vbproj", "{E192FA70-01B6-410D-92DB-33C440272239}"
EndProject
Project("{FAE04EC0-301F-11D3-BF4B-00C04F79EFBC}") = "ExportToImageSourceCs", "Export To Image Source\ExportToImageSourceCs\ExportToImageSourceCs.csproj", "{73DF0CC0-24F6-47C2-AEC5-3E2574FD00C9}"
EndProject
Project("{F184B08F-C81C-45F6-A57F-5ABD9991F28F}") = "ExportToImageSourceVb", "Export To Image Source\ExportToImageSourceVb\ExportToImageSourceVb.vbproj", "{69239C02-27DE-4961-87E4-711F7CABAF93}"
EndProject
Project("{FAE04EC0-301F-11D3-BF4B-00C04F79EFBC}") = "ExportToXpsDocumentCs", "Export To Xps Document\ExportToXpsDocumentCs\ExportToXpsDocumentCs.csproj", "{BFF6B6F5-ADDA-4A43-81F2-CC4F2E6BE141}"
EndProject
Project("{F184B08F-C81C-45F6-A57F-5ABD9991F28F}") = "ExportToXpsDocumentVb", "Export To Xps Document\ExportToXpsDocumentVb\ExportToXpsDocumentVb.vbproj", "{0DA29309-80A1-4E61-9B15-2889C1A5D103}"
EndProject
Global
	GlobalSection(SolutionConfigurationPlatforms) = preSolution
		Debug|Any CPU = Debug|Any CPU
		Debug|x86 = Debug|x86
		Release|Any CPU = Release|Any CPU
		Release|x86 = Release|x86
	EndGlobalSection
	GlobalSection(ProjectConfigurationPlatforms) = postSolution
		{D5E4BE03-DC8F-4508-B584-9D8F267254E6}.Debug|Any CPU.ActiveCfg = Debug|Any CPU
		{D5E4BE03-DC8F-4508-B584-9D8F267254E6}.Debug|Any CPU.Build.0 = Debug|Any CPU
		{D5E4BE03-DC8F-4508-B584-9D8F267254E6}.Debug|x86.ActiveCfg = Debug|Any CPU
		{D5E4BE03-DC8F-4508-B584-9D8F267254E6}.Debug|x86.Build.0 = Debug|Any CPU
		{D5E4BE03-DC8F-4508-B584-9D8F267254E6}.Release|Any CPU.ActiveCfg = Release|Any CPU
		{D5E4BE03-DC8F-4508-B584-9D8F267254E6}.Release|Any CPU.Build.0 = Release|Any CPU
		{D5E4BE03-DC8F-4508-B584-9D8F267254E6}.Release|x86.ActiveCfg = Release|Any CPU
		{D5E4BE03-DC8F-4508-B584-9D8F267254E6}.Release|x86.Build.0 = Release|Any CPU
		{1B020C3F-6168-4143-9F9C-149A2A88402B}.Debug|Any CPU.ActiveCfg = Debug|Any CPU
		{1B020C3F-6168-4143-9F9C-149A2A88402B}.Debug|Any CPU.Build.0 = Debug|Any CPU
		{1B020C3F-6168-4143-9F9C-149A2A88402B}.Debug|x86.ActiveCfg = Debug|Any CPU
		{1B020C3F-6168-4143-9F9C-149A2A88402B}.Debug|x86.Build.0 = Debug|Any CPU
		{1B020C3F-6168-4143-9F9C-149A2A88402B}.Release|Any CPU.ActiveCfg = Release|Any CPU
		{1B020C3F-6168-4143-9F9C-149A2A88402B}.Release|Any CPU.Build.0 = Release|Any CPU
		{1B020C3F-6168-4143-9F9C-149A2A88402B}.Release|x86.ActiveCfg = Release|Any CPU
		{1B020C3F-6168-4143-9F9C-149A2A88402B}.Release|x86.Build.0 = Release|Any CPU
		{7D26F71D-11F8-46AF-83C2-65EE15F72998}.Debug|Any CPU.ActiveCfg = Debug|Any CPU
		{7D26F71D-11F8-46AF-83C2-65EE15F72998}.Debug|Any CPU.Build.0 = Debug|Any CPU
		{7D26F71D-11F8-46AF-83C2-65EE15F72998}.Debug|x86.ActiveCfg = Debug|Any CPU
		{7D26F71D-11F8-46AF-83C2-65EE15F72998}.Debug|x86.Build.0 = Debug|Any CPU
		{7D26F71D-11F8-46AF-83C2-65EE15F72998}.Release|Any CPU.ActiveCfg = Release|Any CPU
		{7D26F71D-11F8-46AF-83C2-65EE15F72998}.Release|Any CPU.Build.0 = Release|Any CPU
		{7D26F71D-11F8-46AF-83C2-65EE15F72998}.Release|x86.ActiveCfg = Release|Any CPU
		{7D26F71D-11F8-46AF-83C2-65EE15F72998}.Release|x86.Build.0 = Release|Any CPU
		{35EF64F6-0C7E-4F7A-B9CD-D06E32F29C7F}.Debug|Any CPU.ActiveCfg = Debug|Any CPU
		{35EF64F6-0C7E-4F7A-B9CD-D06E32F29C7F}.Debug|Any CPU.Build.0 = Debug|Any CPU
		{35EF64F6-0C7E-4F7A-B9CD-D06E32F29C7F}.Debug|x86.ActiveCfg = Debug|Any CPU
		{35EF64F6-0C7E-4F7A-B9CD-D06E32F29C7F}.Debug|x86.Build.0 = Debug|Any CPU
		{35EF64F6-0C7E-4F7A-B9CD-D06E32F29C7F}.Release|Any CPU.ActiveCfg = Release|Any CPU
		{35EF64F6-0C7E-4F7A-B9CD-D06E32F29C7F}.Release|Any CPU.Build.0 = Release|Any CPU
		{35EF64F6-0C7E-4F7A-B9CD-D06E32F29C7F}.Release|x86.ActiveCfg = Release|Any CPU
		{35EF64F6-0C7E-4F7A-B9CD-D06E32F29C7F}.Release|x86.Build.0 = Release|Any CPU
		{E511A804-8B62-4E34-B204-9A159EA9FF17}.Debug|Any CPU.ActiveCfg = Debug|Any CPU
		{E511A804-8B62-4E34-B204-9A159EA9FF17}.Debug|Any CPU.Build.0 = Debug|Any CPU
		{E511A804-8B62-4E34-B204-9A159EA9FF17}.Debug|x86.ActiveCfg = Debug|Any CPU
		{E511A804-8B62-4E34-B204-9A159EA9FF17}.Debug|x86.Build.0 = Debug|Any CPU
		{E511A804-8B62-4E34-B204-9A159EA9FF17}.Release|Any CPU.ActiveCfg = Release|Any CPU
		{E511A804-8B62-4E34-B204-9A159EA9FF17}.Release|Any CPU.Build.0 = Release|Any CPU
		{E511A804-8B62-4E34-B204-9A159EA9FF17}.Release|x86.ActiveCfg = Release|Any CPU
		{E511A804-8B62-4E34-B204-9A159EA9FF17}.Release|x86.Build.0 = Release|Any CPU
		{0E3F7212-01AF-43BE-8506-C48861B742E2}.Debug|Any CPU.ActiveCfg = Debug|Any CPU
		{0E3F7212-01AF-43BE-8506-C48861B742E2}.Debug|Any CPU.Build.0 = Debug|Any CPU
		{0E3F7212-01AF-43BE-8506-C48861B742E2}.Debug|x86.ActiveCfg = Debug|Any CPU
		{0E3F7212-01AF-43BE-8506-C48861B742E2}.Debug|x86.Build.0 = Debug|Any CPU
		{0E3F7212-01AF-43BE-8506-C48861B742E2}.Release|Any CPU.ActiveCfg = Release|Any CPU
		{0E3F7212-01AF-43BE-8506-C48861B742E2}.Release|Any CPU.Build.0 = Release|Any CPU
		{0E3F7212-01AF-43BE-8506-C48861B742E2}.Release|x86.ActiveCfg = Release|Any CPU
		{0E3F7212-01AF-43BE-8506-C48861B742E2}.Release|x86.Build.0 = Release|Any CPU
		{468B5A37-54FC-4A03-AFD9-C4EAD3A31826}.Debug|Any CPU.ActiveCfg = Debug|Any CPU
		{468B5A37-54FC-4A03-AFD9-C4EAD3A31826}.Debug|Any CPU.Build.0 = Debug|Any CPU
		{468B5A37-54FC-4A03-AFD9-C4EAD3A31826}.Debug|x86.ActiveCfg = Debug|Any CPU
		{468B5A37-54FC-4A03-AFD9-C4EAD3A31826}.Debug|x86.Build.0 = Debug|Any CPU
		{468B5A37-54FC-4A03-AFD9-C4EAD3A31826}.Release|Any CPU.ActiveCfg = Release|Any CPU
		{468B5A37-54FC-4A03-AFD9-C4EAD3A31826}.Release|Any CPU.Build.0 = Release|Any CPU
		{468B5A37-54FC-4A03-AFD9-C4EAD3A31826}.Release|x86.ActiveCfg = Release|Any CPU
		{468B5A37-54FC-4A03-AFD9-C4EAD3A31826}.Release|x86.Build.0 = Release|Any CPU
		{7E887BDE-0A99-4E72-BE7E-7EE29A0EB4BE}.Debug|Any CPU.ActiveCfg = Debug|Any CPU
		{7E887BDE-0A99-4E72-BE7E-7EE29A0EB4BE}.Debug|Any CPU.Build.0 = Debug|Any CPU
		{7E887BDE-0A99-4E72-BE7E-7EE29A0EB4BE}.Debug|x86.ActiveCfg = Debug|Any CPU
		{7E887BDE-0A99-4E72-BE7E-7EE29A0EB4BE}.Debug|x86.Build.0 = Debug|Any CPU
		{7E887BDE-0A99-4E72-BE7E-7EE29A0EB4BE}.Release|Any CPU.ActiveCfg = Release|Any CPU
		{7E887BDE-0A99-4E72-BE7E-7EE29A0EB4BE}.Release|Any CPU.Build.0 = Release|Any CPU
		{7E887BDE-0A99-4E72-BE7E-7EE29A0EB4BE}.Release|x86.ActiveCfg = Release|Any CPU
		{7E887BDE-0A99-4E72-BE7E-7EE29A0EB4BE}.Release|x86.Build.0 = Release|Any CPU
		{5717E9B7-BAD9-4FB9-BF24-058D576AE019}.Debug|Any CPU.ActiveCfg = Debug|Any CPU
		{5717E9B7-BAD9-4FB9-BF24-058D576AE019}.Debug|Any CPU.Build.0 = Debug|Any CPU
		{5717E9B7-BAD9-4FB9-BF24-058D576AE019}.Debug|x86.ActiveCfg = Debug|Any CPU
		{5717E9B7-BAD9-4FB9-BF24-058D576AE019}.Debug|x86.Build.0 = Debug|Any CPU
		{5717E9B7-BAD9-4FB9-BF24-058D576AE019}.Release|Any CPU.ActiveCfg = Release|Any CPU
		{5717E9B7-BAD9-4FB9-BF24-058D576AE019}.Release|Any CPU.Build.0 = Release|Any CPU
		{5717E9B7-BAD9-4FB9-BF24-058D576AE019}.Release|x86.ActiveCfg = Release|Any CPU
		{5717E9B7-BAD9-4FB9-BF24-058D576AE019}.Release|x86.Build.0 = Release|Any CPU
		{0EABE2A0-D561-4CA0-9B93-19B131DF7119}.Debug|Any CPU.ActiveCfg = Debug|Any CPU
		{0EABE2A0-D561-4CA0-9B93-19B131DF7119}.Debug|Any CPU.Build.0 = Debug|Any CPU
		{0EABE2A0-D561-4CA0-9B93-19B131DF7119}.Debug|x86.ActiveCfg = Debug|Any CPU
		{0EABE2A0-D561-4CA0-9B93-19B131DF7119}.Debug|x86.Build.0 = Debug|Any CPU
		{0EABE2A0-D561-4CA0-9B93-19B131DF7119}.Release|Any CPU.ActiveCfg = Release|Any CPU
		{0EABE2A0-D561-4CA0-9B93-19B131DF7119}.Release|Any CPU.Build.0 = Release|Any CPU
		{0EABE2A0-D561-4CA0-9B93-19B131DF7119}.Release|x86.ActiveCfg = Release|Any CPU
		{0EABE2A0-D561-4CA0-9B93-19B131DF7119}.Release|x86.Build.0 = Release|Any CPU
		{C54A58C9-C27D-45FD-9DAF-5542538AAACE}.Debug|Any CPU.ActiveCfg = Debug|Any CPU
		{C54A58C9-C27D-45FD-9DAF-5542538AAACE}.Debug|Any CPU.Build.0 = Debug|Any CPU
		{C54A58C9-C27D-45FD-9DAF-5542538AAACE}.Debug|x86.ActiveCfg = Debug|Any CPU
		{C54A58C9-C27D-45FD-9DAF-5542538AAACE}.Debug|x86.Build.0 = Debug|Any CPU
		{C54A58C9-C27D-45FD-9DAF-5542538AAACE}.Release|Any CPU.ActiveCfg = Release|Any CPU
		{C54A58C9-C27D-45FD-9DAF-5542538AAACE}.Release|Any CPU.Build.0 = Release|Any CPU
		{C54A58C9-C27D-45FD-9DAF-5542538AAACE}.Release|x86.ActiveCfg = Release|Any CPU
		{C54A58C9-C27D-45FD-9DAF-5542538AAACE}.Release|x86.Build.0 = Release|Any CPU
		{DEF605F0-7038-4844-96FF-E4905EEE6F48}.Debug|Any CPU.ActiveCfg = Debug|Any CPU
		{DEF605F0-7038-4844-96FF-E4905EEE6F48}.Debug|Any CPU.Build.0 = Debug|Any CPU
		{DEF605F0-7038-4844-96FF-E4905EEE6F48}.Debug|x86.ActiveCfg = Debug|Any CPU
		{DEF605F0-7038-4844-96FF-E4905EEE6F48}.Debug|x86.Build.0 = Debug|Any CPU
		{DEF605F0-7038-4844-96FF-E4905EEE6F48}.Release|Any CPU.ActiveCfg = Release|Any CPU
		{DEF605F0-7038-4844-96FF-E4905EEE6F48}.Release|Any CPU.Build.0 = Release|Any CPU
		{DEF605F0-7038-4844-96FF-E4905EEE6F48}.Release|x86.ActiveCfg = Release|Any CPU
		{DEF605F0-7038-4844-96FF-E4905EEE6F48}.Release|x86.Build.0 = Release|Any CPU
		{F31D7F0A-88AB-4A19-8A09-1A6AE40FEF46}.Debug|Any CPU.ActiveCfg = Debug|Any CPU
		{F31D7F0A-88AB-4A19-8A09-1A6AE40FEF46}.Debug|Any CPU.Build.0 = Debug|Any CPU
		{F31D7F0A-88AB-4A19-8A09-1A6AE40FEF46}.Debug|x86.ActiveCfg = Debug|Any CPU
		{F31D7F0A-88AB-4A19-8A09-1A6AE40FEF46}.Debug|x86.Build.0 = Debug|Any CPU
		{F31D7F0A-88AB-4A19-8A09-1A6AE40FEF46}.Release|Any CPU.ActiveCfg = Release|Any CPU
		{F31D7F0A-88AB-4A19-8A09-1A6AE40FEF46}.Release|Any CPU.Build.0 = Release|Any CPU
		{F31D7F0A-88AB-4A19-8A09-1A6AE40FEF46}.Release|x86.ActiveCfg = Release|Any CPU
		{F31D7F0A-88AB-4A19-8A09-1A6AE40FEF46}.Release|x86.Build.0 = Release|Any CPU
		{5C00D0C7-8300-4DCF-938D-F9577BAB6F13}.Debug|Any CPU.ActiveCfg = Debug|Any CPU
		{5C00D0C7-8300-4DCF-938D-F9577BAB6F13}.Debug|Any CPU.Build.0 = Debug|Any CPU
		{5C00D0C7-8300-4DCF-938D-F9577BAB6F13}.Debug|x86.ActiveCfg = Debug|Any CPU
		{5C00D0C7-8300-4DCF-938D-F9577BAB6F13}.Debug|x86.Build.0 = Debug|Any CPU
		{5C00D0C7-8300-4DCF-938D-F9577BAB6F13}.Release|Any CPU.ActiveCfg = Release|Any CPU
		{5C00D0C7-8300-4DCF-938D-F9577BAB6F13}.Release|Any CPU.Build.0 = Release|Any CPU
		{5C00D0C7-8300-4DCF-938D-F9577BAB6F13}.Release|x86.ActiveCfg = Release|Any CPU
		{5C00D0C7-8300-4DCF-938D-F9577BAB6F13}.Release|x86.Build.0 = Release|Any CPU
		{B43A3117-FF31-4AC2-AC67-376829742A33}.Debug|Any CPU.ActiveCfg = Debug|Any CPU
		{B43A3117-FF31-4AC2-AC67-376829742A33}.Debug|Any CPU.Build.0 = Debug|Any CPU
		{B43A3117-FF31-4AC2-AC67-376829742A33}.Debug|x86.ActiveCfg = Debug|Any CPU
		{B43A3117-FF31-4AC2-AC67-376829742A33}.Debug|x86.Build.0 = Debug|Any CPU
		{B43A3117-FF31-4AC2-AC67-376829742A33}.Release|Any CPU.ActiveCfg = Release|Any CPU
		{B43A3117-FF31-4AC2-AC67-376829742A33}.Release|Any CPU.Build.0 = Release|Any CPU
		{B43A3117-FF31-4AC2-AC67-376829742A33}.Release|x86.ActiveCfg = Release|Any CPU
		{B43A3117-FF31-4AC2-AC67-376829742A33}.Release|x86.Build.0 = Release|Any CPU
		{154CF44C-F3A5-443B-820A-E4A6C647D28C}.Debug|Any CPU.ActiveCfg = Debug|Any CPU
		{154CF44C-F3A5-443B-820A-E4A6C647D28C}.Debug|Any CPU.Build.0 = Debug|Any CPU
		{154CF44C-F3A5-443B-820A-E4A6C647D28C}.Debug|x86.ActiveCfg = Debug|Any CPU
		{154CF44C-F3A5-443B-820A-E4A6C647D28C}.Debug|x86.Build.0 = Debug|Any CPU
		{154CF44C-F3A5-443B-820A-E4A6C647D28C}.Release|Any CPU.ActiveCfg = Release|Any CPU
		{154CF44C-F3A5-443B-820A-E4A6C647D28C}.Release|Any CPU.Build.0 = Release|Any CPU
		{154CF44C-F3A5-443B-820A-E4A6C647D28C}.Release|x86.ActiveCfg = Release|Any CPU
		{154CF44C-F3A5-443B-820A-E4A6C647D28C}.Release|x86.Build.0 = Release|Any CPU
		{C43AFC07-8BAE-4530-B77A-7A917DF85B65}.Debug|Any CPU.ActiveCfg = Debug|Any CPU
		{C43AFC07-8BAE-4530-B77A-7A917DF85B65}.Debug|Any CPU.Build.0 = Debug|Any CPU
		{C43AFC07-8BAE-4530-B77A-7A917DF85B65}.Debug|x86.ActiveCfg = Debug|Any CPU
		{C43AFC07-8BAE-4530-B77A-7A917DF85B65}.Debug|x86.Build.0 = Debug|Any CPU
		{C43AFC07-8BAE-4530-B77A-7A917DF85B65}.Release|Any CPU.ActiveCfg = Release|Any CPU
		{C43AFC07-8BAE-4530-B77A-7A917DF85B65}.Release|Any CPU.Build.0 = Release|Any CPU
		{C43AFC07-8BAE-4530-B77A-7A917DF85B65}.Release|x86.ActiveCfg = Release|Any CPU
		{C43AFC07-8BAE-4530-B77A-7A917DF85B65}.Release|x86.Build.0 = Release|Any CPU
		{625ADBCA-EE66-4245-83A3-583A5AA62E6F}.Debug|Any CPU.ActiveCfg = Debug|Any CPU
		{625ADBCA-EE66-4245-83A3-583A5AA62E6F}.Debug|Any CPU.Build.0 = Debug|Any CPU
		{625ADBCA-EE66-4245-83A3-583A5AA62E6F}.Debug|x86.ActiveCfg = Debug|Any CPU
		{625ADBCA-EE66-4245-83A3-583A5AA62E6F}.Debug|x86.Build.0 = Debug|Any CPU
		{625ADBCA-EE66-4245-83A3-583A5AA62E6F}.Release|Any CPU.ActiveCfg = Release|Any CPU
		{625ADBCA-EE66-4245-83A3-583A5AA62E6F}.Release|Any CPU.Build.0 = Release|Any CPU
		{625ADBCA-EE66-4245-83A3-583A5AA62E6F}.Release|x86.ActiveCfg = Release|Any CPU
		{625ADBCA-EE66-4245-83A3-583A5AA62E6F}.Release|x86.Build.0 = Release|Any CPU
		{F1272CD6-5403-4F8B-95F4-4F5E6616C255}.Debug|Any CPU.ActiveCfg = Debug|Any CPU
		{F1272CD6-5403-4F8B-95F4-4F5E6616C255}.Debug|Any CPU.Build.0 = Debug|Any CPU
		{F1272CD6-5403-4F8B-95F4-4F5E6616C255}.Debug|x86.ActiveCfg = Debug|Any CPU
		{F1272CD6-5403-4F8B-95F4-4F5E6616C255}.Debug|x86.Build.0 = Debug|Any CPU
		{F1272CD6-5403-4F8B-95F4-4F5E6616C255}.Release|Any CPU.ActiveCfg = Release|Any CPU
		{F1272CD6-5403-4F8B-95F4-4F5E6616C255}.Release|Any CPU.Build.0 = Release|Any CPU
		{F1272CD6-5403-4F8B-95F4-4F5E6616C255}.Release|x86.ActiveCfg = Release|Any CPU
		{F1272CD6-5403-4F8B-95F4-4F5E6616C255}.Release|x86.Build.0 = Release|Any CPU
		{5977EB9C-164C-484B-8DA9-C8D0F99C14E1}.Debug|Any CPU.ActiveCfg = Debug|Any CPU
		{5977EB9C-164C-484B-8DA9-C8D0F99C14E1}.Debug|Any CPU.Build.0 = Debug|Any CPU
		{5977EB9C-164C-484B-8DA9-C8D0F99C14E1}.Debug|x86.ActiveCfg = Debug|Any CPU
		{5977EB9C-164C-484B-8DA9-C8D0F99C14E1}.Debug|x86.Build.0 = Debug|Any CPU
		{5977EB9C-164C-484B-8DA9-C8D0F99C14E1}.Release|Any CPU.ActiveCfg = Release|Any CPU
		{5977EB9C-164C-484B-8DA9-C8D0F99C14E1}.Release|Any CPU.Build.0 = Release|Any CPU
		{5977EB9C-164C-484B-8DA9-C8D0F99C14E1}.Release|x86.ActiveCfg = Release|Any CPU
		{5977EB9C-164C-484B-8DA9-C8D0F99C14E1}.Release|x86.Build.0 = Release|Any CPU
		{05AEBE97-4139-47EC-A4F0-61601DE02FB0}.Debug|Any CPU.ActiveCfg = Debug|Any CPU
		{05AEBE97-4139-47EC-A4F0-61601DE02FB0}.Debug|Any CPU.Build.0 = Debug|Any CPU
		{05AEBE97-4139-47EC-A4F0-61601DE02FB0}.Debug|x86.ActiveCfg = Debug|Any CPU
		{05AEBE97-4139-47EC-A4F0-61601DE02FB0}.Debug|x86.Build.0 = Debug|Any CPU
		{05AEBE97-4139-47EC-A4F0-61601DE02FB0}.Release|Any CPU.ActiveCfg = Release|Any CPU
		{05AEBE97-4139-47EC-A4F0-61601DE02FB0}.Release|Any CPU.Build.0 = Release|Any CPU
		{05AEBE97-4139-47EC-A4F0-61601DE02FB0}.Release|x86.ActiveCfg = Release|Any CPU
		{05AEBE97-4139-47EC-A4F0-61601DE02FB0}.Release|x86.Build.0 = Release|Any CPU
		{72865553-4A14-48BC-A907-8C03EA48CC96}.Debug|Any CPU.ActiveCfg = Debug|Any CPU
		{72865553-4A14-48BC-A907-8C03EA48CC96}.Debug|Any CPU.Build.0 = Debug|Any CPU
		{72865553-4A14-48BC-A907-8C03EA48CC96}.Debug|x86.ActiveCfg = Debug|Any CPU
		{72865553-4A14-48BC-A907-8C03EA48CC96}.Debug|x86.Build.0 = Debug|Any CPU
		{72865553-4A14-48BC-A907-8C03EA48CC96}.Release|Any CPU.ActiveCfg = Release|Any CPU
		{72865553-4A14-48BC-A907-8C03EA48CC96}.Release|Any CPU.Build.0 = Release|Any CPU
		{72865553-4A14-48BC-A907-8C03EA48CC96}.Release|x86.ActiveCfg = Release|Any CPU
		{72865553-4A14-48BC-A907-8C03EA48CC96}.Release|x86.Build.0 = Release|Any CPU
		{79211929-6AED-424E-9980-DEE078356B99}.Debug|Any CPU.ActiveCfg = Debug|Any CPU
		{79211929-6AED-424E-9980-DEE078356B99}.Debug|Any CPU.Build.0 = Debug|Any CPU
		{79211929-6AED-424E-9980-DEE078356B99}.Debug|x86.ActiveCfg = Debug|Any CPU
		{79211929-6AED-424E-9980-DEE078356B99}.Debug|x86.Build.0 = Debug|Any CPU
		{79211929-6AED-424E-9980-DEE078356B99}.Release|Any CPU.ActiveCfg = Release|Any CPU
		{79211929-6AED-424E-9980-DEE078356B99}.Release|Any CPU.Build.0 = Release|Any CPU
		{79211929-6AED-424E-9980-DEE078356B99}.Release|x86.ActiveCfg = Release|Any CPU
		{79211929-6AED-424E-9980-DEE078356B99}.Release|x86.Build.0 = Release|Any CPU
		{DB1CD796-60DD-4E39-A5B0-881E67556722}.Debug|Any CPU.ActiveCfg = Debug|Any CPU
		{DB1CD796-60DD-4E39-A5B0-881E67556722}.Debug|Any CPU.Build.0 = Debug|Any CPU
		{DB1CD796-60DD-4E39-A5B0-881E67556722}.Debug|x86.ActiveCfg = Debug|Any CPU
		{DB1CD796-60DD-4E39-A5B0-881E67556722}.Debug|x86.Build.0 = Debug|Any CPU
		{DB1CD796-60DD-4E39-A5B0-881E67556722}.Release|Any CPU.ActiveCfg = Release|Any CPU
		{DB1CD796-60DD-4E39-A5B0-881E67556722}.Release|Any CPU.Build.0 = Release|Any CPU
		{DB1CD796-60DD-4E39-A5B0-881E67556722}.Release|x86.ActiveCfg = Release|Any CPU
		{DB1CD796-60DD-4E39-A5B0-881E67556722}.Release|x86.Build.0 = Release|Any CPU
		{E7B2602D-EE11-48F2-959B-4FA34B484BA0}.Debug|Any CPU.ActiveCfg = Debug|Any CPU
		{E7B2602D-EE11-48F2-959B-4FA34B484BA0}.Debug|Any CPU.Build.0 = Debug|Any CPU
		{E7B2602D-EE11-48F2-959B-4FA34B484BA0}.Debug|x86.ActiveCfg = Debug|Any CPU
		{E7B2602D-EE11-48F2-959B-4FA34B484BA0}.Debug|x86.Build.0 = Debug|Any CPU
		{E7B2602D-EE11-48F2-959B-4FA34B484BA0}.Release|Any CPU.ActiveCfg = Release|Any CPU
		{E7B2602D-EE11-48F2-959B-4FA34B484BA0}.Release|Any CPU.Build.0 = Release|Any CPU
		{E7B2602D-EE11-48F2-959B-4FA34B484BA0}.Release|x86.ActiveCfg = Release|Any CPU
		{E7B2602D-EE11-48F2-959B-4FA34B484BA0}.Release|x86.Build.0 = Release|Any CPU
		{5ABF1179-299D-4127-A8AB-69AB13A79A26}.Debug|Any CPU.ActiveCfg = Debug|Any CPU
		{5ABF1179-299D-4127-A8AB-69AB13A79A26}.Debug|Any CPU.Build.0 = Debug|Any CPU
		{5ABF1179-299D-4127-A8AB-69AB13A79A26}.Debug|x86.ActiveCfg = Debug|Any CPU
		{5ABF1179-299D-4127-A8AB-69AB13A79A26}.Debug|x86.Build.0 = Debug|Any CPU
		{5ABF1179-299D-4127-A8AB-69AB13A79A26}.Release|Any CPU.ActiveCfg = Release|Any CPU
		{5ABF1179-299D-4127-A8AB-69AB13A79A26}.Release|Any CPU.Build.0 = Release|Any CPU
		{5ABF1179-299D-4127-A8AB-69AB13A79A26}.Release|x86.ActiveCfg = Release|Any CPU
		{5ABF1179-299D-4127-A8AB-69AB13A79A26}.Release|x86.Build.0 = Release|Any CPU
		{28FD7F39-A70A-474C-BADA-E105587824B2}.Debug|Any CPU.ActiveCfg = Debug|Any CPU
		{28FD7F39-A70A-474C-BADA-E105587824B2}.Debug|Any CPU.Build.0 = Debug|Any CPU
		{28FD7F39-A70A-474C-BADA-E105587824B2}.Debug|x86.ActiveCfg = Debug|Any CPU
		{28FD7F39-A70A-474C-BADA-E105587824B2}.Debug|x86.Build.0 = Debug|Any CPU
		{28FD7F39-A70A-474C-BADA-E105587824B2}.Release|Any CPU.ActiveCfg = Release|Any CPU
		{28FD7F39-A70A-474C-BADA-E105587824B2}.Release|Any CPU.Build.0 = Release|Any CPU
		{28FD7F39-A70A-474C-BADA-E105587824B2}.Release|x86.ActiveCfg = Release|Any CPU
		{28FD7F39-A70A-474C-BADA-E105587824B2}.Release|x86.Build.0 = Release|Any CPU
		{3BB4E2CE-234E-4197-A45C-9854B007F8D9}.Debug|Any CPU.ActiveCfg = Debug|Any CPU
		{3BB4E2CE-234E-4197-A45C-9854B007F8D9}.Debug|Any CPU.Build.0 = Debug|Any CPU
		{3BB4E2CE-234E-4197-A45C-9854B007F8D9}.Debug|x86.ActiveCfg = Debug|Any CPU
		{3BB4E2CE-234E-4197-A45C-9854B007F8D9}.Debug|x86.Build.0 = Debug|Any CPU
		{3BB4E2CE-234E-4197-A45C-9854B007F8D9}.Release|Any CPU.ActiveCfg = Release|Any CPU
		{3BB4E2CE-234E-4197-A45C-9854B007F8D9}.Release|Any CPU.Build.0 = Release|Any CPU
		{3BB4E2CE-234E-4197-A45C-9854B007F8D9}.Release|x86.ActiveCfg = Release|Any CPU
		{3BB4E2CE-234E-4197-A45C-9854B007F8D9}.Release|x86.Build.0 = Release|Any CPU
		{8A17595E-9540-41F1-BB0A-49BD6751DCD2}.Debug|Any CPU.ActiveCfg = Debug|Any CPU
		{8A17595E-9540-41F1-BB0A-49BD6751DCD2}.Debug|Any CPU.Build.0 = Debug|Any CPU
		{8A17595E-9540-41F1-BB0A-49BD6751DCD2}.Debug|x86.ActiveCfg = Debug|Any CPU
		{8A17595E-9540-41F1-BB0A-49BD6751DCD2}.Debug|x86.Build.0 = Debug|Any CPU
		{8A17595E-9540-41F1-BB0A-49BD6751DCD2}.Release|Any CPU.ActiveCfg = Release|Any CPU
		{8A17595E-9540-41F1-BB0A-49BD6751DCD2}.Release|Any CPU.Build.0 = Release|Any CPU
		{8A17595E-9540-41F1-BB0A-49BD6751DCD2}.Release|x86.ActiveCfg = Release|Any CPU
		{8A17595E-9540-41F1-BB0A-49BD6751DCD2}.Release|x86.Build.0 = Release|Any CPU
		{D205EDE2-29D5-463D-8974-AC0E1C6DE6EC}.Debug|Any CPU.ActiveCfg = Debug|Any CPU
		{D205EDE2-29D5-463D-8974-AC0E1C6DE6EC}.Debug|Any CPU.Build.0 = Debug|Any CPU
		{D205EDE2-29D5-463D-8974-AC0E1C6DE6EC}.Debug|x86.ActiveCfg = Debug|Any CPU
		{D205EDE2-29D5-463D-8974-AC0E1C6DE6EC}.Debug|x86.Build.0 = Debug|Any CPU
		{D205EDE2-29D5-463D-8974-AC0E1C6DE6EC}.Release|Any CPU.ActiveCfg = Release|Any CPU
		{D205EDE2-29D5-463D-8974-AC0E1C6DE6EC}.Release|Any CPU.Build.0 = Release|Any CPU
		{D205EDE2-29D5-463D-8974-AC0E1C6DE6EC}.Release|x86.ActiveCfg = Release|Any CPU
		{D205EDE2-29D5-463D-8974-AC0E1C6DE6EC}.Release|x86.Build.0 = Release|Any CPU
		{499E391B-BD4C-4DD6-9321-626ED36D97AA}.Debug|Any CPU.ActiveCfg = Debug|Any CPU
		{499E391B-BD4C-4DD6-9321-626ED36D97AA}.Debug|Any CPU.Build.0 = Debug|Any CPU
		{499E391B-BD4C-4DD6-9321-626ED36D97AA}.Debug|x86.ActiveCfg = Debug|Any CPU
		{499E391B-BD4C-4DD6-9321-626ED36D97AA}.Debug|x86.Build.0 = Debug|Any CPU
		{499E391B-BD4C-4DD6-9321-626ED36D97AA}.Release|Any CPU.ActiveCfg = Release|Any CPU
		{499E391B-BD4C-4DD6-9321-626ED36D97AA}.Release|Any CPU.Build.0 = Release|Any CPU
		{499E391B-BD4C-4DD6-9321-626ED36D97AA}.Release|x86.ActiveCfg = Release|Any CPU
		{499E391B-BD4C-4DD6-9321-626ED36D97AA}.Release|x86.Build.0 = Release|Any CPU
		{C8650485-53D8-45CA-B886-D15EBDCA00E1}.Debug|Any CPU.ActiveCfg = Debug|Any CPU
		{C8650485-53D8-45CA-B886-D15EBDCA00E1}.Debug|Any CPU.Build.0 = Debug|Any CPU
		{C8650485-53D8-45CA-B886-D15EBDCA00E1}.Debug|x86.ActiveCfg = Debug|Any CPU
		{C8650485-53D8-45CA-B886-D15EBDCA00E1}.Debug|x86.Build.0 = Debug|Any CPU
		{C8650485-53D8-45CA-B886-D15EBDCA00E1}.Release|Any CPU.ActiveCfg = Release|Any CPU
		{C8650485-53D8-45CA-B886-D15EBDCA00E1}.Release|Any CPU.Build.0 = Release|Any CPU
		{C8650485-53D8-45CA-B886-D15EBDCA00E1}.Release|x86.ActiveCfg = Release|Any CPU
		{C8650485-53D8-45CA-B886-D15EBDCA00E1}.Release|x86.Build.0 = Release|Any CPU
		{4B9619AC-3D46-456B-BE3A-4A1BFA643228}.Debug|Any CPU.ActiveCfg = Debug|Any CPU
		{4B9619AC-3D46-456B-BE3A-4A1BFA643228}.Debug|Any CPU.Build.0 = Debug|Any CPU
		{4B9619AC-3D46-456B-BE3A-4A1BFA643228}.Debug|x86.ActiveCfg = Debug|Any CPU
		{4B9619AC-3D46-456B-BE3A-4A1BFA643228}.Debug|x86.Build.0 = Debug|Any CPU
		{4B9619AC-3D46-456B-BE3A-4A1BFA643228}.Release|Any CPU.ActiveCfg = Release|Any CPU
		{4B9619AC-3D46-456B-BE3A-4A1BFA643228}.Release|Any CPU.Build.0 = Release|Any CPU
		{4B9619AC-3D46-456B-BE3A-4A1BFA643228}.Release|x86.ActiveCfg = Release|Any CPU
		{4B9619AC-3D46-456B-BE3A-4A1BFA643228}.Release|x86.Build.0 = Release|Any CPU
		{DA834EC2-8AF8-4BFF-AA57-63D3C7E5EE0A}.Debug|Any CPU.ActiveCfg = Debug|Any CPU
		{DA834EC2-8AF8-4BFF-AA57-63D3C7E5EE0A}.Debug|Any CPU.Build.0 = Debug|Any CPU
		{DA834EC2-8AF8-4BFF-AA57-63D3C7E5EE0A}.Debug|x86.ActiveCfg = Debug|Any CPU
		{DA834EC2-8AF8-4BFF-AA57-63D3C7E5EE0A}.Debug|x86.Build.0 = Debug|Any CPU
		{DA834EC2-8AF8-4BFF-AA57-63D3C7E5EE0A}.Release|Any CPU.ActiveCfg = Release|Any CPU
		{DA834EC2-8AF8-4BFF-AA57-63D3C7E5EE0A}.Release|Any CPU.Build.0 = Release|Any CPU
		{DA834EC2-8AF8-4BFF-AA57-63D3C7E5EE0A}.Release|x86.ActiveCfg = Release|Any CPU
		{DA834EC2-8AF8-4BFF-AA57-63D3C7E5EE0A}.Release|x86.Build.0 = Release|Any CPU
		{24E216F3-6976-4AB8-9F7B-D040698749C0}.Debug|Any CPU.ActiveCfg = Debug|Any CPU
		{24E216F3-6976-4AB8-9F7B-D040698749C0}.Debug|Any CPU.Build.0 = Debug|Any CPU
		{24E216F3-6976-4AB8-9F7B-D040698749C0}.Debug|x86.ActiveCfg = Debug|Any CPU
		{24E216F3-6976-4AB8-9F7B-D040698749C0}.Debug|x86.Build.0 = Debug|Any CPU
		{24E216F3-6976-4AB8-9F7B-D040698749C0}.Release|Any CPU.ActiveCfg = Release|Any CPU
		{24E216F3-6976-4AB8-9F7B-D040698749C0}.Release|Any CPU.Build.0 = Release|Any CPU
		{24E216F3-6976-4AB8-9F7B-D040698749C0}.Release|x86.ActiveCfg = Release|Any CPU
		{24E216F3-6976-4AB8-9F7B-D040698749C0}.Release|x86.Build.0 = Release|Any CPU
		{328B64B7-0E16-4A4B-9A92-7A91E15AB81A}.Debug|Any CPU.ActiveCfg = Debug|Any CPU
		{328B64B7-0E16-4A4B-9A92-7A91E15AB81A}.Debug|Any CPU.Build.0 = Debug|Any CPU
		{328B64B7-0E16-4A4B-9A92-7A91E15AB81A}.Debug|x86.ActiveCfg = Debug|Any CPU
		{328B64B7-0E16-4A4B-9A92-7A91E15AB81A}.Debug|x86.Build.0 = Debug|Any CPU
		{328B64B7-0E16-4A4B-9A92-7A91E15AB81A}.Release|Any CPU.ActiveCfg = Release|Any CPU
		{328B64B7-0E16-4A4B-9A92-7A91E15AB81A}.Release|Any CPU.Build.0 = Release|Any CPU
		{328B64B7-0E16-4A4B-9A92-7A91E15AB81A}.Release|x86.ActiveCfg = Release|Any CPU
		{328B64B7-0E16-4A4B-9A92-7A91E15AB81A}.Release|x86.Build.0 = Release|Any CPU
		{9C9596E0-81FC-43CE-9300-7056131FC650}.Debug|Any CPU.ActiveCfg = Debug|Any CPU
		{9C9596E0-81FC-43CE-9300-7056131FC650}.Debug|Any CPU.Build.0 = Debug|Any CPU
		{9C9596E0-81FC-43CE-9300-7056131FC650}.Debug|x86.ActiveCfg = Debug|Any CPU
		{9C9596E0-81FC-43CE-9300-7056131FC650}.Debug|x86.Build.0 = Debug|Any CPU
		{9C9596E0-81FC-43CE-9300-7056131FC650}.Release|Any CPU.ActiveCfg = Release|Any CPU
		{9C9596E0-81FC-43CE-9300-7056131FC650}.Release|Any CPU.Build.0 = Release|Any CPU
		{9C9596E0-81FC-43CE-9300-7056131FC650}.Release|x86.ActiveCfg = Release|Any CPU
		{9C9596E0-81FC-43CE-9300-7056131FC650}.Release|x86.Build.0 = Release|Any CPU
		{00486638-7E2C-4E1D-89BF-C7D78C1254B7}.Debug|Any CPU.ActiveCfg = Debug|Any CPU
		{00486638-7E2C-4E1D-89BF-C7D78C1254B7}.Debug|Any CPU.Build.0 = Debug|Any CPU
		{00486638-7E2C-4E1D-89BF-C7D78C1254B7}.Debug|x86.ActiveCfg = Debug|Any CPU
		{00486638-7E2C-4E1D-89BF-C7D78C1254B7}.Debug|x86.Build.0 = Debug|Any CPU
		{00486638-7E2C-4E1D-89BF-C7D78C1254B7}.Release|Any CPU.ActiveCfg = Release|Any CPU
		{00486638-7E2C-4E1D-89BF-C7D78C1254B7}.Release|Any CPU.Build.0 = Release|Any CPU
		{00486638-7E2C-4E1D-89BF-C7D78C1254B7}.Release|x86.ActiveCfg = Release|Any CPU
		{00486638-7E2C-4E1D-89BF-C7D78C1254B7}.Release|x86.Build.0 = Release|Any CPU
		{3559BBB0-FC49-4096-8A98-A1136BFDFB5E}.Debug|Any CPU.ActiveCfg = Debug|Any CPU
		{3559BBB0-FC49-4096-8A98-A1136BFDFB5E}.Debug|Any CPU.Build.0 = Debug|Any CPU
		{3559BBB0-FC49-4096-8A98-A1136BFDFB5E}.Debug|x86.ActiveCfg = Debug|Any CPU
		{3559BBB0-FC49-4096-8A98-A1136BFDFB5E}.Debug|x86.Build.0 = Debug|Any CPU
		{3559BBB0-FC49-4096-8A98-A1136BFDFB5E}.Release|Any CPU.ActiveCfg = Release|Any CPU
		{3559BBB0-FC49-4096-8A98-A1136BFDFB5E}.Release|Any CPU.Build.0 = Release|Any CPU
		{3559BBB0-FC49-4096-8A98-A1136BFDFB5E}.Release|x86.ActiveCfg = Release|Any CPU
		{3559BBB0-FC49-4096-8A98-A1136BFDFB5E}.Release|x86.Build.0 = Release|Any CPU
		{E09ADD25-C163-4B12-AD29-A7CFBA95653F}.Debug|Any CPU.ActiveCfg = Debug|Any CPU
		{E09ADD25-C163-4B12-AD29-A7CFBA95653F}.Debug|Any CPU.Build.0 = Debug|Any CPU
		{E09ADD25-C163-4B12-AD29-A7CFBA95653F}.Debug|x86.ActiveCfg = Debug|Any CPU
		{E09ADD25-C163-4B12-AD29-A7CFBA95653F}.Debug|x86.Build.0 = Debug|Any CPU
		{E09ADD25-C163-4B12-AD29-A7CFBA95653F}.Release|Any CPU.ActiveCfg = Release|Any CPU
		{E09ADD25-C163-4B12-AD29-A7CFBA95653F}.Release|Any CPU.Build.0 = Release|Any CPU
		{E09ADD25-C163-4B12-AD29-A7CFBA95653F}.Release|x86.ActiveCfg = Release|Any CPU
		{E09ADD25-C163-4B12-AD29-A7CFBA95653F}.Release|x86.Build.0 = Release|Any CPU
		{F4396AC4-A78E-42C8-8A24-EECCD072E023}.Debug|Any CPU.ActiveCfg = Debug|Any CPU
		{F4396AC4-A78E-42C8-8A24-EECCD072E023}.Debug|Any CPU.Build.0 = Debug|Any CPU
		{F4396AC4-A78E-42C8-8A24-EECCD072E023}.Debug|x86.ActiveCfg = Debug|Any CPU
		{F4396AC4-A78E-42C8-8A24-EECCD072E023}.Debug|x86.Build.0 = Debug|Any CPU
		{F4396AC4-A78E-42C8-8A24-EECCD072E023}.Release|Any CPU.ActiveCfg = Release|Any CPU
		{F4396AC4-A78E-42C8-8A24-EECCD072E023}.Release|Any CPU.Build.0 = Release|Any CPU
		{F4396AC4-A78E-42C8-8A24-EECCD072E023}.Release|x86.ActiveCfg = Release|Any CPU
		{F4396AC4-A78E-42C8-8A24-EECCD072E023}.Release|x86.Build.0 = Release|Any CPU
		{FCDBCF75-02EF-49BC-839D-A0D4CBF5A895}.Debug|Any CPU.ActiveCfg = Debug|Any CPU
		{FCDBCF75-02EF-49BC-839D-A0D4CBF5A895}.Debug|Any CPU.Build.0 = Debug|Any CPU
		{FCDBCF75-02EF-49BC-839D-A0D4CBF5A895}.Debug|x86.ActiveCfg = Debug|Any CPU
		{FCDBCF75-02EF-49BC-839D-A0D4CBF5A895}.Debug|x86.Build.0 = Debug|Any CPU
		{FCDBCF75-02EF-49BC-839D-A0D4CBF5A895}.Release|Any CPU.ActiveCfg = Release|Any CPU
		{FCDBCF75-02EF-49BC-839D-A0D4CBF5A895}.Release|Any CPU.Build.0 = Release|Any CPU
		{FCDBCF75-02EF-49BC-839D-A0D4CBF5A895}.Release|x86.ActiveCfg = Release|Any CPU
		{FCDBCF75-02EF-49BC-839D-A0D4CBF5A895}.Release|x86.Build.0 = Release|Any CPU
		{6F6C5C65-730B-4BD7-A7FB-E97723CC92F0}.Debug|Any CPU.ActiveCfg = Debug|Any CPU
		{6F6C5C65-730B-4BD7-A7FB-E97723CC92F0}.Debug|Any CPU.Build.0 = Debug|Any CPU
		{6F6C5C65-730B-4BD7-A7FB-E97723CC92F0}.Debug|x86.ActiveCfg = Debug|Any CPU
		{6F6C5C65-730B-4BD7-A7FB-E97723CC92F0}.Debug|x86.Build.0 = Debug|Any CPU
		{6F6C5C65-730B-4BD7-A7FB-E97723CC92F0}.Release|Any CPU.ActiveCfg = Release|Any CPU
		{6F6C5C65-730B-4BD7-A7FB-E97723CC92F0}.Release|Any CPU.Build.0 = Release|Any CPU
		{6F6C5C65-730B-4BD7-A7FB-E97723CC92F0}.Release|x86.ActiveCfg = Release|Any CPU
		{6F6C5C65-730B-4BD7-A7FB-E97723CC92F0}.Release|x86.Build.0 = Release|Any CPU
		{7A6CD482-5342-4508-A968-85BE495B6DF9}.Debug|Any CPU.ActiveCfg = Debug|Any CPU
		{7A6CD482-5342-4508-A968-85BE495B6DF9}.Debug|Any CPU.Build.0 = Debug|Any CPU
		{7A6CD482-5342-4508-A968-85BE495B6DF9}.Debug|x86.ActiveCfg = Debug|Any CPU
		{7A6CD482-5342-4508-A968-85BE495B6DF9}.Debug|x86.Build.0 = Debug|Any CPU
		{7A6CD482-5342-4508-A968-85BE495B6DF9}.Release|Any CPU.ActiveCfg = Release|Any CPU
		{7A6CD482-5342-4508-A968-85BE495B6DF9}.Release|Any CPU.Build.0 = Release|Any CPU
		{7A6CD482-5342-4508-A968-85BE495B6DF9}.Release|x86.ActiveCfg = Release|Any CPU
		{7A6CD482-5342-4508-A968-85BE495B6DF9}.Release|x86.Build.0 = Release|Any CPU
		{2EDAD9F3-364F-4D67-824F-4851577CA29D}.Debug|Any CPU.ActiveCfg = Debug|Any CPU
		{2EDAD9F3-364F-4D67-824F-4851577CA29D}.Debug|Any CPU.Build.0 = Debug|Any CPU
		{2EDAD9F3-364F-4D67-824F-4851577CA29D}.Debug|x86.ActiveCfg = Debug|Any CPU
		{2EDAD9F3-364F-4D67-824F-4851577CA29D}.Debug|x86.Build.0 = Debug|Any CPU
		{2EDAD9F3-364F-4D67-824F-4851577CA29D}.Release|Any CPU.ActiveCfg = Release|Any CPU
		{2EDAD9F3-364F-4D67-824F-4851577CA29D}.Release|Any CPU.Build.0 = Release|Any CPU
		{2EDAD9F3-364F-4D67-824F-4851577CA29D}.Release|x86.ActiveCfg = Release|Any CPU
		{2EDAD9F3-364F-4D67-824F-4851577CA29D}.Release|x86.Build.0 = Release|Any CPU
		{E192FA70-01B6-410D-92DB-33C440272239}.Debug|Any CPU.ActiveCfg = Debug|Any CPU
		{E192FA70-01B6-410D-92DB-33C440272239}.Debug|Any CPU.Build.0 = Debug|Any CPU
		{E192FA70-01B6-410D-92DB-33C440272239}.Debug|x86.ActiveCfg = Debug|Any CPU
		{E192FA70-01B6-410D-92DB-33C440272239}.Debug|x86.Build.0 = Debug|Any CPU
		{E192FA70-01B6-410D-92DB-33C440272239}.Release|Any CPU.ActiveCfg = Release|Any CPU
		{E192FA70-01B6-410D-92DB-33C440272239}.Release|Any CPU.Build.0 = Release|Any CPU
		{E192FA70-01B6-410D-92DB-33C440272239}.Release|x86.ActiveCfg = Release|Any CPU
		{E192FA70-01B6-410D-92DB-33C440272239}.Release|x86.Build.0 = Release|Any CPU
		{73DF0CC0-24F6-47C2-AEC5-3E2574FD00C9}.Debug|Any CPU.ActiveCfg = Debug|Any CPU
		{73DF0CC0-24F6-47C2-AEC5-3E2574FD00C9}.Debug|Any CPU.Build.0 = Debug|Any CPU
		{73DF0CC0-24F6-47C2-AEC5-3E2574FD00C9}.Debug|x86.ActiveCfg = Debug|Any CPU
		{73DF0CC0-24F6-47C2-AEC5-3E2574FD00C9}.Debug|x86.Build.0 = Debug|Any CPU
		{73DF0CC0-24F6-47C2-AEC5-3E2574FD00C9}.Release|Any CPU.ActiveCfg = Release|Any CPU
		{73DF0CC0-24F6-47C2-AEC5-3E2574FD00C9}.Release|Any CPU.Build.0 = Release|Any CPU
		{73DF0CC0-24F6-47C2-AEC5-3E2574FD00C9}.Release|x86.ActiveCfg = Release|Any CPU
		{73DF0CC0-24F6-47C2-AEC5-3E2574FD00C9}.Release|x86.Build.0 = Release|Any CPU
		{69239C02-27DE-4961-87E4-711F7CABAF93}.Debug|Any CPU.ActiveCfg = Debug|Any CPU
		{69239C02-27DE-4961-87E4-711F7CABAF93}.Debug|Any CPU.Build.0 = Debug|Any CPU
		{69239C02-27DE-4961-87E4-711F7CABAF93}.Debug|x86.ActiveCfg = Debug|Any CPU
		{69239C02-27DE-4961-87E4-711F7CABAF93}.Debug|x86.Build.0 = Debug|Any CPU
		{69239C02-27DE-4961-87E4-711F7CABAF93}.Release|Any CPU.ActiveCfg = Release|Any CPU
		{69239C02-27DE-4961-87E4-711F7CABAF93}.Release|Any CPU.Build.0 = Release|Any CPU
		{69239C02-27DE-4961-87E4-711F7CABAF93}.Release|x86.ActiveCfg = Release|Any CPU
		{69239C02-27DE-4961-87E4-711F7CABAF93}.Release|x86.Build.0 = Release|Any CPU
		{BFF6B6F5-ADDA-4A43-81F2-CC4F2E6BE141}.Debug|Any CPU.ActiveCfg = Debug|x86
		{BFF6B6F5-ADDA-4A43-81F2-CC4F2E6BE141}.Debug|x86.ActiveCfg = Debug|x86
		{BFF6B6F5-ADDA-4A43-81F2-CC4F2E6BE141}.Debug|x86.Build.0 = Debug|x86
		{BFF6B6F5-ADDA-4A43-81F2-CC4F2E6BE141}.Release|Any CPU.ActiveCfg = Release|x86
		{BFF6B6F5-ADDA-4A43-81F2-CC4F2E6BE141}.Release|x86.ActiveCfg = Release|x86
		{BFF6B6F5-ADDA-4A43-81F2-CC4F2E6BE141}.Release|x86.Build.0 = Release|x86
		{0DA29309-80A1-4E61-9B15-2889C1A5D103}.Debug|Any CPU.ActiveCfg = Debug|Any CPU
		{0DA29309-80A1-4E61-9B15-2889C1A5D103}.Debug|Any CPU.Build.0 = Debug|Any CPU
		{0DA29309-80A1-4E61-9B15-2889C1A5D103}.Debug|x86.ActiveCfg = Debug|Any CPU
		{0DA29309-80A1-4E61-9B15-2889C1A5D103}.Debug|x86.Build.0 = Debug|Any CPU
		{0DA29309-80A1-4E61-9B15-2889C1A5D103}.Release|Any CPU.ActiveCfg = Release|Any CPU
		{0DA29309-80A1-4E61-9B15-2889C1A5D103}.Release|Any CPU.Build.0 = Release|Any CPU
		{0DA29309-80A1-4E61-9B15-2889C1A5D103}.Release|x86.ActiveCfg = Release|Any CPU
		{0DA29309-80A1-4E61-9B15-2889C1A5D103}.Release|x86.Build.0 = Release|Any CPU
	EndGlobalSection
	GlobalSection(SolutionProperties) = preSolution
		HideSolutionNode = FALSE
	EndGlobalSection
	GlobalSection(NestedProjects) = preSolution
		{D5E4BE03-DC8F-4508-B584-9D8F267254E6} = {AA7174FA-7935-4017-A46B-7AA6AB2EFB11}
		{1B020C3F-6168-4143-9F9C-149A2A88402B} = {AA7174FA-7935-4017-A46B-7AA6AB2EFB11}
		{7D26F71D-11F8-46AF-83C2-65EE15F72998} = {F4FE7473-73E5-4BF8-93FF-56074CACDF6F}
		{35EF64F6-0C7E-4F7A-B9CD-D06E32F29C7F} = {F4FE7473-73E5-4BF8-93FF-56074CACDF6F}
		{E511A804-8B62-4E34-B204-9A159EA9FF17} = {6F24857E-0CA7-4916-8F7C-79D00840A3A0}
		{0E3F7212-01AF-43BE-8506-C48861B742E2} = {6F24857E-0CA7-4916-8F7C-79D00840A3A0}
		{468B5A37-54FC-4A03-AFD9-C4EAD3A31826} = {2C13D1E1-7630-4C0C-815A-74B778A05572}
		{7E887BDE-0A99-4E72-BE7E-7EE29A0EB4BE} = {2C13D1E1-7630-4C0C-815A-74B778A05572}
		{5717E9B7-BAD9-4FB9-BF24-058D576AE019} = {C49B2202-B8D8-4F4F-A578-4567538418D0}
		{0EABE2A0-D561-4CA0-9B93-19B131DF7119} = {C49B2202-B8D8-4F4F-A578-4567538418D0}
		{C54A58C9-C27D-45FD-9DAF-5542538AAACE} = {35B647D5-1B4A-4246-A690-C461BCB0B456}
		{DEF605F0-7038-4844-96FF-E4905EEE6F48} = {35B647D5-1B4A-4246-A690-C461BCB0B456}
		{F31D7F0A-88AB-4A19-8A09-1A6AE40FEF46} = {A0D5D831-F8F4-4E4D-A37D-0BA62B14E473}
		{5C00D0C7-8300-4DCF-938D-F9577BAB6F13} = {A0D5D831-F8F4-4E4D-A37D-0BA62B14E473}
		{B43A3117-FF31-4AC2-AC67-376829742A33} = {69ABD8E6-F121-4A74-A35A-608CCEC95109}
		{154CF44C-F3A5-443B-820A-E4A6C647D28C} = {69ABD8E6-F121-4A74-A35A-608CCEC95109}
		{C43AFC07-8BAE-4530-B77A-7A917DF85B65} = {FF4FBCC9-2E03-4C9E-96C8-0D6C11F8D63B}
		{625ADBCA-EE66-4245-83A3-583A5AA62E6F} = {FF4FBCC9-2E03-4C9E-96C8-0D6C11F8D63B}
		{F1272CD6-5403-4F8B-95F4-4F5E6616C255} = {EE21A295-F071-4F3E-A50F-8562F6E3A7A4}
		{5977EB9C-164C-484B-8DA9-C8D0F99C14E1} = {EE21A295-F071-4F3E-A50F-8562F6E3A7A4}
		{05AEBE97-4139-47EC-A4F0-61601DE02FB0} = {DBDB9368-17D2-4C4B-9844-A3028199CCBD}
		{72865553-4A14-48BC-A907-8C03EA48CC96} = {DBDB9368-17D2-4C4B-9844-A3028199CCBD}
		{79211929-6AED-424E-9980-DEE078356B99} = {EC9CD2E1-0C80-46D0-9BE0-F00DF390194D}
		{DB1CD796-60DD-4E39-A5B0-881E67556722} = {EC9CD2E1-0C80-46D0-9BE0-F00DF390194D}
		{E7B2602D-EE11-48F2-959B-4FA34B484BA0} = {4D8697E5-571F-4260-9A70-B594BC5B99C3}
		{5ABF1179-299D-4127-A8AB-69AB13A79A26} = {4D8697E5-571F-4260-9A70-B594BC5B99C3}
		{28FD7F39-A70A-474C-BADA-E105587824B2} = {252C9F51-D143-44CA-8934-606E09EEAEE7}
		{3BB4E2CE-234E-4197-A45C-9854B007F8D9} = {252C9F51-D143-44CA-8934-606E09EEAEE7}
		{8A17595E-9540-41F1-BB0A-49BD6751DCD2} = {4A31D404-43B9-4128-A2C4-3641EB3A42D8}
		{D205EDE2-29D5-463D-8974-AC0E1C6DE6EC} = {4A31D404-43B9-4128-A2C4-3641EB3A42D8}
		{499E391B-BD4C-4DD6-9321-626ED36D97AA} = {ED42E31F-66DE-442E-BF04-8D32A72B78EB}
		{C8650485-53D8-45CA-B886-D15EBDCA00E1} = {ED42E31F-66DE-442E-BF04-8D32A72B78EB}
		{4B9619AC-3D46-456B-BE3A-4A1BFA643228} = {4517BD61-567C-4F2C-A6C4-636CB4567993}
		{DA834EC2-8AF8-4BFF-AA57-63D3C7E5EE0A} = {4517BD61-567C-4F2C-A6C4-636CB4567993}
		{24E216F3-6976-4AB8-9F7B-D040698749C0} = {06BACD0B-95C2-49C5-A6F9-1EEA2E5FC8BD}
		{328B64B7-0E16-4A4B-9A92-7A91E15AB81A} = {06BACD0B-95C2-49C5-A6F9-1EEA2E5FC8BD}
		{9C9596E0-81FC-43CE-9300-7056131FC650} = {8EC28F1A-C2D2-4BA4-A750-68E590311D44}
		{00486638-7E2C-4E1D-89BF-C7D78C1254B7} = {8EC28F1A-C2D2-4BA4-A750-68E590311D44}
		{3559BBB0-FC49-4096-8A98-A1136BFDFB5E} = {C87DB71E-85C8-4E6F-AFC5-68785BE497A3}
		{E09ADD25-C163-4B12-AD29-A7CFBA95653F} = {C87DB71E-85C8-4E6F-AFC5-68785BE497A3}
		{F4396AC4-A78E-42C8-8A24-EECCD072E023} = {C87DB71E-85C8-4E6F-AFC5-68785BE497A3}
		{FCDBCF75-02EF-49BC-839D-A0D4CBF5A895} = {C87DB71E-85C8-4E6F-AFC5-68785BE497A3}
		{6F6C5C65-730B-4BD7-A7FB-E97723CC92F0} = {C87DB71E-85C8-4E6F-AFC5-68785BE497A3}
		{7A6CD482-5342-4508-A968-85BE495B6DF9} = {C87DB71E-85C8-4E6F-AFC5-68785BE497A3}
		{2EDAD9F3-364F-4D67-824F-4851577CA29D} = {48C5BFB2-A585-4ED2-BFBF-087007218C2B}
		{E192FA70-01B6-410D-92DB-33C440272239} = {48C5BFB2-A585-4ED2-BFBF-087007218C2B}
		{73DF0CC0-24F6-47C2-AEC5-3E2574FD00C9} = {4BAF014F-D56B-4B00-8330-F784292A32AD}
		{69239C02-27DE-4961-87E4-711F7CABAF93} = {4BAF014F-D56B-4B00-8330-F784292A32AD}
		{BFF6B6F5-ADDA-4A43-81F2-CC4F2E6BE141} = {B30CC67C-9416-4B41-9BD9-FE337A8C2CFB}
		{0DA29309-80A1-4E61-9B15-2889C1A5D103} = {B30CC67C-9416-4B41-9BD9-FE337A8C2CFB}
	EndGlobalSection
	GlobalSection(ExtensibilityGlobals) = postSolution
		SolutionGuid = {A2D42621-37B2-4A88-B3C1-C8631AB2BC2C}
	EndGlobalSection
EndGlobal
