
Microsoft Visual Studio Solution File, Format Version 12.00
# Visual Studio Version 16
VisualStudioVersion = 16.0.29709.97
MinimumVisualStudioVersion = 10.0.40219.1
Project("{2150E333-8FDC-42A3-9474-1A3956D46DE8}") = "Hello World", "Hello World", "{146BA242-30CE-474C-AF2B-22A2DA140385}"
EndProject
Project("{778DAE3C-4631-46EA-AA77-85C1314464D9}") = "HelloWorld", "Hello World\HelloWorld.vbproj", "{39D64561-41C2-4391-8FF4-47C286EF66A7}"
EndProject
Project("{2150E333-8FDC-42A3-9474-1A3956D46DE8}") = "Common Uses", "Common Uses", "{89944B14-65AA-486C-8C7E-D43FAB0F7ACE}"
EndProject
Project("{778DAE3C-4631-46EA-AA77-85C1314464D9}") = "Convert", "Common Uses\Convert\Convert.vbproj", "{FDEF216E-D68D-4428-B48B-EB64196080C8}"
EndProject
Project("{778DAE3C-4631-46EA-AA77-85C1314464D9}") = "MergeFiles", "Common Uses\Merge Files\MergeFiles.vbproj", "{72008CDA-9CEA-4F9B-9333-18BD69EFED18}"
EndProject
Project("{778DAE3C-4631-46EA-AA77-85C1314464D9}") = "Reading", "Common Uses\Reading\Reading.vbproj", "{D54B764A-C171-4177-B484-547166C171E6}"
EndProject
Project("{778DAE3C-4631-46EA-AA77-85C1314464D9}") = "SplitFile", "Common Uses\Split File\SplitFile.vbproj", "{4F710E4C-A4FF-4B7B-B637-47572D9E2079}"
EndProject
Project("{2150E333-8FDC-42A3-9474-1A3956D46DE8}") = "Print", "Print", "{1EEFE7F7-3950-4820-98FA-F6A30D4DE55A}"
EndProject
Project("{778DAE3C-4631-46EA-AA77-85C1314464D9}") = "PrintInConsole", "Common Uses\Print\Print in Console\PrintInConsole.vbproj", "{AC7A3939-6E6B-4364-8B69-3E76BAAA778E}"
EndProject
Project("{F184B08F-C81C-45F6-A57F-5ABD9991F28F}") = "PrintInWinForms", "Common Uses\Print\Print in WinForms\PrintInWinForms.vbproj", "{FCDBCF75-02EF-49BC-839D-A0D4CBF5A895}"
EndProject
Project("{F184B08F-C81C-45F6-A57F-5ABD9991F28F}") = "PrintInWpf", "Common Uses\Print\Print in WPF\PrintInWpf.vbproj", "{7A6CD482-5342-4508-A968-85BE495B6DF9}"
EndProject
Project("{2150E333-8FDC-42A3-9474-1A3956D46DE8}") = "Basic Features", "Basic Features", "{26CF12E5-E73F-4811-95FD-A35C38265C56}"
EndProject
Project("{778DAE3C-4631-46EA-AA77-85C1314464D9}") = "Outlines", "Basic Features\Outlines\Outlines.vbproj", "{B82C176E-2859-43B2-8120-25E67EEE448C}"
EndProject
Project("{2150E333-8FDC-42A3-9474-1A3956D46DE8}") = "Advanced Features", "Advanced Features", "{9B8954FD-D06E-4131-AFCE-D6E39646208F}"
EndProject
Project("{778DAE3C-4631-46EA-AA77-85C1314464D9}") = "BasicObjects", "Advanced Features\Basic Objects\BasicObjects.vbproj", "{82ACF557-EF4F-48A0-9A75-A6C948A37707}"
EndProject
Project("{778DAE3C-4631-46EA-AA77-85C1314464D9}") = "PageTree", "Advanced Features\Page Tree\PageTree.vbproj", "{9EF954BC-057E-4FE8-B31C-F04E24844AB1}"
EndProject
Project("{2150E333-8FDC-42A3-9474-1A3956D46DE8}") = "Interactive Forms", "Interactive Forms", "{9B46ED74-89AE-47DC-90AA-0ED5C84AF296}"
EndProject
Project("{778DAE3C-4631-46EA-AA77-85C1314464D9}") = "ExportForm", "Interactive Forms\Export Form\ExportForm.vbproj", "{77D3D195-290E-49FA-9519-44434F0AEB43}"
EndProject
Project("{778DAE3C-4631-46EA-AA77-85C1314464D9}") = "FillinForm", "Interactive Forms\Fill in Form\FillinForm.vbproj", "{949604EA-EFFA-4288-8B48-AF7B108B4F4A}"
EndProject
Project("{778DAE3C-4631-46EA-AA77-85C1314464D9}") = "FormActions", "Interactive Forms\Form Actions\FormActions.vbproj", "{B419E7EE-FB3A-4B26-8F48-55A974E53440}"
EndProject
Project("{778DAE3C-4631-46EA-AA77-85C1314464D9}") = "ReadForm", "Interactive Forms\Read Form\ReadForm.vbproj", "{09BB109C-F7C1-4892-9FB0-9AA7823E35F1}"
EndProject
Project("{2150E333-8FDC-42A3-9474-1A3956D46DE8}") = "Security", "Security", "{73DC14F1-F478-4F6C-8E89-0372ADF469E7}"
EndProject
Project("{778DAE3C-4631-46EA-AA77-85C1314464D9}") = "DigitalSignature", "Security\Digital Signature\DigitalSignature.vbproj", "{44C73C6F-5967-4AA7-A522-3DE0C57497B6}"
EndProject
Project("{778DAE3C-4631-46EA-AA77-85C1314464D9}") = "Encryption", "Security\Encryption\Encryption.vbproj", "{2E13AC80-F8FC-4826-BF31-3467FA19A587}"
EndProject
Project("{778DAE3C-4631-46EA-AA77-85C1314464D9}") = "DigitalSignaturePAdES", "Security\Digital Signature PAdES\DigitalSignaturePAdES.vbproj", "{E457F5A7-563A-4230-B42B-47F4DB974F07}"
EndProject
Project("{778DAE3C-4631-46EA-AA77-85C1314464D9}") = "DigitalSignaturePKCS11", "Security\Digital Signature PKCS#11\DigitalSignaturePKCS11.vbproj", "{CB1517F6-052A-4417-8F18-48C247CC70CD}"
EndProject
Project("{778DAE3C-4631-46EA-AA77-85C1314464D9}") = "DigitalSignatureValidation", "Security\Digital Signature Validation\DigitalSignatureValidation.vbproj", "{819E2A3D-7118-4810-8C18-72BB9F46DA65}"
EndProject
Project("{778DAE3C-4631-46EA-AA77-85C1314464D9}") = "Writing", "Common Uses\Writing\Writing.vbproj", "{3750444D-D0DF-4A88-A2C8-7F517BFCC7A7}"
EndProject
Project("{778DAE3C-4631-46EA-AA77-85C1314464D9}") = "HeaderAndFooter", "Basic Features\Header and Footer\HeaderAndFooter.vbproj", "{70F5798C-858A-424D-BF04-44E7E5FF29BD}"
EndProject
Project("{778DAE3C-4631-46EA-AA77-85C1314464D9}") = "Watermarks", "Basic Features\Watermarks\Watermarks.vbproj", "{4FD02B30-F239-474A-889A-0F917DD1DD0E}"
EndProject
Project("{778DAE3C-4631-46EA-AA77-85C1314464D9}") = "PrivateFonts", "Advanced Features\Private Fonts\PrivateFonts.vbproj", "{2629D697-3ECA-4975-ACA4-B6808CEBA558}"
EndProject
Project("{2150E333-8FDC-42A3-9474-1A3956D46DE8}") = "Platforms", "Platforms", "{8D2FFB09-BD4F-4C1C-8D63-162421A37170}"
EndProject
Project("{778DAE3C-4631-46EA-AA77-85C1314464D9}") = "AzureFunction", "Platforms\Azure\AzureFunction.vbproj", "{6B3D493F-241B-4DF4-8A53-4434E201A5F0}"
EndProject
Project("{778DAE3C-4631-46EA-AA77-85C1314464D9}") = "PdfDocker", "Platforms\Docker\PdfDocker.vbproj", "{9BF6013C-B363-4BEE-9843-D7F361D5B520}"
EndProject
Project("{F184B08F-C81C-45F6-A57F-5ABD9991F28F}") = "WpfExportToImageSource", "Platforms\Export to ImageSource in WPF\WpfExportToImageSource.vbproj", "{69239C02-27DE-4961-87E4-711F7CABAF93}"
EndProject
Project("{F184B08F-C81C-45F6-A57F-5ABD9991F28F}") = "WpfExportToXpsDocument", "Platforms\Export to XpsDocument in WPF\WpfExportToXpsDocument.vbproj", "{0DA29309-80A1-4E61-9B15-2889C1A5D103}"
EndProject
Project("{778DAE3C-4631-46EA-AA77-85C1314464D9}") = "Cloning", "Advanced Features\Cloning\Cloning.vbproj", "{57D6934B-A2A4-4312-AC42-51C1F1E70C20}"
EndProject
Project("{778DAE3C-4631-46EA-AA77-85C1314464D9}") = "IncrementalUpdate", "Advanced Features\Incremental Update\IncrementalUpdate.vbproj", "{3C0B86BD-5DF1-4C9C-B876-E018601C7282}"
EndProject
Project("{778DAE3C-4631-46EA-AA77-85C1314464D9}") = "Images", "Basic Features\Images\Images.vbproj", "{3A566DAB-BAAF-49BC-ADCB-B475B18F89AF}"
EndProject
Project("{778DAE3C-4631-46EA-AA77-85C1314464D9}") = "Paths", "Basic Features\Paths\Paths.vbproj", "{F00C6C3F-67B8-4157-9045-ECB572FC2452}"
EndProject
Project("{778DAE3C-4631-46EA-AA77-85C1314464D9}") = "ContentFormatting", "Basic Features\Content Formatting\ContentFormatting.vbproj", "{9567C2BD-91DE-4043-A262-B840B143A79B}"
EndProject
Project("{778DAE3C-4631-46EA-AA77-85C1314464D9}") = "FormXObjects", "Advanced Features\Form XObjects\FormXObjects.vbproj", "{BC9CAEAE-6AF2-4D78-B8A7-07BEDEDF9BD4}"
EndProject
Project("{778DAE3C-4631-46EA-AA77-85C1314464D9}") = "ContentGroups", "Advanced Features\Content Groups\ContentGroups.vbproj", "{3686DA07-2706-43A5-9BA5-ED18441280E0}"
EndProject
Project("{778DAE3C-4631-46EA-AA77-85C1314464D9}") = "MarkedContent", "Advanced Features\Marked Content\MarkedContent.vbproj", "{39A97F4C-B6C2-49BA-9F87-4D9710F5917A}"
EndProject
Project("{778DAE3C-4631-46EA-AA77-85C1314464D9}") = "ViewerPreferences", "Advanced Features\Viewer Preferences\ViewerPreferences.vbproj", "{C876F439-6D70-43CA-88D5-6400A361D1EF}"
EndProject
Project("{778DAE3C-4631-46EA-AA77-85C1314464D9}") = "DocumentProperties", "Basic Features\Document Properties\DocumentProperties.vbproj", "{37F2EF51-94D1-4F02-A75C-222981DD8E4C}"
EndProject
Project("{778DAE3C-4631-46EA-AA77-85C1314464D9}") = "ContentStreamsAndResources", "Advanced Features\Content Streams And Resources\ContentStreamsAndResources.vbproj", "{D50B4A85-5921-4B65-A092-85CC1497C930}"
EndProject
Project("{778DAE3C-4631-46EA-AA77-85C1314464D9}") = "CreateForm", "Interactive Forms\Create Form\CreateForm.vbproj", "{4EB4ADAC-6227-42B5-95A1-BF4176B8D5AA}"
EndProject
Project("{778DAE3C-4631-46EA-AA77-85C1314464D9}") = "Hyperlinks", "Basic Features\Hyperlinks\Hyperlinks.vbproj", "{12FFDD43-5646-4DAF-A8E6-B918A6ACAF21}"
EndProject
Project("{778DAE3C-4631-46EA-AA77-85C1314464D9}") = "FlattenForm", "Interactive Forms\Flatten Form\FlattenForm.vbproj", "{FDB19590-8CB1-4734-AE4F-754A932B999E}"
EndProject
Project("{2150E333-8FDC-42A3-9474-1A3956D46DE8}") = "Attachments", "Attachments", "{7C880134-8B05-4048-8C7A-B67A4A7731C1}"
EndProject
Project("{778DAE3C-4631-46EA-AA77-85C1314464D9}") = "EmbeddedFiles", "Attachments\Embedded Files\EmbeddedFiles.vbproj", "{67B352BA-3D26-4CF9-9102-0DC015C5C0F1}"
EndProject
Project("{778DAE3C-4631-46EA-AA77-85C1314464D9}") = "FileAttachmentAnnotations", "Attachments\File Attachment Annotations\FileAttachmentAnnotations.vbproj", "{9784D421-B569-44D9-B84D-65BD9F42964A}"
EndProject
Project("{778DAE3C-4631-46EA-AA77-85C1314464D9}") = "Portfolios", "Attachments\Portfolios\Portfolios.vbproj", "{92C5C322-9710-4B2C-8774-75C8E27BBE44}"
EndProject
Project("{778DAE3C-4631-46EA-AA77-85C1314464D9}") = "AssociatedFiles", "Attachments\Associated Files\AssociatedFiles.vbproj", "{DB59D096-6B5F-4C20-A9F5-19C6BF37BC19}"
EndProject
Global
	GlobalSection(SolutionConfigurationPlatforms) = preSolution
		Debug|Any CPU = Debug|Any CPU
		Release|Any CPU = Release|Any CPU
	EndGlobalSection
	GlobalSection(ProjectConfigurationPlatforms) = postSolution
		{39D64561-41C2-4391-8FF4-47C286EF66A7}.Debug|Any CPU.ActiveCfg = Debug|Any CPU
		{39D64561-41C2-4391-8FF4-47C286EF66A7}.Debug|Any CPU.Build.0 = Debug|Any CPU
		{39D64561-41C2-4391-8FF4-47C286EF66A7}.Release|Any CPU.ActiveCfg = Release|Any CPU
		{39D64561-41C2-4391-8FF4-47C286EF66A7}.Release|Any CPU.Build.0 = Release|Any CPU
		{FDEF216E-D68D-4428-B48B-EB64196080C8}.Debug|Any CPU.ActiveCfg = Debug|Any CPU
		{FDEF216E-D68D-4428-B48B-EB64196080C8}.Debug|Any CPU.Build.0 = Debug|Any CPU
		{FDEF216E-D68D-4428-B48B-EB64196080C8}.Release|Any CPU.ActiveCfg = Release|Any CPU
		{FDEF216E-D68D-4428-B48B-EB64196080C8}.Release|Any CPU.Build.0 = Release|Any CPU
		{72008CDA-9CEA-4F9B-9333-18BD69EFED18}.Debug|Any CPU.ActiveCfg = Debug|Any CPU
		{72008CDA-9CEA-4F9B-9333-18BD69EFED18}.Debug|Any CPU.Build.0 = Debug|Any CPU
		{72008CDA-9CEA-4F9B-9333-18BD69EFED18}.Release|Any CPU.ActiveCfg = Release|Any CPU
		{72008CDA-9CEA-4F9B-9333-18BD69EFED18}.Release|Any CPU.Build.0 = Release|Any CPU
		{D54B764A-C171-4177-B484-547166C171E6}.Debug|Any CPU.ActiveCfg = Debug|Any CPU
		{D54B764A-C171-4177-B484-547166C171E6}.Debug|Any CPU.Build.0 = Debug|Any CPU
		{D54B764A-C171-4177-B484-547166C171E6}.Release|Any CPU.ActiveCfg = Release|Any CPU
		{D54B764A-C171-4177-B484-547166C171E6}.Release|Any CPU.Build.0 = Release|Any CPU
		{4F710E4C-A4FF-4B7B-B637-47572D9E2079}.Debug|Any CPU.ActiveCfg = Debug|Any CPU
		{4F710E4C-A4FF-4B7B-B637-47572D9E2079}.Debug|Any CPU.Build.0 = Debug|Any CPU
		{4F710E4C-A4FF-4B7B-B637-47572D9E2079}.Release|Any CPU.ActiveCfg = Release|Any CPU
		{4F710E4C-A4FF-4B7B-B637-47572D9E2079}.Release|Any CPU.Build.0 = Release|Any CPU
		{AC7A3939-6E6B-4364-8B69-3E76BAAA778E}.Debug|Any CPU.ActiveCfg = Debug|Any CPU
		{AC7A3939-6E6B-4364-8B69-3E76BAAA778E}.Debug|Any CPU.Build.0 = Debug|Any CPU
		{AC7A3939-6E6B-4364-8B69-3E76BAAA778E}.Release|Any CPU.ActiveCfg = Release|Any CPU
		{AC7A3939-6E6B-4364-8B69-3E76BAAA778E}.Release|Any CPU.Build.0 = Release|Any CPU
		{FCDBCF75-02EF-49BC-839D-A0D4CBF5A895}.Debug|Any CPU.ActiveCfg = Debug|Any CPU
		{FCDBCF75-02EF-49BC-839D-A0D4CBF5A895}.Debug|Any CPU.Build.0 = Debug|Any CPU
		{FCDBCF75-02EF-49BC-839D-A0D4CBF5A895}.Release|Any CPU.ActiveCfg = Release|Any CPU
		{FCDBCF75-02EF-49BC-839D-A0D4CBF5A895}.Release|Any CPU.Build.0 = Release|Any CPU
		{7A6CD482-5342-4508-A968-85BE495B6DF9}.Debug|Any CPU.ActiveCfg = Debug|Any CPU
		{7A6CD482-5342-4508-A968-85BE495B6DF9}.Debug|Any CPU.Build.0 = Debug|Any CPU
		{7A6CD482-5342-4508-A968-85BE495B6DF9}.Release|Any CPU.ActiveCfg = Release|Any CPU
		{7A6CD482-5342-4508-A968-85BE495B6DF9}.Release|Any CPU.Build.0 = Release|Any CPU
		{B82C176E-2859-43B2-8120-25E67EEE448C}.Debug|Any CPU.ActiveCfg = Debug|Any CPU
		{B82C176E-2859-43B2-8120-25E67EEE448C}.Debug|Any CPU.Build.0 = Debug|Any CPU
		{B82C176E-2859-43B2-8120-25E67EEE448C}.Release|Any CPU.ActiveCfg = Release|Any CPU
		{B82C176E-2859-43B2-8120-25E67EEE448C}.Release|Any CPU.Build.0 = Release|Any CPU
		{82ACF557-EF4F-48A0-9A75-A6C948A37707}.Debug|Any CPU.ActiveCfg = Debug|Any CPU
		{82ACF557-EF4F-48A0-9A75-A6C948A37707}.Debug|Any CPU.Build.0 = Debug|Any CPU
		{82ACF557-EF4F-48A0-9A75-A6C948A37707}.Release|Any CPU.ActiveCfg = Release|Any CPU
		{82ACF557-EF4F-48A0-9A75-A6C948A37707}.Release|Any CPU.Build.0 = Release|Any CPU
		{9EF954BC-057E-4FE8-B31C-F04E24844AB1}.Debug|Any CPU.ActiveCfg = Debug|Any CPU
		{9EF954BC-057E-4FE8-B31C-F04E24844AB1}.Debug|Any CPU.Build.0 = Debug|Any CPU
		{9EF954BC-057E-4FE8-B31C-F04E24844AB1}.Release|Any CPU.ActiveCfg = Release|Any CPU
		{9EF954BC-057E-4FE8-B31C-F04E24844AB1}.Release|Any CPU.Build.0 = Release|Any CPU
		{77D3D195-290E-49FA-9519-44434F0AEB43}.Debug|Any CPU.ActiveCfg = Debug|Any CPU
		{77D3D195-290E-49FA-9519-44434F0AEB43}.Debug|Any CPU.Build.0 = Debug|Any CPU
		{77D3D195-290E-49FA-9519-44434F0AEB43}.Release|Any CPU.ActiveCfg = Release|Any CPU
		{77D3D195-290E-49FA-9519-44434F0AEB43}.Release|Any CPU.Build.0 = Release|Any CPU
		{949604EA-EFFA-4288-8B48-AF7B108B4F4A}.Debug|Any CPU.ActiveCfg = Debug|Any CPU
		{949604EA-EFFA-4288-8B48-AF7B108B4F4A}.Debug|Any CPU.Build.0 = Debug|Any CPU
		{949604EA-EFFA-4288-8B48-AF7B108B4F4A}.Release|Any CPU.ActiveCfg = Release|Any CPU
		{949604EA-EFFA-4288-8B48-AF7B108B4F4A}.Release|Any CPU.Build.0 = Release|Any CPU
		{B419E7EE-FB3A-4B26-8F48-55A974E53440}.Debug|Any CPU.ActiveCfg = Debug|Any CPU
		{B419E7EE-FB3A-4B26-8F48-55A974E53440}.Debug|Any CPU.Build.0 = Debug|Any CPU
		{B419E7EE-FB3A-4B26-8F48-55A974E53440}.Release|Any CPU.ActiveCfg = Release|Any CPU
		{B419E7EE-FB3A-4B26-8F48-55A974E53440}.Release|Any CPU.Build.0 = Release|Any CPU
		{09BB109C-F7C1-4892-9FB0-9AA7823E35F1}.Debug|Any CPU.ActiveCfg = Debug|Any CPU
		{09BB109C-F7C1-4892-9FB0-9AA7823E35F1}.Debug|Any CPU.Build.0 = Debug|Any CPU
		{09BB109C-F7C1-4892-9FB0-9AA7823E35F1}.Release|Any CPU.ActiveCfg = Release|Any CPU
		{09BB109C-F7C1-4892-9FB0-9AA7823E35F1}.Release|Any CPU.Build.0 = Release|Any CPU
		{44C73C6F-5967-4AA7-A522-3DE0C57497B6}.Debug|Any CPU.ActiveCfg = Debug|Any CPU
		{44C73C6F-5967-4AA7-A522-3DE0C57497B6}.Debug|Any CPU.Build.0 = Debug|Any CPU
		{44C73C6F-5967-4AA7-A522-3DE0C57497B6}.Release|Any CPU.ActiveCfg = Release|Any CPU
		{44C73C6F-5967-4AA7-A522-3DE0C57497B6}.Release|Any CPU.Build.0 = Release|Any CPU
		{2E13AC80-F8FC-4826-BF31-3467FA19A587}.Debug|Any CPU.ActiveCfg = Debug|Any CPU
		{2E13AC80-F8FC-4826-BF31-3467FA19A587}.Debug|Any CPU.Build.0 = Debug|Any CPU
		{2E13AC80-F8FC-4826-BF31-3467FA19A587}.Release|Any CPU.ActiveCfg = Release|Any CPU
		{2E13AC80-F8FC-4826-BF31-3467FA19A587}.Release|Any CPU.Build.0 = Release|Any CPU
		{E457F5A7-563A-4230-B42B-47F4DB974F07}.Debug|Any CPU.ActiveCfg = Debug|Any CPU
		{E457F5A7-563A-4230-B42B-47F4DB974F07}.Debug|Any CPU.Build.0 = Debug|Any CPU
		{E457F5A7-563A-4230-B42B-47F4DB974F07}.Release|Any CPU.ActiveCfg = Release|Any CPU
		{E457F5A7-563A-4230-B42B-47F4DB974F07}.Release|Any CPU.Build.0 = Release|Any CPU
		{CB1517F6-052A-4417-8F18-48C247CC70CD}.Debug|Any CPU.ActiveCfg = Debug|Any CPU
		{CB1517F6-052A-4417-8F18-48C247CC70CD}.Debug|Any CPU.Build.0 = Debug|Any CPU
		{CB1517F6-052A-4417-8F18-48C247CC70CD}.Release|Any CPU.ActiveCfg = Release|Any CPU
		{CB1517F6-052A-4417-8F18-48C247CC70CD}.Release|Any CPU.Build.0 = Release|Any CPU
		{819E2A3D-7118-4810-8C18-72BB9F46DA65}.Debug|Any CPU.ActiveCfg = Debug|Any CPU
		{819E2A3D-7118-4810-8C18-72BB9F46DA65}.Debug|Any CPU.Build.0 = Debug|Any CPU
		{819E2A3D-7118-4810-8C18-72BB9F46DA65}.Release|Any CPU.ActiveCfg = Release|Any CPU
		{819E2A3D-7118-4810-8C18-72BB9F46DA65}.Release|Any CPU.Build.0 = Release|Any CPU
		{3750444D-D0DF-4A88-A2C8-7F517BFCC7A7}.Debug|Any CPU.ActiveCfg = Debug|Any CPU
		{3750444D-D0DF-4A88-A2C8-7F517BFCC7A7}.Debug|Any CPU.Build.0 = Debug|Any CPU
		{3750444D-D0DF-4A88-A2C8-7F517BFCC7A7}.Release|Any CPU.ActiveCfg = Release|Any CPU
		{3750444D-D0DF-4A88-A2C8-7F517BFCC7A7}.Release|Any CPU.Build.0 = Release|Any CPU
		{70F5798C-858A-424D-BF04-44E7E5FF29BD}.Debug|Any CPU.ActiveCfg = Debug|Any CPU
		{70F5798C-858A-424D-BF04-44E7E5FF29BD}.Debug|Any CPU.Build.0 = Debug|Any CPU
		{70F5798C-858A-424D-BF04-44E7E5FF29BD}.Release|Any CPU.ActiveCfg = Release|Any CPU
		{70F5798C-858A-424D-BF04-44E7E5FF29BD}.Release|Any CPU.Build.0 = Release|Any CPU
		{4FD02B30-F239-474A-889A-0F917DD1DD0E}.Debug|Any CPU.ActiveCfg = Debug|Any CPU
		{4FD02B30-F239-474A-889A-0F917DD1DD0E}.Debug|Any CPU.Build.0 = Debug|Any CPU
		{4FD02B30-F239-474A-889A-0F917DD1DD0E}.Release|Any CPU.ActiveCfg = Release|Any CPU
		{4FD02B30-F239-474A-889A-0F917DD1DD0E}.Release|Any CPU.Build.0 = Release|Any CPU
		{2629D697-3ECA-4975-ACA4-B6808CEBA558}.Debug|Any CPU.ActiveCfg = Debug|Any CPU
		{2629D697-3ECA-4975-ACA4-B6808CEBA558}.Debug|Any CPU.Build.0 = Debug|Any CPU
		{2629D697-3ECA-4975-ACA4-B6808CEBA558}.Release|Any CPU.ActiveCfg = Release|Any CPU
		{2629D697-3ECA-4975-ACA4-B6808CEBA558}.Release|Any CPU.Build.0 = Release|Any CPU
		{6B3D493F-241B-4DF4-8A53-4434E201A5F0}.Debug|Any CPU.ActiveCfg = Debug|Any CPU
		{6B3D493F-241B-4DF4-8A53-4434E201A5F0}.Debug|Any CPU.Build.0 = Debug|Any CPU
		{6B3D493F-241B-4DF4-8A53-4434E201A5F0}.Release|Any CPU.ActiveCfg = Release|Any CPU
		{6B3D493F-241B-4DF4-8A53-4434E201A5F0}.Release|Any CPU.Build.0 = Release|Any CPU
		{9BF6013C-B363-4BEE-9843-D7F361D5B520}.Debug|Any CPU.ActiveCfg = Debug|Any CPU
		{9BF6013C-B363-4BEE-9843-D7F361D5B520}.Debug|Any CPU.Build.0 = Debug|Any CPU
		{9BF6013C-B363-4BEE-9843-D7F361D5B520}.Release|Any CPU.ActiveCfg = Release|Any CPU
		{9BF6013C-B363-4BEE-9843-D7F361D5B520}.Release|Any CPU.Build.0 = Release|Any CPU
		{69239C02-27DE-4961-87E4-711F7CABAF93}.Debug|Any CPU.ActiveCfg = Debug|Any CPU
		{69239C02-27DE-4961-87E4-711F7CABAF93}.Debug|Any CPU.Build.0 = Debug|Any CPU
		{69239C02-27DE-4961-87E4-711F7CABAF93}.Release|Any CPU.ActiveCfg = Release|Any CPU
		{69239C02-27DE-4961-87E4-711F7CABAF93}.Release|Any CPU.Build.0 = Release|Any CPU
		{0DA29309-80A1-4E61-9B15-2889C1A5D103}.Debug|Any CPU.ActiveCfg = Debug|Any CPU
		{0DA29309-80A1-4E61-9B15-2889C1A5D103}.Debug|Any CPU.Build.0 = Debug|Any CPU
		{0DA29309-80A1-4E61-9B15-2889C1A5D103}.Release|Any CPU.ActiveCfg = Release|Any CPU
		{0DA29309-80A1-4E61-9B15-2889C1A5D103}.Release|Any CPU.Build.0 = Release|Any CPU
		{57D6934B-A2A4-4312-AC42-51C1F1E70C20}.Debug|Any CPU.ActiveCfg = Debug|Any CPU
		{57D6934B-A2A4-4312-AC42-51C1F1E70C20}.Debug|Any CPU.Build.0 = Debug|Any CPU
		{57D6934B-A2A4-4312-AC42-51C1F1E70C20}.Release|Any CPU.ActiveCfg = Release|Any CPU
		{57D6934B-A2A4-4312-AC42-51C1F1E70C20}.Release|Any CPU.Build.0 = Release|Any CPU
		{3C0B86BD-5DF1-4C9C-B876-E018601C7282}.Debug|Any CPU.ActiveCfg = Debug|Any CPU
		{3C0B86BD-5DF1-4C9C-B876-E018601C7282}.Debug|Any CPU.Build.0 = Debug|Any CPU
		{3C0B86BD-5DF1-4C9C-B876-E018601C7282}.Release|Any CPU.ActiveCfg = Release|Any CPU
		{3C0B86BD-5DF1-4C9C-B876-E018601C7282}.Release|Any CPU.Build.0 = Release|Any CPU
		{3A566DAB-BAAF-49BC-ADCB-B475B18F89AF}.Debug|Any CPU.ActiveCfg = Debug|Any CPU
		{3A566DAB-BAAF-49BC-ADCB-B475B18F89AF}.Debug|Any CPU.Build.0 = Debug|Any CPU
		{3A566DAB-BAAF-49BC-ADCB-B475B18F89AF}.Release|Any CPU.ActiveCfg = Release|Any CPU
		{3A566DAB-BAAF-49BC-ADCB-B475B18F89AF}.Release|Any CPU.Build.0 = Release|Any CPU
		{F00C6C3F-67B8-4157-9045-ECB572FC2452}.Debug|Any CPU.ActiveCfg = Debug|Any CPU
		{F00C6C3F-67B8-4157-9045-ECB572FC2452}.Debug|Any CPU.Build.0 = Debug|Any CPU
		{F00C6C3F-67B8-4157-9045-ECB572FC2452}.Release|Any CPU.ActiveCfg = Release|Any CPU
		{F00C6C3F-67B8-4157-9045-ECB572FC2452}.Release|Any CPU.Build.0 = Release|Any CPU
		{9567C2BD-91DE-4043-A262-B840B143A79B}.Debug|Any CPU.ActiveCfg = Debug|Any CPU
		{9567C2BD-91DE-4043-A262-B840B143A79B}.Debug|Any CPU.Build.0 = Debug|Any CPU
		{9567C2BD-91DE-4043-A262-B840B143A79B}.Release|Any CPU.ActiveCfg = Release|Any CPU
		{9567C2BD-91DE-4043-A262-B840B143A79B}.Release|Any CPU.Build.0 = Release|Any CPU
		{BC9CAEAE-6AF2-4D78-B8A7-07BEDEDF9BD4}.Debug|Any CPU.ActiveCfg = Debug|Any CPU
		{BC9CAEAE-6AF2-4D78-B8A7-07BEDEDF9BD4}.Debug|Any CPU.Build.0 = Debug|Any CPU
		{BC9CAEAE-6AF2-4D78-B8A7-07BEDEDF9BD4}.Release|Any CPU.ActiveCfg = Release|Any CPU
		{BC9CAEAE-6AF2-4D78-B8A7-07BEDEDF9BD4}.Release|Any CPU.Build.0 = Release|Any CPU
		{3686DA07-2706-43A5-9BA5-ED18441280E0}.Debug|Any CPU.ActiveCfg = Debug|Any CPU
		{3686DA07-2706-43A5-9BA5-ED18441280E0}.Debug|Any CPU.Build.0 = Debug|Any CPU
		{3686DA07-2706-43A5-9BA5-ED18441280E0}.Release|Any CPU.ActiveCfg = Release|Any CPU
		{3686DA07-2706-43A5-9BA5-ED18441280E0}.Release|Any CPU.Build.0 = Release|Any CPU
		{39A97F4C-B6C2-49BA-9F87-4D9710F5917A}.Debug|Any CPU.ActiveCfg = Debug|Any CPU
		{39A97F4C-B6C2-49BA-9F87-4D9710F5917A}.Debug|Any CPU.Build.0 = Debug|Any CPU
		{39A97F4C-B6C2-49BA-9F87-4D9710F5917A}.Release|Any CPU.ActiveCfg = Release|Any CPU
		{39A97F4C-B6C2-49BA-9F87-4D9710F5917A}.Release|Any CPU.Build.0 = Release|Any CPU
		{C876F439-6D70-43CA-88D5-6400A361D1EF}.Debug|Any CPU.ActiveCfg = Debug|Any CPU
		{C876F439-6D70-43CA-88D5-6400A361D1EF}.Debug|Any CPU.Build.0 = Debug|Any CPU
		{C876F439-6D70-43CA-88D5-6400A361D1EF}.Release|Any CPU.ActiveCfg = Release|Any CPU
		{C876F439-6D70-43CA-88D5-6400A361D1EF}.Release|Any CPU.Build.0 = Release|Any CPU
		{37F2EF51-94D1-4F02-A75C-222981DD8E4C}.Debug|Any CPU.ActiveCfg = Debug|Any CPU
		{37F2EF51-94D1-4F02-A75C-222981DD8E4C}.Debug|Any CPU.Build.0 = Debug|Any CPU
		{37F2EF51-94D1-4F02-A75C-222981DD8E4C}.Release|Any CPU.ActiveCfg = Release|Any CPU
		{37F2EF51-94D1-4F02-A75C-222981DD8E4C}.Release|Any CPU.Build.0 = Release|Any CPU
		{D50B4A85-5921-4B65-A092-85CC1497C930}.Debug|Any CPU.ActiveCfg = Debug|Any CPU
		{D50B4A85-5921-4B65-A092-85CC1497C930}.Debug|Any CPU.Build.0 = Debug|Any CPU
		{D50B4A85-5921-4B65-A092-85CC1497C930}.Release|Any CPU.ActiveCfg = Release|Any CPU
		{D50B4A85-5921-4B65-A092-85CC1497C930}.Release|Any CPU.Build.0 = Release|Any CPU
		{4EB4ADAC-6227-42B5-95A1-BF4176B8D5AA}.Debug|Any CPU.ActiveCfg = Debug|Any CPU
		{4EB4ADAC-6227-42B5-95A1-BF4176B8D5AA}.Debug|Any CPU.Build.0 = Debug|Any CPU
		{4EB4ADAC-6227-42B5-95A1-BF4176B8D5AA}.Release|Any CPU.ActiveCfg = Release|Any CPU
		{4EB4ADAC-6227-42B5-95A1-BF4176B8D5AA}.Release|Any CPU.Build.0 = Release|Any CPU
		{12FFDD43-5646-4DAF-A8E6-B918A6ACAF21}.Debug|Any CPU.ActiveCfg = Debug|Any CPU
		{12FFDD43-5646-4DAF-A8E6-B918A6ACAF21}.Debug|Any CPU.Build.0 = Debug|Any CPU
		{12FFDD43-5646-4DAF-A8E6-B918A6ACAF21}.Release|Any CPU.ActiveCfg = Release|Any CPU
		{12FFDD43-5646-4DAF-A8E6-B918A6ACAF21}.Release|Any CPU.Build.0 = Release|Any CPU
		{FDB19590-8CB1-4734-AE4F-754A932B999E}.Debug|Any CPU.ActiveCfg = Debug|Any CPU
		{FDB19590-8CB1-4734-AE4F-754A932B999E}.Debug|Any CPU.Build.0 = Debug|Any CPU
		{FDB19590-8CB1-4734-AE4F-754A932B999E}.Release|Any CPU.ActiveCfg = Release|Any CPU
		{FDB19590-8CB1-4734-AE4F-754A932B999E}.Release|Any CPU.Build.0 = Release|Any CPU
		{67B352BA-3D26-4CF9-9102-0DC015C5C0F1}.Debug|Any CPU.ActiveCfg = Debug|Any CPU
		{67B352BA-3D26-4CF9-9102-0DC015C5C0F1}.Debug|Any CPU.Build.0 = Debug|Any CPU
		{67B352BA-3D26-4CF9-9102-0DC015C5C0F1}.Release|Any CPU.ActiveCfg = Release|Any CPU
		{67B352BA-3D26-4CF9-9102-0DC015C5C0F1}.Release|Any CPU.Build.0 = Release|Any CPU
		{9784D421-B569-44D9-B84D-65BD9F42964A}.Debug|Any CPU.ActiveCfg = Debug|Any CPU
		{9784D421-B569-44D9-B84D-65BD9F42964A}.Debug|Any CPU.Build.0 = Debug|Any CPU
		{9784D421-B569-44D9-B84D-65BD9F42964A}.Release|Any CPU.ActiveCfg = Release|Any CPU
		{9784D421-B569-44D9-B84D-65BD9F42964A}.Release|Any CPU.Build.0 = Release|Any CPU
		{92C5C322-9710-4B2C-8774-75C8E27BBE44}.Debug|Any CPU.ActiveCfg = Debug|Any CPU
		{92C5C322-9710-4B2C-8774-75C8E27BBE44}.Debug|Any CPU.Build.0 = Debug|Any CPU
		{92C5C322-9710-4B2C-8774-75C8E27BBE44}.Release|Any CPU.ActiveCfg = Release|Any CPU
		{92C5C322-9710-4B2C-8774-75C8E27BBE44}.Release|Any CPU.Build.0 = Release|Any CPU
		{DB59D096-6B5F-4C20-A9F5-19C6BF37BC19}.Debug|Any CPU.ActiveCfg = Debug|Any CPU
		{DB59D096-6B5F-4C20-A9F5-19C6BF37BC19}.Debug|Any CPU.Build.0 = Debug|Any CPU
		{DB59D096-6B5F-4C20-A9F5-19C6BF37BC19}.Release|Any CPU.ActiveCfg = Release|Any CPU
		{DB59D096-6B5F-4C20-A9F5-19C6BF37BC19}.Release|Any CPU.Build.0 = Release|Any CPU
	EndGlobalSection
	GlobalSection(SolutionProperties) = preSolution
		HideSolutionNode = FALSE
	EndGlobalSection
	GlobalSection(NestedProjects) = preSolution
		{39D64561-41C2-4391-8FF4-47C286EF66A7} = {146BA242-30CE-474C-AF2B-22A2DA140385}
		{FDEF216E-D68D-4428-B48B-EB64196080C8} = {89944B14-65AA-486C-8C7E-D43FAB0F7ACE}
		{72008CDA-9CEA-4F9B-9333-18BD69EFED18} = {89944B14-65AA-486C-8C7E-D43FAB0F7ACE}
		{D54B764A-C171-4177-B484-547166C171E6} = {89944B14-65AA-486C-8C7E-D43FAB0F7ACE}
		{4F710E4C-A4FF-4B7B-B637-47572D9E2079} = {89944B14-65AA-486C-8C7E-D43FAB0F7ACE}
		{1EEFE7F7-3950-4820-98FA-F6A30D4DE55A} = {89944B14-65AA-486C-8C7E-D43FAB0F7ACE}
		{AC7A3939-6E6B-4364-8B69-3E76BAAA778E} = {1EEFE7F7-3950-4820-98FA-F6A30D4DE55A}
		{FCDBCF75-02EF-49BC-839D-A0D4CBF5A895} = {1EEFE7F7-3950-4820-98FA-F6A30D4DE55A}
		{7A6CD482-5342-4508-A968-85BE495B6DF9} = {1EEFE7F7-3950-4820-98FA-F6A30D4DE55A}
		{B82C176E-2859-43B2-8120-25E67EEE448C} = {26CF12E5-E73F-4811-95FD-A35C38265C56}
		{82ACF557-EF4F-48A0-9A75-A6C948A37707} = {9B8954FD-D06E-4131-AFCE-D6E39646208F}
		{9EF954BC-057E-4FE8-B31C-F04E24844AB1} = {9B8954FD-D06E-4131-AFCE-D6E39646208F}
		{77D3D195-290E-49FA-9519-44434F0AEB43} = {9B46ED74-89AE-47DC-90AA-0ED5C84AF296}
		{949604EA-EFFA-4288-8B48-AF7B108B4F4A} = {9B46ED74-89AE-47DC-90AA-0ED5C84AF296}
		{B419E7EE-FB3A-4B26-8F48-55A974E53440} = {9B46ED74-89AE-47DC-90AA-0ED5C84AF296}
		{09BB109C-F7C1-4892-9FB0-9AA7823E35F1} = {9B46ED74-89AE-47DC-90AA-0ED5C84AF296}
		{44C73C6F-5967-4AA7-A522-3DE0C57497B6} = {73DC14F1-F478-4F6C-8E89-0372ADF469E7}
		{2E13AC80-F8FC-4826-BF31-3467FA19A587} = {73DC14F1-F478-4F6C-8E89-0372ADF469E7}
		{E457F5A7-563A-4230-B42B-47F4DB974F07} = {73DC14F1-F478-4F6C-8E89-0372ADF469E7}
		{CB1517F6-052A-4417-8F18-48C247CC70CD} = {73DC14F1-F478-4F6C-8E89-0372ADF469E7}
		{819E2A3D-7118-4810-8C18-72BB9F46DA65} = {73DC14F1-F478-4F6C-8E89-0372ADF469E7}
		{3750444D-D0DF-4A88-A2C8-7F517BFCC7A7} = {89944B14-65AA-486C-8C7E-D43FAB0F7ACE}
		{70F5798C-858A-424D-BF04-44E7E5FF29BD} = {26CF12E5-E73F-4811-95FD-A35C38265C56}
		{4FD02B30-F239-474A-889A-0F917DD1DD0E} = {26CF12E5-E73F-4811-95FD-A35C38265C56}
		{2629D697-3ECA-4975-ACA4-B6808CEBA558} = {9B8954FD-D06E-4131-AFCE-D6E39646208F}
		{6B3D493F-241B-4DF4-8A53-4434E201A5F0} = {8D2FFB09-BD4F-4C1C-8D63-162421A37170}
		{9BF6013C-B363-4BEE-9843-D7F361D5B520} = {8D2FFB09-BD4F-4C1C-8D63-162421A37170}
		{69239C02-27DE-4961-87E4-711F7CABAF93} = {8D2FFB09-BD4F-4C1C-8D63-162421A37170}
		{0DA29309-80A1-4E61-9B15-2889C1A5D103} = {8D2FFB09-BD4F-4C1C-8D63-162421A37170}
		{57D6934B-A2A4-4312-AC42-51C1F1E70C20} = {9B8954FD-D06E-4131-AFCE-D6E39646208F}
		{3C0B86BD-5DF1-4C9C-B876-E018601C7282} = {9B8954FD-D06E-4131-AFCE-D6E39646208F}
		{3A566DAB-BAAF-49BC-ADCB-B475B18F89AF} = {26CF12E5-E73F-4811-95FD-A35C38265C56}
		{F00C6C3F-67B8-4157-9045-ECB572FC2452} = {26CF12E5-E73F-4811-95FD-A35C38265C56}
		{9567C2BD-91DE-4043-A262-B840B143A79B} = {26CF12E5-E73F-4811-95FD-A35C38265C56}
		{BC9CAEAE-6AF2-4D78-B8A7-07BEDEDF9BD4} = {9B8954FD-D06E-4131-AFCE-D6E39646208F}
		{3686DA07-2706-43A5-9BA5-ED18441280E0} = {9B8954FD-D06E-4131-AFCE-D6E39646208F}
		{39A97F4C-B6C2-49BA-9F87-4D9710F5917A} = {9B8954FD-D06E-4131-AFCE-D6E39646208F}
		{C876F439-6D70-43CA-88D5-6400A361D1EF} = {9B8954FD-D06E-4131-AFCE-D6E39646208F}
		{37F2EF51-94D1-4F02-A75C-222981DD8E4C} = {26CF12E5-E73F-4811-95FD-A35C38265C56}
		{D50B4A85-5921-4B65-A092-85CC1497C930} = {9B8954FD-D06E-4131-AFCE-D6E39646208F}
		{4EB4ADAC-6227-42B5-95A1-BF4176B8D5AA} = {9B46ED74-89AE-47DC-90AA-0ED5C84AF296}
		{12FFDD43-5646-4DAF-A8E6-B918A6ACAF21} = {26CF12E5-E73F-4811-95FD-A35C38265C56}
		{FDB19590-8CB1-4734-AE4F-754A932B999E} = {9B46ED74-89AE-47DC-90AA-0ED5C84AF296}
		{67B352BA-3D26-4CF9-9102-0DC015C5C0F1} = {7C880134-8B05-4048-8C7A-B67A4A7731C1}
		{9784D421-B569-44D9-B84D-65BD9F42964A} = {7C880134-8B05-4048-8C7A-B67A4A7731C1}
		{92C5C322-9710-4B2C-8774-75C8E27BBE44} = {7C880134-8B05-4048-8C7A-B67A4A7731C1}
		{DB59D096-6B5F-4C20-A9F5-19C6BF37BC19} = {7C880134-8B05-4048-8C7A-B67A4A7731C1}
	EndGlobalSection
	GlobalSection(ExtensibilityGlobals) = postSolution
		SolutionGuid = {33FF006A-4B43-4646-8575-EA8A59A8B43D}
	EndGlobalSection
EndGlobal
