
Microsoft Visual Studio Solution File, Format Version 12.00
# Visual Studio Version 16
VisualStudioVersion = 16.0.29709.97
MinimumVisualStudioVersion = 10.0.40219.1
Project("{2150E333-8FDC-42A3-9474-1A3956D46DE8}") = "Hello World", "Hello World", "{146BA242-30CE-474C-AF2B-22A2DA140385}"
EndProject
Project("{778DAE3C-4631-46EA-AA77-85C1314464D9}") = "HelloWorld", "Hello World\HelloWorld.vbproj", "{39D64561-41C2-4391-8FF4-47C286EF66A7}"
EndProject
Project("{2150E333-8FDC-42A3-9474-1A3956D46DE8}") = "Common Uses", "Common Uses", "{89944B14-65AA-486C-8C7E-D43FAB0F7ACE}"
EndProject
Project("{778DAE3C-4631-46EA-AA77-85C1314464D9}") = "Cloning", "Common Uses\Cloning\Cloning.vbproj", "{1F6930A4-C858-484F-B9E5-D2D0DCF296CF}"
EndProject
Project("{778DAE3C-4631-46EA-AA77-85C1314464D9}") = "Convert", "Common Uses\Convert\Convert.vbproj", "{FDEF216E-D68D-4428-B48B-EB64196080C8}"
EndProject
Project("{778DAE3C-4631-46EA-AA77-85C1314464D9}") = "ExportImages", "Common Uses\Export Images\ExportImages.vbproj", "{42754B1B-0116-4D77-BFA8-6507109EC907}"
EndProject
Project("{778DAE3C-4631-46EA-AA77-85C1314464D9}") = "IncrementalUpdate", "Common Uses\Incremental Update\IncrementalUpdate.vbproj", "{0E9EE5BB-1087-4032-88E1-DE97C74D8A0B}"
EndProject
Project("{778DAE3C-4631-46EA-AA77-85C1314464D9}") = "MergeFiles", "Common Uses\Merge Files\MergeFiles.vbproj", "{72008CDA-9CEA-4F9B-9333-18BD69EFED18}"
EndProject
Project("{778DAE3C-4631-46EA-AA77-85C1314464D9}") = "Reading", "Common Uses\Reading\Reading.vbproj", "{D54B764A-C171-4177-B484-547166C171E6}"
EndProject
Project("{778DAE3C-4631-46EA-AA77-85C1314464D9}") = "SplitFile", "Common Uses\Split File\SplitFile.vbproj", "{4F710E4C-A4FF-4B7B-B637-47572D9E2079}"
EndProject
Project("{2150E333-8FDC-42A3-9474-1A3956D46DE8}") = "Print", "Print", "{1EEFE7F7-3950-4820-98FA-F6A30D4DE55A}"
EndProject
Project("{778DAE3C-4631-46EA-AA77-85C1314464D9}") = "PrintInConsole", "Common Uses\Print\PrintInConsole\PrintInConsole.vbproj", "{AC7A3939-6E6B-4364-8B69-3E76BAAA778E}"
EndProject
Project("{F184B08F-C81C-45F6-A57F-5ABD9991F28F}") = "PrintInWinForms", "Common Uses\Print\PrintInWinForms\PrintInWinForms.vbproj", "{FCDBCF75-02EF-49BC-839D-A0D4CBF5A895}"
EndProject
Project("{F184B08F-C81C-45F6-A57F-5ABD9991F28F}") = "PrintInWpf", "Common Uses\Print\PrintInWpf\PrintInWpf.vbproj", "{7A6CD482-5342-4508-A968-85BE495B6DF9}"
EndProject
Project("{2150E333-8FDC-42A3-9474-1A3956D46DE8}") = "Basic Features", "Basic Features", "{26CF12E5-E73F-4811-95FD-A35C38265C56}"
EndProject
Project("{778DAE3C-4631-46EA-AA77-85C1314464D9}") = "DocumentInformation", "Basic Features\Document Information\DocumentInformation.vbproj", "{17B3100C-F6AF-481A-B5FE-E48B97D99CAA}"
EndProject
Project("{778DAE3C-4631-46EA-AA77-85C1314464D9}") = "Outlines", "Basic Features\Outlines\Outlines.vbproj", "{B82C176E-2859-43B2-8120-25E67EEE448C}"
EndProject
Project("{778DAE3C-4631-46EA-AA77-85C1314464D9}") = "ViewerPreferences", "Basic Features\Viewer Preferences\ViewerPreferences.vbproj", "{196F5743-F4E0-4E6B-821B-21012418B4ED}"
EndProject
Project("{2150E333-8FDC-42A3-9474-1A3956D46DE8}") = "Advanced Features", "Advanced Features", "{9B8954FD-D06E-4131-AFCE-D6E39646208F}"
EndProject
Project("{778DAE3C-4631-46EA-AA77-85C1314464D9}") = "BasicObjects", "Advanced Features\Basic Objects\BasicObjects.vbproj", "{82ACF557-EF4F-48A0-9A75-A6C948A37707}"
EndProject
Project("{778DAE3C-4631-46EA-AA77-85C1314464D9}") = "ContentStream", "Advanced Features\Content Stream\ContentStream.vbproj", "{8C7553C3-F759-4EF8-9B3C-9285FA1B8875}"
EndProject
Project("{778DAE3C-4631-46EA-AA77-85C1314464D9}") = "PageTree", "Advanced Features\Page Tree\PageTree.vbproj", "{9EF954BC-057E-4FE8-B31C-F04E24844AB1}"
EndProject
Project("{2150E333-8FDC-42A3-9474-1A3956D46DE8}") = "Interactive Forms", "Interactive Forms", "{9B46ED74-89AE-47DC-90AA-0ED5C84AF296}"
EndProject
Project("{778DAE3C-4631-46EA-AA77-85C1314464D9}") = "ExportForm", "Interactive Forms\Export Form\ExportForm.vbproj", "{77D3D195-290E-49FA-9519-44434F0AEB43}"
EndProject
Project("{778DAE3C-4631-46EA-AA77-85C1314464D9}") = "FillinForm", "Interactive Forms\Fill in Form\FillinForm.vbproj", "{949604EA-EFFA-4288-8B48-AF7B108B4F4A}"
EndProject
Project("{778DAE3C-4631-46EA-AA77-85C1314464D9}") = "FormActions", "Interactive Forms\Form Actions\FormActions.vbproj", "{B419E7EE-FB3A-4B26-8F48-55A974E53440}"
EndProject
Project("{778DAE3C-4631-46EA-AA77-85C1314464D9}") = "ReadForm", "Interactive Forms\Read Form\ReadForm.vbproj", "{09BB109C-F7C1-4892-9FB0-9AA7823E35F1}"
EndProject
Project("{2150E333-8FDC-42A3-9474-1A3956D46DE8}") = "Security", "Security", "{73DC14F1-F478-4F6C-8E89-0372ADF469E7}"
EndProject
Project("{778DAE3C-4631-46EA-AA77-85C1314464D9}") = "DigitalSignature", "Security\Digital Signature\DigitalSignature.vbproj", "{44C73C6F-5967-4AA7-A522-3DE0C57497B6}"
EndProject
Project("{778DAE3C-4631-46EA-AA77-85C1314464D9}") = "Encryption", "Security\Encryption\Encryption.vbproj", "{2E13AC80-F8FC-4826-BF31-3467FA19A587}"
EndProject
Project("{2150E333-8FDC-42A3-9474-1A3956D46DE8}") = "WPF", "WPF", "{07A08BD1-22D5-44C2-B82B-FACC0658E795}"
EndProject
Project("{F184B08F-C81C-45F6-A57F-5ABD9991F28F}") = "ExportToImageSource", "WPF\Export To ImageSource\ExportToImageSource.vbproj", "{69239C02-27DE-4961-87E4-711F7CABAF93}"
EndProject
Project("{F184B08F-C81C-45F6-A57F-5ABD9991F28F}") = "ExportToXpsDocument", "WPF\Export To XpsDocument\ExportToXpsDocument.vbproj", "{0DA29309-80A1-4E61-9B15-2889C1A5D103}"
EndProject
Project("{778DAE3C-4631-46EA-AA77-85C1314464D9}") = "DigitalSignaturePAdES", "Security\Digital Signature PAdES\DigitalSignaturePAdES.vbproj", "{E457F5A7-563A-4230-B42B-47F4DB974F07}"
EndProject
Project("{778DAE3C-4631-46EA-AA77-85C1314464D9}") = "DigitalSignaturePKCS11", "Security\Digital Signature PKCS#11\DigitalSignaturePKCS11.vbproj", "{CB1517F6-052A-4417-8F18-48C247CC70CD}"
EndProject
Project("{778DAE3C-4631-46EA-AA77-85C1314464D9}") = "DigitalSignatureValidation", "Security\Digital Signature Validation\DigitalSignatureValidation.vbproj", "{819E2A3D-7118-4810-8C18-72BB9F46DA65}"
EndProject
Project("{2150E333-8FDC-42A3-9474-1A3956D46DE8}") = "Azure", "Azure", "{B9B8888A-90DD-4BFD-9193-5A829B186B67}"
EndProject
Project("{778DAE3C-4631-46EA-AA77-85C1314464D9}") = "AzureFunction", "Azure\AzureFunction.vbproj", "{476E2F9F-4F2A-4C35-8229-9FE9B73B2149}"
EndProject
Global
	GlobalSection(SolutionConfigurationPlatforms) = preSolution
		Debug|Any CPU = Debug|Any CPU
		Release|Any CPU = Release|Any CPU
	EndGlobalSection
	GlobalSection(ProjectConfigurationPlatforms) = postSolution
		{39D64561-41C2-4391-8FF4-47C286EF66A7}.Debug|Any CPU.ActiveCfg = Debug|Any CPU
		{39D64561-41C2-4391-8FF4-47C286EF66A7}.Debug|Any CPU.Build.0 = Debug|Any CPU
		{39D64561-41C2-4391-8FF4-47C286EF66A7}.Release|Any CPU.ActiveCfg = Release|Any CPU
		{39D64561-41C2-4391-8FF4-47C286EF66A7}.Release|Any CPU.Build.0 = Release|Any CPU
		{1F6930A4-C858-484F-B9E5-D2D0DCF296CF}.Debug|Any CPU.ActiveCfg = Debug|Any CPU
		{1F6930A4-C858-484F-B9E5-D2D0DCF296CF}.Debug|Any CPU.Build.0 = Debug|Any CPU
		{1F6930A4-C858-484F-B9E5-D2D0DCF296CF}.Release|Any CPU.ActiveCfg = Release|Any CPU
		{1F6930A4-C858-484F-B9E5-D2D0DCF296CF}.Release|Any CPU.Build.0 = Release|Any CPU
		{FDEF216E-D68D-4428-B48B-EB64196080C8}.Debug|Any CPU.ActiveCfg = Debug|Any CPU
		{FDEF216E-D68D-4428-B48B-EB64196080C8}.Debug|Any CPU.Build.0 = Debug|Any CPU
		{FDEF216E-D68D-4428-B48B-EB64196080C8}.Release|Any CPU.ActiveCfg = Release|Any CPU
		{FDEF216E-D68D-4428-B48B-EB64196080C8}.Release|Any CPU.Build.0 = Release|Any CPU
		{42754B1B-0116-4D77-BFA8-6507109EC907}.Debug|Any CPU.ActiveCfg = Debug|Any CPU
		{42754B1B-0116-4D77-BFA8-6507109EC907}.Debug|Any CPU.Build.0 = Debug|Any CPU
		{42754B1B-0116-4D77-BFA8-6507109EC907}.Release|Any CPU.ActiveCfg = Release|Any CPU
		{42754B1B-0116-4D77-BFA8-6507109EC907}.Release|Any CPU.Build.0 = Release|Any CPU
		{0E9EE5BB-1087-4032-88E1-DE97C74D8A0B}.Debug|Any CPU.ActiveCfg = Debug|Any CPU
		{0E9EE5BB-1087-4032-88E1-DE97C74D8A0B}.Debug|Any CPU.Build.0 = Debug|Any CPU
		{0E9EE5BB-1087-4032-88E1-DE97C74D8A0B}.Release|Any CPU.ActiveCfg = Release|Any CPU
		{0E9EE5BB-1087-4032-88E1-DE97C74D8A0B}.Release|Any CPU.Build.0 = Release|Any CPU
		{72008CDA-9CEA-4F9B-9333-18BD69EFED18}.Debug|Any CPU.ActiveCfg = Debug|Any CPU
		{72008CDA-9CEA-4F9B-9333-18BD69EFED18}.Debug|Any CPU.Build.0 = Debug|Any CPU
		{72008CDA-9CEA-4F9B-9333-18BD69EFED18}.Release|Any CPU.ActiveCfg = Release|Any CPU
		{72008CDA-9CEA-4F9B-9333-18BD69EFED18}.Release|Any CPU.Build.0 = Release|Any CPU
		{D54B764A-C171-4177-B484-547166C171E6}.Debug|Any CPU.ActiveCfg = Debug|Any CPU
		{D54B764A-C171-4177-B484-547166C171E6}.Debug|Any CPU.Build.0 = Debug|Any CPU
		{D54B764A-C171-4177-B484-547166C171E6}.Release|Any CPU.ActiveCfg = Release|Any CPU
		{D54B764A-C171-4177-B484-547166C171E6}.Release|Any CPU.Build.0 = Release|Any CPU
		{4F710E4C-A4FF-4B7B-B637-47572D9E2079}.Debug|Any CPU.ActiveCfg = Debug|Any CPU
		{4F710E4C-A4FF-4B7B-B637-47572D9E2079}.Debug|Any CPU.Build.0 = Debug|Any CPU
		{4F710E4C-A4FF-4B7B-B637-47572D9E2079}.Release|Any CPU.ActiveCfg = Release|Any CPU
		{4F710E4C-A4FF-4B7B-B637-47572D9E2079}.Release|Any CPU.Build.0 = Release|Any CPU
		{AC7A3939-6E6B-4364-8B69-3E76BAAA778E}.Debug|Any CPU.ActiveCfg = Debug|Any CPU
		{AC7A3939-6E6B-4364-8B69-3E76BAAA778E}.Debug|Any CPU.Build.0 = Debug|Any CPU
		{AC7A3939-6E6B-4364-8B69-3E76BAAA778E}.Release|Any CPU.ActiveCfg = Release|Any CPU
		{AC7A3939-6E6B-4364-8B69-3E76BAAA778E}.Release|Any CPU.Build.0 = Release|Any CPU
		{FCDBCF75-02EF-49BC-839D-A0D4CBF5A895}.Debug|Any CPU.ActiveCfg = Debug|Any CPU
		{FCDBCF75-02EF-49BC-839D-A0D4CBF5A895}.Debug|Any CPU.Build.0 = Debug|Any CPU
		{FCDBCF75-02EF-49BC-839D-A0D4CBF5A895}.Release|Any CPU.ActiveCfg = Release|Any CPU
		{FCDBCF75-02EF-49BC-839D-A0D4CBF5A895}.Release|Any CPU.Build.0 = Release|Any CPU
		{7A6CD482-5342-4508-A968-85BE495B6DF9}.Debug|Any CPU.ActiveCfg = Debug|Any CPU
		{7A6CD482-5342-4508-A968-85BE495B6DF9}.Debug|Any CPU.Build.0 = Debug|Any CPU
		{7A6CD482-5342-4508-A968-85BE495B6DF9}.Release|Any CPU.ActiveCfg = Release|Any CPU
		{7A6CD482-5342-4508-A968-85BE495B6DF9}.Release|Any CPU.Build.0 = Release|Any CPU
		{17B3100C-F6AF-481A-B5FE-E48B97D99CAA}.Debug|Any CPU.ActiveCfg = Debug|Any CPU
		{17B3100C-F6AF-481A-B5FE-E48B97D99CAA}.Debug|Any CPU.Build.0 = Debug|Any CPU
		{17B3100C-F6AF-481A-B5FE-E48B97D99CAA}.Release|Any CPU.ActiveCfg = Release|Any CPU
		{17B3100C-F6AF-481A-B5FE-E48B97D99CAA}.Release|Any CPU.Build.0 = Release|Any CPU
		{B82C176E-2859-43B2-8120-25E67EEE448C}.Debug|Any CPU.ActiveCfg = Debug|Any CPU
		{B82C176E-2859-43B2-8120-25E67EEE448C}.Debug|Any CPU.Build.0 = Debug|Any CPU
		{B82C176E-2859-43B2-8120-25E67EEE448C}.Release|Any CPU.ActiveCfg = Release|Any CPU
		{B82C176E-2859-43B2-8120-25E67EEE448C}.Release|Any CPU.Build.0 = Release|Any CPU
		{196F5743-F4E0-4E6B-821B-21012418B4ED}.Debug|Any CPU.ActiveCfg = Debug|Any CPU
		{196F5743-F4E0-4E6B-821B-21012418B4ED}.Debug|Any CPU.Build.0 = Debug|Any CPU
		{196F5743-F4E0-4E6B-821B-21012418B4ED}.Release|Any CPU.ActiveCfg = Release|Any CPU
		{196F5743-F4E0-4E6B-821B-21012418B4ED}.Release|Any CPU.Build.0 = Release|Any CPU
		{82ACF557-EF4F-48A0-9A75-A6C948A37707}.Debug|Any CPU.ActiveCfg = Debug|Any CPU
		{82ACF557-EF4F-48A0-9A75-A6C948A37707}.Debug|Any CPU.Build.0 = Debug|Any CPU
		{82ACF557-EF4F-48A0-9A75-A6C948A37707}.Release|Any CPU.ActiveCfg = Release|Any CPU
		{82ACF557-EF4F-48A0-9A75-A6C948A37707}.Release|Any CPU.Build.0 = Release|Any CPU
		{8C7553C3-F759-4EF8-9B3C-9285FA1B8875}.Debug|Any CPU.ActiveCfg = Debug|Any CPU
		{8C7553C3-F759-4EF8-9B3C-9285FA1B8875}.Debug|Any CPU.Build.0 = Debug|Any CPU
		{8C7553C3-F759-4EF8-9B3C-9285FA1B8875}.Release|Any CPU.ActiveCfg = Release|Any CPU
		{8C7553C3-F759-4EF8-9B3C-9285FA1B8875}.Release|Any CPU.Build.0 = Release|Any CPU
		{9EF954BC-057E-4FE8-B31C-F04E24844AB1}.Debug|Any CPU.ActiveCfg = Debug|Any CPU
		{9EF954BC-057E-4FE8-B31C-F04E24844AB1}.Debug|Any CPU.Build.0 = Debug|Any CPU
		{9EF954BC-057E-4FE8-B31C-F04E24844AB1}.Release|Any CPU.ActiveCfg = Release|Any CPU
		{9EF954BC-057E-4FE8-B31C-F04E24844AB1}.Release|Any CPU.Build.0 = Release|Any CPU
		{77D3D195-290E-49FA-9519-44434F0AEB43}.Debug|Any CPU.ActiveCfg = Debug|Any CPU
		{77D3D195-290E-49FA-9519-44434F0AEB43}.Debug|Any CPU.Build.0 = Debug|Any CPU
		{77D3D195-290E-49FA-9519-44434F0AEB43}.Release|Any CPU.ActiveCfg = Release|Any CPU
		{77D3D195-290E-49FA-9519-44434F0AEB43}.Release|Any CPU.Build.0 = Release|Any CPU
		{949604EA-EFFA-4288-8B48-AF7B108B4F4A}.Debug|Any CPU.ActiveCfg = Debug|Any CPU
		{949604EA-EFFA-4288-8B48-AF7B108B4F4A}.Debug|Any CPU.Build.0 = Debug|Any CPU
		{949604EA-EFFA-4288-8B48-AF7B108B4F4A}.Release|Any CPU.ActiveCfg = Release|Any CPU
		{949604EA-EFFA-4288-8B48-AF7B108B4F4A}.Release|Any CPU.Build.0 = Release|Any CPU
		{B419E7EE-FB3A-4B26-8F48-55A974E53440}.Debug|Any CPU.ActiveCfg = Debug|Any CPU
		{B419E7EE-FB3A-4B26-8F48-55A974E53440}.Debug|Any CPU.Build.0 = Debug|Any CPU
		{B419E7EE-FB3A-4B26-8F48-55A974E53440}.Release|Any CPU.ActiveCfg = Release|Any CPU
		{B419E7EE-FB3A-4B26-8F48-55A974E53440}.Release|Any CPU.Build.0 = Release|Any CPU
		{09BB109C-F7C1-4892-9FB0-9AA7823E35F1}.Debug|Any CPU.ActiveCfg = Debug|Any CPU
		{09BB109C-F7C1-4892-9FB0-9AA7823E35F1}.Debug|Any CPU.Build.0 = Debug|Any CPU
		{09BB109C-F7C1-4892-9FB0-9AA7823E35F1}.Release|Any CPU.ActiveCfg = Release|Any CPU
		{09BB109C-F7C1-4892-9FB0-9AA7823E35F1}.Release|Any CPU.Build.0 = Release|Any CPU
		{44C73C6F-5967-4AA7-A522-3DE0C57497B6}.Debug|Any CPU.ActiveCfg = Debug|Any CPU
		{44C73C6F-5967-4AA7-A522-3DE0C57497B6}.Debug|Any CPU.Build.0 = Debug|Any CPU
		{44C73C6F-5967-4AA7-A522-3DE0C57497B6}.Release|Any CPU.ActiveCfg = Release|Any CPU
		{44C73C6F-5967-4AA7-A522-3DE0C57497B6}.Release|Any CPU.Build.0 = Release|Any CPU
		{2E13AC80-F8FC-4826-BF31-3467FA19A587}.Debug|Any CPU.ActiveCfg = Debug|Any CPU
		{2E13AC80-F8FC-4826-BF31-3467FA19A587}.Debug|Any CPU.Build.0 = Debug|Any CPU
		{2E13AC80-F8FC-4826-BF31-3467FA19A587}.Release|Any CPU.ActiveCfg = Release|Any CPU
		{2E13AC80-F8FC-4826-BF31-3467FA19A587}.Release|Any CPU.Build.0 = Release|Any CPU
		{69239C02-27DE-4961-87E4-711F7CABAF93}.Debug|Any CPU.ActiveCfg = Debug|Any CPU
		{69239C02-27DE-4961-87E4-711F7CABAF93}.Debug|Any CPU.Build.0 = Debug|Any CPU
		{69239C02-27DE-4961-87E4-711F7CABAF93}.Release|Any CPU.ActiveCfg = Release|Any CPU
		{69239C02-27DE-4961-87E4-711F7CABAF93}.Release|Any CPU.Build.0 = Release|Any CPU
		{0DA29309-80A1-4E61-9B15-2889C1A5D103}.Debug|Any CPU.ActiveCfg = Debug|Any CPU
		{0DA29309-80A1-4E61-9B15-2889C1A5D103}.Debug|Any CPU.Build.0 = Debug|Any CPU
		{0DA29309-80A1-4E61-9B15-2889C1A5D103}.Release|Any CPU.ActiveCfg = Release|Any CPU
		{0DA29309-80A1-4E61-9B15-2889C1A5D103}.Release|Any CPU.Build.0 = Release|Any CPU
		{E457F5A7-563A-4230-B42B-47F4DB974F07}.Debug|Any CPU.ActiveCfg = Debug|Any CPU
		{E457F5A7-563A-4230-B42B-47F4DB974F07}.Debug|Any CPU.Build.0 = Debug|Any CPU
		{E457F5A7-563A-4230-B42B-47F4DB974F07}.Release|Any CPU.ActiveCfg = Release|Any CPU
		{E457F5A7-563A-4230-B42B-47F4DB974F07}.Release|Any CPU.Build.0 = Release|Any CPU
		{CB1517F6-052A-4417-8F18-48C247CC70CD}.Debug|Any CPU.ActiveCfg = Debug|Any CPU
		{CB1517F6-052A-4417-8F18-48C247CC70CD}.Debug|Any CPU.Build.0 = Debug|Any CPU
		{CB1517F6-052A-4417-8F18-48C247CC70CD}.Release|Any CPU.ActiveCfg = Release|Any CPU
		{CB1517F6-052A-4417-8F18-48C247CC70CD}.Release|Any CPU.Build.0 = Release|Any CPU
		{819E2A3D-7118-4810-8C18-72BB9F46DA65}.Debug|Any CPU.ActiveCfg = Debug|Any CPU
		{819E2A3D-7118-4810-8C18-72BB9F46DA65}.Debug|Any CPU.Build.0 = Debug|Any CPU
		{819E2A3D-7118-4810-8C18-72BB9F46DA65}.Release|Any CPU.ActiveCfg = Release|Any CPU
		{819E2A3D-7118-4810-8C18-72BB9F46DA65}.Release|Any CPU.Build.0 = Release|Any CPU
		{476E2F9F-4F2A-4C35-8229-9FE9B73B2149}.Debug|Any CPU.ActiveCfg = Debug|Any CPU
		{476E2F9F-4F2A-4C35-8229-9FE9B73B2149}.Debug|Any CPU.Build.0 = Debug|Any CPU
		{476E2F9F-4F2A-4C35-8229-9FE9B73B2149}.Release|Any CPU.ActiveCfg = Release|Any CPU
		{476E2F9F-4F2A-4C35-8229-9FE9B73B2149}.Release|Any CPU.Build.0 = Release|Any CPU
	EndGlobalSection
	GlobalSection(SolutionProperties) = preSolution
		HideSolutionNode = FALSE
	EndGlobalSection
	GlobalSection(NestedProjects) = preSolution
		{39D64561-41C2-4391-8FF4-47C286EF66A7} = {146BA242-30CE-474C-AF2B-22A2DA140385}
		{1F6930A4-C858-484F-B9E5-D2D0DCF296CF} = {89944B14-65AA-486C-8C7E-D43FAB0F7ACE}
		{FDEF216E-D68D-4428-B48B-EB64196080C8} = {89944B14-65AA-486C-8C7E-D43FAB0F7ACE}
		{42754B1B-0116-4D77-BFA8-6507109EC907} = {89944B14-65AA-486C-8C7E-D43FAB0F7ACE}
		{0E9EE5BB-1087-4032-88E1-DE97C74D8A0B} = {89944B14-65AA-486C-8C7E-D43FAB0F7ACE}
		{72008CDA-9CEA-4F9B-9333-18BD69EFED18} = {89944B14-65AA-486C-8C7E-D43FAB0F7ACE}
		{D54B764A-C171-4177-B484-547166C171E6} = {89944B14-65AA-486C-8C7E-D43FAB0F7ACE}
		{4F710E4C-A4FF-4B7B-B637-47572D9E2079} = {89944B14-65AA-486C-8C7E-D43FAB0F7ACE}
		{1EEFE7F7-3950-4820-98FA-F6A30D4DE55A} = {89944B14-65AA-486C-8C7E-D43FAB0F7ACE}
		{AC7A3939-6E6B-4364-8B69-3E76BAAA778E} = {1EEFE7F7-3950-4820-98FA-F6A30D4DE55A}
		{FCDBCF75-02EF-49BC-839D-A0D4CBF5A895} = {1EEFE7F7-3950-4820-98FA-F6A30D4DE55A}
		{7A6CD482-5342-4508-A968-85BE495B6DF9} = {1EEFE7F7-3950-4820-98FA-F6A30D4DE55A}
		{17B3100C-F6AF-481A-B5FE-E48B97D99CAA} = {26CF12E5-E73F-4811-95FD-A35C38265C56}
		{B82C176E-2859-43B2-8120-25E67EEE448C} = {26CF12E5-E73F-4811-95FD-A35C38265C56}
		{196F5743-F4E0-4E6B-821B-21012418B4ED} = {26CF12E5-E73F-4811-95FD-A35C38265C56}
		{82ACF557-EF4F-48A0-9A75-A6C948A37707} = {9B8954FD-D06E-4131-AFCE-D6E39646208F}
		{8C7553C3-F759-4EF8-9B3C-9285FA1B8875} = {9B8954FD-D06E-4131-AFCE-D6E39646208F}
		{9EF954BC-057E-4FE8-B31C-F04E24844AB1} = {9B8954FD-D06E-4131-AFCE-D6E39646208F}
		{77D3D195-290E-49FA-9519-44434F0AEB43} = {9B46ED74-89AE-47DC-90AA-0ED5C84AF296}
		{949604EA-EFFA-4288-8B48-AF7B108B4F4A} = {9B46ED74-89AE-47DC-90AA-0ED5C84AF296}
		{B419E7EE-FB3A-4B26-8F48-55A974E53440} = {9B46ED74-89AE-47DC-90AA-0ED5C84AF296}
		{09BB109C-F7C1-4892-9FB0-9AA7823E35F1} = {9B46ED74-89AE-47DC-90AA-0ED5C84AF296}
		{44C73C6F-5967-4AA7-A522-3DE0C57497B6} = {73DC14F1-F478-4F6C-8E89-0372ADF469E7}
		{2E13AC80-F8FC-4826-BF31-3467FA19A587} = {73DC14F1-F478-4F6C-8E89-0372ADF469E7}
		{69239C02-27DE-4961-87E4-711F7CABAF93} = {07A08BD1-22D5-44C2-B82B-FACC0658E795}
		{0DA29309-80A1-4E61-9B15-2889C1A5D103} = {07A08BD1-22D5-44C2-B82B-FACC0658E795}
		{E457F5A7-563A-4230-B42B-47F4DB974F07} = {73DC14F1-F478-4F6C-8E89-0372ADF469E7}
		{CB1517F6-052A-4417-8F18-48C247CC70CD} = {73DC14F1-F478-4F6C-8E89-0372ADF469E7}
		{819E2A3D-7118-4810-8C18-72BB9F46DA65} = {73DC14F1-F478-4F6C-8E89-0372ADF469E7}
		{476E2F9F-4F2A-4C35-8229-9FE9B73B2149} = {B9B8888A-90DD-4BFD-9193-5A829B186B67}
	EndGlobalSection
	GlobalSection(ExtensibilityGlobals) = postSolution
		SolutionGuid = {33FF006A-4B43-4646-8575-EA8A59A8B43D}
	EndGlobalSection
EndGlobal
