
Microsoft Visual Studio Solution File, Format Version 12.00
# Visual Studio Version 17
VisualStudioVersion = 17.0.32014.148
MinimumVisualStudioVersion = 10.0.40219.1
Project("{2150E333-8FDC-42A3-9474-1A3956D46DE8}") = "Introduction", "Introduction", "{02B630D0-3F1F-4EB3-8BF8-225E0E824D79}"
EndProject
Project("{778DAE3C-4631-46EA-AA77-85C1314464D9}") = "GettingStarted", "Introduction\Getting Started\GettingStarted.vbproj", "{C5259C69-319D-42AB-8191-8F99480E98FC}"
EndProject
Project("{778DAE3C-4631-46EA-AA77-85C1314464D9}") = "Reading", "Introduction\Reading\Reading.vbproj", "{59BE4638-53F2-4BCB-AF0C-9836DEC82D44}"
EndProject
Project("{778DAE3C-4631-46EA-AA77-85C1314464D9}") = "Writing", "Introduction\Writing\Writing.vbproj", "{C90CCBDF-9AC9-4A85-A6F9-1DB846C702DC}"
EndProject
Project("{778DAE3C-4631-46EA-AA77-85C1314464D9}") = "MergeFiles", "Introduction\Merge Files\MergeFiles.vbproj", "{C94A52C7-ADC9-41AC-97A4-C8860B71A555}"
EndProject
Project("{778DAE3C-4631-46EA-AA77-85C1314464D9}") = "SplitFile", "Introduction\Split File\SplitFile.vbproj", "{3695931A-F49C-4E05-9B99-1668A68BA447}"
EndProject
Project("{2150E333-8FDC-42A3-9474-1A3956D46DE8}") = "Printing", "Printing", "{DFDAC726-FB44-43A5-9BC1-8A6874FB510A}"
EndProject
Project("{778DAE3C-4631-46EA-AA77-85C1314464D9}") = "PrintInConsole", "Introduction\Printing\Print in Console\PrintInConsole.vbproj", "{07FE8BF7-E265-4D9B-B5C0-1E7E3240D83F}"
EndProject
Project("{F184B08F-C81C-45F6-A57F-5ABD9991F28F}") = "PrintInWinForms", "Introduction\Printing\Print in WinForms\PrintInWinForms.vbproj", "{FCDBCF75-02EF-49BC-839D-A0D4CBF5A895}"
EndProject
Project("{F184B08F-C81C-45F6-A57F-5ABD9991F28F}") = "PrintInWpf", "Introduction\Printing\Print in WPF\PrintInWpf.vbproj", "{7A6CD482-5342-4508-A968-85BE495B6DF9}"
EndProject
Project("{2150E333-8FDC-42A3-9474-1A3956D46DE8}") = "Elements", "Elements", "{52D48443-AB10-47C9-83AA-ED875C8207C7}"
EndProject
Project("{778DAE3C-4631-46EA-AA77-85C1314464D9}") = "BasicObjects", "Elements\Basic Objects\BasicObjects.vbproj", "{735AF55E-A4E3-4DCF-ACBD-2C7F2AC57702}"
EndProject
Project("{778DAE3C-4631-46EA-AA77-85C1314464D9}") = "Outlines", "Elements\Bookmarks (Outlines)\Outlines.vbproj", "{7A53E4E1-F24E-4B86-84AB-F44718616267}"
EndProject
Project("{778DAE3C-4631-46EA-AA77-85C1314464D9}") = "ChartsAndBarcodes", "Elements\Charts and Barcodes\ChartsAndBarcodes.vbproj", "{41B8B6F4-57EF-45BA-9A03-7A6AE91C4FC9}"
EndProject
Project("{778DAE3C-4631-46EA-AA77-85C1314464D9}") = "ContentGroups", "Elements\Content Groups\ContentGroups.vbproj", "{12D4898B-8E4A-4F2C-805D-F21CD52BB100}"
EndProject
Project("{778DAE3C-4631-46EA-AA77-85C1314464D9}") = "DocumentProperties", "Elements\Document Properties\DocumentProperties.vbproj", "{CACA94C7-8FDE-4F4E-953A-297F039D27B9}"
EndProject
Project("{778DAE3C-4631-46EA-AA77-85C1314464D9}") = "FormXObjects", "Elements\Form XObjects\FormXObjects.vbproj", "{07E689C6-74CA-4CD2-9C0A-F09527C060C4}"
EndProject
Project("{778DAE3C-4631-46EA-AA77-85C1314464D9}") = "HeaderAndFooter", "Elements\Header and Footer\HeaderAndFooter.vbproj", "{250981EC-3003-4FFC-9AA7-80F9695A940B}"
EndProject
Project("{778DAE3C-4631-46EA-AA77-85C1314464D9}") = "Hyperlinks", "Elements\Hyperlinks\Hyperlinks.vbproj", "{2564414D-90F1-4ACE-BDDD-229BF4CD399D}"
EndProject
Project("{778DAE3C-4631-46EA-AA77-85C1314464D9}") = "Images", "Elements\Images\Images.vbproj", "{6481F341-5E58-4299-89F4-8FF65868AAAE}"
EndProject
Project("{778DAE3C-4631-46EA-AA77-85C1314464D9}") = "MarkedContent", "Elements\Marked Content\MarkedContent.vbproj", "{B7FBFF2C-0F16-461B-BB27-56D3E801C532}"
EndProject
Project("{778DAE3C-4631-46EA-AA77-85C1314464D9}") = "Paths", "Elements\Shapes (Paths)\Paths.vbproj", "{EC84D12F-4626-4342-A3D2-95E9BCBBE9D8}"
EndProject
Project("{778DAE3C-4631-46EA-AA77-85C1314464D9}") = "TableOfContents", "Elements\Table Of Contents\TableOfContents.vbproj", "{E5330175-A8F0-4E34-96BE-DA352400176C}"
EndProject
Project("{778DAE3C-4631-46EA-AA77-85C1314464D9}") = "Watermarks", "Elements\Watermarks\Watermarks.vbproj", "{0DF92CC7-18AE-48E6-BBC3-5CCADD725105}"
EndProject
Project("{2150E333-8FDC-42A3-9474-1A3956D46DE8}") = "Features", "Features", "{10FE6F9B-D8DB-474E-9628-7BA48B13C98A}"
EndProject
Project("{778DAE3C-4631-46EA-AA77-85C1314464D9}") = "Cloning", "Features\Cloning\Cloning.vbproj", "{077E5DE0-2A26-4BFA-A7A7-309DD81115B4}"
EndProject
Project("{778DAE3C-4631-46EA-AA77-85C1314464D9}") = "ContentFormatting", "Features\Content Formatting\ContentFormatting.vbproj", "{D1F93103-22D5-4DEB-8D41-949C6652E17D}"
EndProject
Project("{778DAE3C-4631-46EA-AA77-85C1314464D9}") = "ContentStreamsAndResources", "Features\Content Streams and Resources\ContentStreamsAndResources.vbproj", "{6DAC9EEE-5CD2-4388-9997-1D28F7B91E8D}"
EndProject
Project("{778DAE3C-4631-46EA-AA77-85C1314464D9}") = "Convert", "Features\Convert\Convert.vbproj", "{853B0EB2-7E03-4A18-ADD9-8334F0187E26}"
EndProject
Project("{778DAE3C-4631-46EA-AA77-85C1314464D9}") = "ConvertFromImage", "Features\Convert from Image\ConvertFromImage.vbproj", "{CF378E7B-8A99-4E59-9611-5ABC14713DA4}"
EndProject
Project("{778DAE3C-4631-46EA-AA77-85C1314464D9}") = "Fonts", "Features\Fonts\Fonts.vbproj", "{ED790B53-D610-422C-A527-95928EBE7BBF}"
EndProject
Project("{778DAE3C-4631-46EA-AA77-85C1314464D9}") = "IncrementalUpdate", "Features\Incremental Update\IncrementalUpdate.vbproj", "{7769DE55-090B-4D4F-872B-09D98DBDE719}"
EndProject
Project("{778DAE3C-4631-46EA-AA77-85C1314464D9}") = "OpticalCharacterRecognition", "Features\Optical Character Recognition (OCR)\OpticalCharacterRecognition.vbproj", "{6CC5227F-D73F-4474-839A-D73E9CE93FD8}"
EndProject
Project("{778DAE3C-4631-46EA-AA77-85C1314464D9}") = "PageTree", "Features\Page Tree\PageTree.vbproj", "{0E0659AF-A0B3-47BC-8CDA-490F253B24B6}"
EndProject
Project("{778DAE3C-4631-46EA-AA77-85C1314464D9}") = "RedactionOfContent", "Features\Redaction of Content\RedactionOfContent.vbproj", "{1DED6981-0E6F-4859-8E76-9A023DC23258}"
EndProject
Project("{778DAE3C-4631-46EA-AA77-85C1314464D9}") = "ViewerPreferences", "Features\Viewer Preferences\ViewerPreferences.vbproj", "{4319477C-0F9D-4828-8EB3-B7157B760C9A}"
EndProject
Project("{2150E333-8FDC-42A3-9474-1A3956D46DE8}") = "Forms", "Forms", "{3EF24A95-6AC0-49A1-BF98-76B497DA2D71}"
EndProject
Project("{778DAE3C-4631-46EA-AA77-85C1314464D9}") = "CreateForm", "Forms\Create Form\CreateForm.vbproj", "{B378A5D2-8272-4027-934F-D1C10F7F3C89}"
EndProject
Project("{778DAE3C-4631-46EA-AA77-85C1314464D9}") = "ExportForm", "Forms\Export Form\ExportForm.vbproj", "{BA2C596F-07BA-4D38-8461-F84EA2F57BE8}"
EndProject
Project("{778DAE3C-4631-46EA-AA77-85C1314464D9}") = "FillinForm", "Forms\Fill in Form\FillinForm.vbproj", "{6E3D169B-A11D-4D4D-8D03-3F1FCD96B4CC}"
EndProject
Project("{778DAE3C-4631-46EA-AA77-85C1314464D9}") = "FlattenForm", "Forms\Flatten Form\FlattenForm.vbproj", "{F587F3D2-C387-4D63-ADE9-1FA50C84DC07}"
EndProject
Project("{778DAE3C-4631-46EA-AA77-85C1314464D9}") = "FormActions", "Forms\Form Actions\FormActions.vbproj", "{20FE95B3-D159-495B-83D6-5024E7B77B38}"
EndProject
Project("{778DAE3C-4631-46EA-AA77-85C1314464D9}") = "ReadForm", "Forms\Read Form\ReadForm.vbproj", "{FF5F61A2-4559-43C1-B6DA-6A34016B6978}"
EndProject
Project("{2150E333-8FDC-42A3-9474-1A3956D46DE8}") = "Attachments", "Attachments", "{09ED476A-1228-4F7D-BDFF-36D96B4B7A4B}"
EndProject
Project("{778DAE3C-4631-46EA-AA77-85C1314464D9}") = "AssociatedFiles", "Attachments\Associated Files\AssociatedFiles.vbproj", "{D4913589-8B85-499F-9E72-74262C51B1A7}"
EndProject
Project("{778DAE3C-4631-46EA-AA77-85C1314464D9}") = "EmbeddedFiles", "Attachments\Embedded Files\EmbeddedFiles.vbproj", "{E0C5206F-5118-42A1-845C-0B261CEF2A39}"
EndProject
Project("{778DAE3C-4631-46EA-AA77-85C1314464D9}") = "FileAttachmentAnnotations", "Attachments\File Attachment Annotations\FileAttachmentAnnotations.vbproj", "{9F6A6907-AC2E-4A04-B7B0-3D289D877454}"
EndProject
Project("{778DAE3C-4631-46EA-AA77-85C1314464D9}") = "Portfolios", "Attachments\Portfolios\Portfolios.vbproj", "{2F4BF9FD-02F2-4DCC-A15C-1AB6BAD16F59}"
EndProject
Project("{2150E333-8FDC-42A3-9474-1A3956D46DE8}") = "Security", "Security", "{9D0AF9A9-FA0E-4174-ADA6-AF27C253FCFD}"
EndProject
Project("{778DAE3C-4631-46EA-AA77-85C1314464D9}") = "DigitalSignature", "Security\Digital Signature\DigitalSignature.vbproj", "{E49665B0-E5AC-44E8-B4B3-16124B70DCCC}"
EndProject
Project("{778DAE3C-4631-46EA-AA77-85C1314464D9}") = "DigitalSignaturePAdES", "Security\Digital Signature PAdES\DigitalSignaturePAdES.vbproj", "{CE5AA8C1-771C-476E-A0F1-0F1E4E8B3FC9}"
EndProject
Project("{778DAE3C-4631-46EA-AA77-85C1314464D9}") = "DigitalSignaturePKCS11", "Security\Digital Signature PKCS#11\DigitalSignaturePKCS11.vbproj", "{C7C695B5-71C0-461A-9637-4D02FB938E68}"
EndProject
Project("{778DAE3C-4631-46EA-AA77-85C1314464D9}") = "DigitalSignatureValidation", "Security\Digital Signature Validation\DigitalSignatureValidation.vbproj", "{A25C151B-863F-42F5-BAED-A8E4D1D804AF}"
EndProject
Project("{778DAE3C-4631-46EA-AA77-85C1314464D9}") = "DigitalSignatureWorkflows", "Security\Digital Signature Workflows\DigitalSignatureWorkflows.vbproj", "{4110214E-EF90-4A01-B197-D8C644284CDC}"
EndProject
Project("{778DAE3C-4631-46EA-AA77-85C1314464D9}") = "Encryption", "Security\Encryption\Encryption.vbproj", "{68638520-2320-4CBB-A646-8D671D15AE1D}"
EndProject
Project("{2150E333-8FDC-42A3-9474-1A3956D46DE8}") = "Platforms", "Platforms", "{274D88FB-A9B9-4E19-A920-683C379A7E0E}"
EndProject
Project("{778DAE3C-4631-46EA-AA77-85C1314464D9}") = "AzureFunction", "Platforms\Azure\AzureFunction.vbproj", "{7CFF9580-CF2F-42A0-8594-25763C06C3B2}"
EndProject
Project("{778DAE3C-4631-46EA-AA77-85C1314464D9}") = "PdfDocker", "Platforms\Docker\PdfDocker.vbproj", "{82B2F96C-C7AA-4891-8453-7DBC4CE67B93}"
EndProject
Project("{F184B08F-C81C-45F6-A57F-5ABD9991F28F}") = "WpfExportToImageSource", "Platforms\Export PDF in WPF\ImageSource\WpfExportToImageSource.vbproj", "{69239C02-27DE-4961-87E4-711F7CABAF93}"
EndProject
Project("{F184B08F-C81C-45F6-A57F-5ABD9991F28F}") = "WpfExportToXpsDocument", "Platforms\Export PDF in WPF\XpsDocument\WpfExportToXpsDocument.vbproj", "{0DA29309-80A1-4E61-9B15-2889C1A5D103}"
EndProject
Global
	GlobalSection(SolutionConfigurationPlatforms) = preSolution
		Debug|Any CPU = Debug|Any CPU
		Release|Any CPU = Release|Any CPU
	EndGlobalSection
	GlobalSection(ProjectConfigurationPlatforms) = postSolution
		{C5259C69-319D-42AB-8191-8F99480E98FC}.Debug|Any CPU.ActiveCfg = Debug|Any CPU
		{C5259C69-319D-42AB-8191-8F99480E98FC}.Debug|Any CPU.Build.0 = Debug|Any CPU
		{C5259C69-319D-42AB-8191-8F99480E98FC}.Release|Any CPU.ActiveCfg = Release|Any CPU
		{C5259C69-319D-42AB-8191-8F99480E98FC}.Release|Any CPU.Build.0 = Release|Any CPU
		{59BE4638-53F2-4BCB-AF0C-9836DEC82D44}.Debug|Any CPU.ActiveCfg = Debug|Any CPU
		{59BE4638-53F2-4BCB-AF0C-9836DEC82D44}.Debug|Any CPU.Build.0 = Debug|Any CPU
		{59BE4638-53F2-4BCB-AF0C-9836DEC82D44}.Release|Any CPU.ActiveCfg = Release|Any CPU
		{59BE4638-53F2-4BCB-AF0C-9836DEC82D44}.Release|Any CPU.Build.0 = Release|Any CPU
		{C90CCBDF-9AC9-4A85-A6F9-1DB846C702DC}.Debug|Any CPU.ActiveCfg = Debug|Any CPU
		{C90CCBDF-9AC9-4A85-A6F9-1DB846C702DC}.Debug|Any CPU.Build.0 = Debug|Any CPU
		{C90CCBDF-9AC9-4A85-A6F9-1DB846C702DC}.Release|Any CPU.ActiveCfg = Release|Any CPU
		{C90CCBDF-9AC9-4A85-A6F9-1DB846C702DC}.Release|Any CPU.Build.0 = Release|Any CPU
		{C94A52C7-ADC9-41AC-97A4-C8860B71A555}.Debug|Any CPU.ActiveCfg = Debug|Any CPU
		{C94A52C7-ADC9-41AC-97A4-C8860B71A555}.Debug|Any CPU.Build.0 = Debug|Any CPU
		{C94A52C7-ADC9-41AC-97A4-C8860B71A555}.Release|Any CPU.ActiveCfg = Release|Any CPU
		{C94A52C7-ADC9-41AC-97A4-C8860B71A555}.Release|Any CPU.Build.0 = Release|Any CPU
		{3695931A-F49C-4E05-9B99-1668A68BA447}.Debug|Any CPU.ActiveCfg = Debug|Any CPU
		{3695931A-F49C-4E05-9B99-1668A68BA447}.Debug|Any CPU.Build.0 = Debug|Any CPU
		{3695931A-F49C-4E05-9B99-1668A68BA447}.Release|Any CPU.ActiveCfg = Release|Any CPU
		{3695931A-F49C-4E05-9B99-1668A68BA447}.Release|Any CPU.Build.0 = Release|Any CPU
		{07FE8BF7-E265-4D9B-B5C0-1E7E3240D83F}.Debug|Any CPU.ActiveCfg = Debug|Any CPU
		{07FE8BF7-E265-4D9B-B5C0-1E7E3240D83F}.Debug|Any CPU.Build.0 = Debug|Any CPU
		{07FE8BF7-E265-4D9B-B5C0-1E7E3240D83F}.Release|Any CPU.ActiveCfg = Release|Any CPU
		{07FE8BF7-E265-4D9B-B5C0-1E7E3240D83F}.Release|Any CPU.Build.0 = Release|Any CPU
		{FCDBCF75-02EF-49BC-839D-A0D4CBF5A895}.Debug|Any CPU.ActiveCfg = Debug|Any CPU
		{FCDBCF75-02EF-49BC-839D-A0D4CBF5A895}.Debug|Any CPU.Build.0 = Debug|Any CPU
		{FCDBCF75-02EF-49BC-839D-A0D4CBF5A895}.Release|Any CPU.ActiveCfg = Release|Any CPU
		{FCDBCF75-02EF-49BC-839D-A0D4CBF5A895}.Release|Any CPU.Build.0 = Release|Any CPU
		{7A6CD482-5342-4508-A968-85BE495B6DF9}.Debug|Any CPU.ActiveCfg = Debug|Any CPU
		{7A6CD482-5342-4508-A968-85BE495B6DF9}.Debug|Any CPU.Build.0 = Debug|Any CPU
		{7A6CD482-5342-4508-A968-85BE495B6DF9}.Release|Any CPU.ActiveCfg = Release|Any CPU
		{7A6CD482-5342-4508-A968-85BE495B6DF9}.Release|Any CPU.Build.0 = Release|Any CPU
		{735AF55E-A4E3-4DCF-ACBD-2C7F2AC57702}.Debug|Any CPU.ActiveCfg = Debug|Any CPU
		{735AF55E-A4E3-4DCF-ACBD-2C7F2AC57702}.Debug|Any CPU.Build.0 = Debug|Any CPU
		{735AF55E-A4E3-4DCF-ACBD-2C7F2AC57702}.Release|Any CPU.ActiveCfg = Release|Any CPU
		{735AF55E-A4E3-4DCF-ACBD-2C7F2AC57702}.Release|Any CPU.Build.0 = Release|Any CPU
		{7A53E4E1-F24E-4B86-84AB-F44718616267}.Debug|Any CPU.ActiveCfg = Debug|Any CPU
		{7A53E4E1-F24E-4B86-84AB-F44718616267}.Debug|Any CPU.Build.0 = Debug|Any CPU
		{7A53E4E1-F24E-4B86-84AB-F44718616267}.Release|Any CPU.ActiveCfg = Release|Any CPU
		{7A53E4E1-F24E-4B86-84AB-F44718616267}.Release|Any CPU.Build.0 = Release|Any CPU
		{41B8B6F4-57EF-45BA-9A03-7A6AE91C4FC9}.Debug|Any CPU.ActiveCfg = Debug|Any CPU
		{41B8B6F4-57EF-45BA-9A03-7A6AE91C4FC9}.Debug|Any CPU.Build.0 = Debug|Any CPU
		{41B8B6F4-57EF-45BA-9A03-7A6AE91C4FC9}.Release|Any CPU.ActiveCfg = Release|Any CPU
		{41B8B6F4-57EF-45BA-9A03-7A6AE91C4FC9}.Release|Any CPU.Build.0 = Release|Any CPU
		{12D4898B-8E4A-4F2C-805D-F21CD52BB100}.Debug|Any CPU.ActiveCfg = Debug|Any CPU
		{12D4898B-8E4A-4F2C-805D-F21CD52BB100}.Debug|Any CPU.Build.0 = Debug|Any CPU
		{12D4898B-8E4A-4F2C-805D-F21CD52BB100}.Release|Any CPU.ActiveCfg = Release|Any CPU
		{12D4898B-8E4A-4F2C-805D-F21CD52BB100}.Release|Any CPU.Build.0 = Release|Any CPU
		{CACA94C7-8FDE-4F4E-953A-297F039D27B9}.Debug|Any CPU.ActiveCfg = Debug|Any CPU
		{CACA94C7-8FDE-4F4E-953A-297F039D27B9}.Debug|Any CPU.Build.0 = Debug|Any CPU
		{CACA94C7-8FDE-4F4E-953A-297F039D27B9}.Release|Any CPU.ActiveCfg = Release|Any CPU
		{CACA94C7-8FDE-4F4E-953A-297F039D27B9}.Release|Any CPU.Build.0 = Release|Any CPU
		{07E689C6-74CA-4CD2-9C0A-F09527C060C4}.Debug|Any CPU.ActiveCfg = Debug|Any CPU
		{07E689C6-74CA-4CD2-9C0A-F09527C060C4}.Debug|Any CPU.Build.0 = Debug|Any CPU
		{07E689C6-74CA-4CD2-9C0A-F09527C060C4}.Release|Any CPU.ActiveCfg = Release|Any CPU
		{07E689C6-74CA-4CD2-9C0A-F09527C060C4}.Release|Any CPU.Build.0 = Release|Any CPU
		{250981EC-3003-4FFC-9AA7-80F9695A940B}.Debug|Any CPU.ActiveCfg = Debug|Any CPU
		{250981EC-3003-4FFC-9AA7-80F9695A940B}.Debug|Any CPU.Build.0 = Debug|Any CPU
		{250981EC-3003-4FFC-9AA7-80F9695A940B}.Release|Any CPU.ActiveCfg = Release|Any CPU
		{250981EC-3003-4FFC-9AA7-80F9695A940B}.Release|Any CPU.Build.0 = Release|Any CPU
		{2564414D-90F1-4ACE-BDDD-229BF4CD399D}.Debug|Any CPU.ActiveCfg = Debug|Any CPU
		{2564414D-90F1-4ACE-BDDD-229BF4CD399D}.Debug|Any CPU.Build.0 = Debug|Any CPU
		{2564414D-90F1-4ACE-BDDD-229BF4CD399D}.Release|Any CPU.ActiveCfg = Release|Any CPU
		{2564414D-90F1-4ACE-BDDD-229BF4CD399D}.Release|Any CPU.Build.0 = Release|Any CPU
		{6481F341-5E58-4299-89F4-8FF65868AAAE}.Debug|Any CPU.ActiveCfg = Debug|Any CPU
		{6481F341-5E58-4299-89F4-8FF65868AAAE}.Debug|Any CPU.Build.0 = Debug|Any CPU
		{6481F341-5E58-4299-89F4-8FF65868AAAE}.Release|Any CPU.ActiveCfg = Release|Any CPU
		{6481F341-5E58-4299-89F4-8FF65868AAAE}.Release|Any CPU.Build.0 = Release|Any CPU
		{B7FBFF2C-0F16-461B-BB27-56D3E801C532}.Debug|Any CPU.ActiveCfg = Debug|Any CPU
		{B7FBFF2C-0F16-461B-BB27-56D3E801C532}.Debug|Any CPU.Build.0 = Debug|Any CPU
		{B7FBFF2C-0F16-461B-BB27-56D3E801C532}.Release|Any CPU.ActiveCfg = Release|Any CPU
		{B7FBFF2C-0F16-461B-BB27-56D3E801C532}.Release|Any CPU.Build.0 = Release|Any CPU
		{EC84D12F-4626-4342-A3D2-95E9BCBBE9D8}.Debug|Any CPU.ActiveCfg = Debug|Any CPU
		{EC84D12F-4626-4342-A3D2-95E9BCBBE9D8}.Debug|Any CPU.Build.0 = Debug|Any CPU
		{EC84D12F-4626-4342-A3D2-95E9BCBBE9D8}.Release|Any CPU.ActiveCfg = Release|Any CPU
		{EC84D12F-4626-4342-A3D2-95E9BCBBE9D8}.Release|Any CPU.Build.0 = Release|Any CPU
		{E5330175-A8F0-4E34-96BE-DA352400176C}.Debug|Any CPU.ActiveCfg = Debug|Any CPU
		{E5330175-A8F0-4E34-96BE-DA352400176C}.Debug|Any CPU.Build.0 = Debug|Any CPU
		{E5330175-A8F0-4E34-96BE-DA352400176C}.Release|Any CPU.ActiveCfg = Release|Any CPU
		{E5330175-A8F0-4E34-96BE-DA352400176C}.Release|Any CPU.Build.0 = Release|Any CPU
		{0DF92CC7-18AE-48E6-BBC3-5CCADD725105}.Debug|Any CPU.ActiveCfg = Debug|Any CPU
		{0DF92CC7-18AE-48E6-BBC3-5CCADD725105}.Debug|Any CPU.Build.0 = Debug|Any CPU
		{0DF92CC7-18AE-48E6-BBC3-5CCADD725105}.Release|Any CPU.ActiveCfg = Release|Any CPU
		{0DF92CC7-18AE-48E6-BBC3-5CCADD725105}.Release|Any CPU.Build.0 = Release|Any CPU
		{077E5DE0-2A26-4BFA-A7A7-309DD81115B4}.Debug|Any CPU.ActiveCfg = Debug|Any CPU
		{077E5DE0-2A26-4BFA-A7A7-309DD81115B4}.Debug|Any CPU.Build.0 = Debug|Any CPU
		{077E5DE0-2A26-4BFA-A7A7-309DD81115B4}.Release|Any CPU.ActiveCfg = Release|Any CPU
		{077E5DE0-2A26-4BFA-A7A7-309DD81115B4}.Release|Any CPU.Build.0 = Release|Any CPU
		{D1F93103-22D5-4DEB-8D41-949C6652E17D}.Debug|Any CPU.ActiveCfg = Debug|Any CPU
		{D1F93103-22D5-4DEB-8D41-949C6652E17D}.Debug|Any CPU.Build.0 = Debug|Any CPU
		{D1F93103-22D5-4DEB-8D41-949C6652E17D}.Release|Any CPU.ActiveCfg = Release|Any CPU
		{D1F93103-22D5-4DEB-8D41-949C6652E17D}.Release|Any CPU.Build.0 = Release|Any CPU
		{6DAC9EEE-5CD2-4388-9997-1D28F7B91E8D}.Debug|Any CPU.ActiveCfg = Debug|Any CPU
		{6DAC9EEE-5CD2-4388-9997-1D28F7B91E8D}.Debug|Any CPU.Build.0 = Debug|Any CPU
		{6DAC9EEE-5CD2-4388-9997-1D28F7B91E8D}.Release|Any CPU.ActiveCfg = Release|Any CPU
		{6DAC9EEE-5CD2-4388-9997-1D28F7B91E8D}.Release|Any CPU.Build.0 = Release|Any CPU
		{853B0EB2-7E03-4A18-ADD9-8334F0187E26}.Debug|Any CPU.ActiveCfg = Debug|Any CPU
		{853B0EB2-7E03-4A18-ADD9-8334F0187E26}.Debug|Any CPU.Build.0 = Debug|Any CPU
		{853B0EB2-7E03-4A18-ADD9-8334F0187E26}.Release|Any CPU.ActiveCfg = Release|Any CPU
		{853B0EB2-7E03-4A18-ADD9-8334F0187E26}.Release|Any CPU.Build.0 = Release|Any CPU
		{CF378E7B-8A99-4E59-9611-5ABC14713DA4}.Debug|Any CPU.ActiveCfg = Debug|Any CPU
		{CF378E7B-8A99-4E59-9611-5ABC14713DA4}.Debug|Any CPU.Build.0 = Debug|Any CPU
		{CF378E7B-8A99-4E59-9611-5ABC14713DA4}.Release|Any CPU.ActiveCfg = Release|Any CPU
		{CF378E7B-8A99-4E59-9611-5ABC14713DA4}.Release|Any CPU.Build.0 = Release|Any CPU
		{ED790B53-D610-422C-A527-95928EBE7BBF}.Debug|Any CPU.ActiveCfg = Debug|Any CPU
		{ED790B53-D610-422C-A527-95928EBE7BBF}.Debug|Any CPU.Build.0 = Debug|Any CPU
		{ED790B53-D610-422C-A527-95928EBE7BBF}.Release|Any CPU.ActiveCfg = Release|Any CPU
		{ED790B53-D610-422C-A527-95928EBE7BBF}.Release|Any CPU.Build.0 = Release|Any CPU
		{7769DE55-090B-4D4F-872B-09D98DBDE719}.Debug|Any CPU.ActiveCfg = Debug|Any CPU
		{7769DE55-090B-4D4F-872B-09D98DBDE719}.Debug|Any CPU.Build.0 = Debug|Any CPU
		{7769DE55-090B-4D4F-872B-09D98DBDE719}.Release|Any CPU.ActiveCfg = Release|Any CPU
		{7769DE55-090B-4D4F-872B-09D98DBDE719}.Release|Any CPU.Build.0 = Release|Any CPU
		{6CC5227F-D73F-4474-839A-D73E9CE93FD8}.Debug|Any CPU.ActiveCfg = Debug|Any CPU
		{6CC5227F-D73F-4474-839A-D73E9CE93FD8}.Debug|Any CPU.Build.0 = Debug|Any CPU
		{6CC5227F-D73F-4474-839A-D73E9CE93FD8}.Release|Any CPU.ActiveCfg = Release|Any CPU
		{6CC5227F-D73F-4474-839A-D73E9CE93FD8}.Release|Any CPU.Build.0 = Release|Any CPU
		{0E0659AF-A0B3-47BC-8CDA-490F253B24B6}.Debug|Any CPU.ActiveCfg = Debug|Any CPU
		{0E0659AF-A0B3-47BC-8CDA-490F253B24B6}.Debug|Any CPU.Build.0 = Debug|Any CPU
		{0E0659AF-A0B3-47BC-8CDA-490F253B24B6}.Release|Any CPU.ActiveCfg = Release|Any CPU
		{0E0659AF-A0B3-47BC-8CDA-490F253B24B6}.Release|Any CPU.Build.0 = Release|Any CPU
		{1DED6981-0E6F-4859-8E76-9A023DC23258}.Debug|Any CPU.ActiveCfg = Debug|Any CPU
		{1DED6981-0E6F-4859-8E76-9A023DC23258}.Debug|Any CPU.Build.0 = Debug|Any CPU
		{1DED6981-0E6F-4859-8E76-9A023DC23258}.Release|Any CPU.ActiveCfg = Release|Any CPU
		{1DED6981-0E6F-4859-8E76-9A023DC23258}.Release|Any CPU.Build.0 = Release|Any CPU
		{4319477C-0F9D-4828-8EB3-B7157B760C9A}.Debug|Any CPU.ActiveCfg = Debug|Any CPU
		{4319477C-0F9D-4828-8EB3-B7157B760C9A}.Debug|Any CPU.Build.0 = Debug|Any CPU
		{4319477C-0F9D-4828-8EB3-B7157B760C9A}.Release|Any CPU.ActiveCfg = Release|Any CPU
		{4319477C-0F9D-4828-8EB3-B7157B760C9A}.Release|Any CPU.Build.0 = Release|Any CPU
		{B378A5D2-8272-4027-934F-D1C10F7F3C89}.Debug|Any CPU.ActiveCfg = Debug|Any CPU
		{B378A5D2-8272-4027-934F-D1C10F7F3C89}.Debug|Any CPU.Build.0 = Debug|Any CPU
		{B378A5D2-8272-4027-934F-D1C10F7F3C89}.Release|Any CPU.ActiveCfg = Release|Any CPU
		{B378A5D2-8272-4027-934F-D1C10F7F3C89}.Release|Any CPU.Build.0 = Release|Any CPU
		{BA2C596F-07BA-4D38-8461-F84EA2F57BE8}.Debug|Any CPU.ActiveCfg = Debug|Any CPU
		{BA2C596F-07BA-4D38-8461-F84EA2F57BE8}.Debug|Any CPU.Build.0 = Debug|Any CPU
		{BA2C596F-07BA-4D38-8461-F84EA2F57BE8}.Release|Any CPU.ActiveCfg = Release|Any CPU
		{BA2C596F-07BA-4D38-8461-F84EA2F57BE8}.Release|Any CPU.Build.0 = Release|Any CPU
		{6E3D169B-A11D-4D4D-8D03-3F1FCD96B4CC}.Debug|Any CPU.ActiveCfg = Debug|Any CPU
		{6E3D169B-A11D-4D4D-8D03-3F1FCD96B4CC}.Debug|Any CPU.Build.0 = Debug|Any CPU
		{6E3D169B-A11D-4D4D-8D03-3F1FCD96B4CC}.Release|Any CPU.ActiveCfg = Release|Any CPU
		{6E3D169B-A11D-4D4D-8D03-3F1FCD96B4CC}.Release|Any CPU.Build.0 = Release|Any CPU
		{F587F3D2-C387-4D63-ADE9-1FA50C84DC07}.Debug|Any CPU.ActiveCfg = Debug|Any CPU
		{F587F3D2-C387-4D63-ADE9-1FA50C84DC07}.Debug|Any CPU.Build.0 = Debug|Any CPU
		{F587F3D2-C387-4D63-ADE9-1FA50C84DC07}.Release|Any CPU.ActiveCfg = Release|Any CPU
		{F587F3D2-C387-4D63-ADE9-1FA50C84DC07}.Release|Any CPU.Build.0 = Release|Any CPU
		{20FE95B3-D159-495B-83D6-5024E7B77B38}.Debug|Any CPU.ActiveCfg = Debug|Any CPU
		{20FE95B3-D159-495B-83D6-5024E7B77B38}.Debug|Any CPU.Build.0 = Debug|Any CPU
		{20FE95B3-D159-495B-83D6-5024E7B77B38}.Release|Any CPU.ActiveCfg = Release|Any CPU
		{20FE95B3-D159-495B-83D6-5024E7B77B38}.Release|Any CPU.Build.0 = Release|Any CPU
		{FF5F61A2-4559-43C1-B6DA-6A34016B6978}.Debug|Any CPU.ActiveCfg = Debug|Any CPU
		{FF5F61A2-4559-43C1-B6DA-6A34016B6978}.Debug|Any CPU.Build.0 = Debug|Any CPU
		{FF5F61A2-4559-43C1-B6DA-6A34016B6978}.Release|Any CPU.ActiveCfg = Release|Any CPU
		{FF5F61A2-4559-43C1-B6DA-6A34016B6978}.Release|Any CPU.Build.0 = Release|Any CPU
		{D4913589-8B85-499F-9E72-74262C51B1A7}.Debug|Any CPU.ActiveCfg = Debug|Any CPU
		{D4913589-8B85-499F-9E72-74262C51B1A7}.Debug|Any CPU.Build.0 = Debug|Any CPU
		{D4913589-8B85-499F-9E72-74262C51B1A7}.Release|Any CPU.ActiveCfg = Release|Any CPU
		{D4913589-8B85-499F-9E72-74262C51B1A7}.Release|Any CPU.Build.0 = Release|Any CPU
		{E0C5206F-5118-42A1-845C-0B261CEF2A39}.Debug|Any CPU.ActiveCfg = Debug|Any CPU
		{E0C5206F-5118-42A1-845C-0B261CEF2A39}.Debug|Any CPU.Build.0 = Debug|Any CPU
		{E0C5206F-5118-42A1-845C-0B261CEF2A39}.Release|Any CPU.ActiveCfg = Release|Any CPU
		{E0C5206F-5118-42A1-845C-0B261CEF2A39}.Release|Any CPU.Build.0 = Release|Any CPU
		{9F6A6907-AC2E-4A04-B7B0-3D289D877454}.Debug|Any CPU.ActiveCfg = Debug|Any CPU
		{9F6A6907-AC2E-4A04-B7B0-3D289D877454}.Debug|Any CPU.Build.0 = Debug|Any CPU
		{9F6A6907-AC2E-4A04-B7B0-3D289D877454}.Release|Any CPU.ActiveCfg = Release|Any CPU
		{9F6A6907-AC2E-4A04-B7B0-3D289D877454}.Release|Any CPU.Build.0 = Release|Any CPU
		{2F4BF9FD-02F2-4DCC-A15C-1AB6BAD16F59}.Debug|Any CPU.ActiveCfg = Debug|Any CPU
		{2F4BF9FD-02F2-4DCC-A15C-1AB6BAD16F59}.Debug|Any CPU.Build.0 = Debug|Any CPU
		{2F4BF9FD-02F2-4DCC-A15C-1AB6BAD16F59}.Release|Any CPU.ActiveCfg = Release|Any CPU
		{2F4BF9FD-02F2-4DCC-A15C-1AB6BAD16F59}.Release|Any CPU.Build.0 = Release|Any CPU
		{E49665B0-E5AC-44E8-B4B3-16124B70DCCC}.Debug|Any CPU.ActiveCfg = Debug|Any CPU
		{E49665B0-E5AC-44E8-B4B3-16124B70DCCC}.Debug|Any CPU.Build.0 = Debug|Any CPU
		{E49665B0-E5AC-44E8-B4B3-16124B70DCCC}.Release|Any CPU.ActiveCfg = Release|Any CPU
		{E49665B0-E5AC-44E8-B4B3-16124B70DCCC}.Release|Any CPU.Build.0 = Release|Any CPU
		{CE5AA8C1-771C-476E-A0F1-0F1E4E8B3FC9}.Debug|Any CPU.ActiveCfg = Debug|Any CPU
		{CE5AA8C1-771C-476E-A0F1-0F1E4E8B3FC9}.Debug|Any CPU.Build.0 = Debug|Any CPU
		{CE5AA8C1-771C-476E-A0F1-0F1E4E8B3FC9}.Release|Any CPU.ActiveCfg = Release|Any CPU
		{CE5AA8C1-771C-476E-A0F1-0F1E4E8B3FC9}.Release|Any CPU.Build.0 = Release|Any CPU
		{C7C695B5-71C0-461A-9637-4D02FB938E68}.Debug|Any CPU.ActiveCfg = Debug|Any CPU
		{C7C695B5-71C0-461A-9637-4D02FB938E68}.Debug|Any CPU.Build.0 = Debug|Any CPU
		{C7C695B5-71C0-461A-9637-4D02FB938E68}.Release|Any CPU.ActiveCfg = Release|Any CPU
		{C7C695B5-71C0-461A-9637-4D02FB938E68}.Release|Any CPU.Build.0 = Release|Any CPU
		{A25C151B-863F-42F5-BAED-A8E4D1D804AF}.Debug|Any CPU.ActiveCfg = Debug|Any CPU
		{A25C151B-863F-42F5-BAED-A8E4D1D804AF}.Debug|Any CPU.Build.0 = Debug|Any CPU
		{A25C151B-863F-42F5-BAED-A8E4D1D804AF}.Release|Any CPU.ActiveCfg = Release|Any CPU
		{A25C151B-863F-42F5-BAED-A8E4D1D804AF}.Release|Any CPU.Build.0 = Release|Any CPU
		{4110214E-EF90-4A01-B197-D8C644284CDC}.Debug|Any CPU.ActiveCfg = Debug|Any CPU
		{4110214E-EF90-4A01-B197-D8C644284CDC}.Debug|Any CPU.Build.0 = Debug|Any CPU
		{4110214E-EF90-4A01-B197-D8C644284CDC}.Release|Any CPU.ActiveCfg = Release|Any CPU
		{4110214E-EF90-4A01-B197-D8C644284CDC}.Release|Any CPU.Build.0 = Release|Any CPU
		{68638520-2320-4CBB-A646-8D671D15AE1D}.Debug|Any CPU.ActiveCfg = Debug|Any CPU
		{68638520-2320-4CBB-A646-8D671D15AE1D}.Debug|Any CPU.Build.0 = Debug|Any CPU
		{68638520-2320-4CBB-A646-8D671D15AE1D}.Release|Any CPU.ActiveCfg = Release|Any CPU
		{68638520-2320-4CBB-A646-8D671D15AE1D}.Release|Any CPU.Build.0 = Release|Any CPU
		{7CFF9580-CF2F-42A0-8594-25763C06C3B2}.Debug|Any CPU.ActiveCfg = Debug|Any CPU
		{7CFF9580-CF2F-42A0-8594-25763C06C3B2}.Debug|Any CPU.Build.0 = Debug|Any CPU
		{7CFF9580-CF2F-42A0-8594-25763C06C3B2}.Release|Any CPU.ActiveCfg = Release|Any CPU
		{7CFF9580-CF2F-42A0-8594-25763C06C3B2}.Release|Any CPU.Build.0 = Release|Any CPU
		{82B2F96C-C7AA-4891-8453-7DBC4CE67B93}.Debug|Any CPU.ActiveCfg = Debug|Any CPU
		{82B2F96C-C7AA-4891-8453-7DBC4CE67B93}.Debug|Any CPU.Build.0 = Debug|Any CPU
		{82B2F96C-C7AA-4891-8453-7DBC4CE67B93}.Release|Any CPU.ActiveCfg = Release|Any CPU
		{82B2F96C-C7AA-4891-8453-7DBC4CE67B93}.Release|Any CPU.Build.0 = Release|Any CPU
		{69239C02-27DE-4961-87E4-711F7CABAF93}.Debug|Any CPU.ActiveCfg = Debug|Any CPU
		{69239C02-27DE-4961-87E4-711F7CABAF93}.Debug|Any CPU.Build.0 = Debug|Any CPU
		{69239C02-27DE-4961-87E4-711F7CABAF93}.Release|Any CPU.ActiveCfg = Release|Any CPU
		{69239C02-27DE-4961-87E4-711F7CABAF93}.Release|Any CPU.Build.0 = Release|Any CPU
		{0DA29309-80A1-4E61-9B15-2889C1A5D103}.Debug|Any CPU.ActiveCfg = Debug|Any CPU
		{0DA29309-80A1-4E61-9B15-2889C1A5D103}.Debug|Any CPU.Build.0 = Debug|Any CPU
		{0DA29309-80A1-4E61-9B15-2889C1A5D103}.Release|Any CPU.ActiveCfg = Release|Any CPU
		{0DA29309-80A1-4E61-9B15-2889C1A5D103}.Release|Any CPU.Build.0 = Release|Any CPU
	EndGlobalSection
	GlobalSection(SolutionProperties) = preSolution
		HideSolutionNode = FALSE
	EndGlobalSection
	GlobalSection(NestedProjects) = preSolution
		{C5259C69-319D-42AB-8191-8F99480E98FC} = {02B630D0-3F1F-4EB3-8BF8-225E0E824D79}
		{59BE4638-53F2-4BCB-AF0C-9836DEC82D44} = {02B630D0-3F1F-4EB3-8BF8-225E0E824D79}
		{C90CCBDF-9AC9-4A85-A6F9-1DB846C702DC} = {02B630D0-3F1F-4EB3-8BF8-225E0E824D79}
		{C94A52C7-ADC9-41AC-97A4-C8860B71A555} = {02B630D0-3F1F-4EB3-8BF8-225E0E824D79}
		{3695931A-F49C-4E05-9B99-1668A68BA447} = {02B630D0-3F1F-4EB3-8BF8-225E0E824D79}
		{DFDAC726-FB44-43A5-9BC1-8A6874FB510A} = {02B630D0-3F1F-4EB3-8BF8-225E0E824D79}
		{07FE8BF7-E265-4D9B-B5C0-1E7E3240D83F} = {DFDAC726-FB44-43A5-9BC1-8A6874FB510A}
		{FCDBCF75-02EF-49BC-839D-A0D4CBF5A895} = {DFDAC726-FB44-43A5-9BC1-8A6874FB510A}
		{7A6CD482-5342-4508-A968-85BE495B6DF9} = {DFDAC726-FB44-43A5-9BC1-8A6874FB510A}
		{735AF55E-A4E3-4DCF-ACBD-2C7F2AC57702} = {52D48443-AB10-47C9-83AA-ED875C8207C7}
		{7A53E4E1-F24E-4B86-84AB-F44718616267} = {52D48443-AB10-47C9-83AA-ED875C8207C7}
		{41B8B6F4-57EF-45BA-9A03-7A6AE91C4FC9} = {52D48443-AB10-47C9-83AA-ED875C8207C7}
		{12D4898B-8E4A-4F2C-805D-F21CD52BB100} = {52D48443-AB10-47C9-83AA-ED875C8207C7}
		{CACA94C7-8FDE-4F4E-953A-297F039D27B9} = {52D48443-AB10-47C9-83AA-ED875C8207C7}
		{07E689C6-74CA-4CD2-9C0A-F09527C060C4} = {52D48443-AB10-47C9-83AA-ED875C8207C7}
		{250981EC-3003-4FFC-9AA7-80F9695A940B} = {52D48443-AB10-47C9-83AA-ED875C8207C7}
		{2564414D-90F1-4ACE-BDDD-229BF4CD399D} = {52D48443-AB10-47C9-83AA-ED875C8207C7}
		{6481F341-5E58-4299-89F4-8FF65868AAAE} = {52D48443-AB10-47C9-83AA-ED875C8207C7}
		{B7FBFF2C-0F16-461B-BB27-56D3E801C532} = {52D48443-AB10-47C9-83AA-ED875C8207C7}
		{EC84D12F-4626-4342-A3D2-95E9BCBBE9D8} = {52D48443-AB10-47C9-83AA-ED875C8207C7}
		{E5330175-A8F0-4E34-96BE-DA352400176C} = {52D48443-AB10-47C9-83AA-ED875C8207C7}
		{0DF92CC7-18AE-48E6-BBC3-5CCADD725105} = {52D48443-AB10-47C9-83AA-ED875C8207C7}
		{077E5DE0-2A26-4BFA-A7A7-309DD81115B4} = {10FE6F9B-D8DB-474E-9628-7BA48B13C98A}
		{D1F93103-22D5-4DEB-8D41-949C6652E17D} = {10FE6F9B-D8DB-474E-9628-7BA48B13C98A}
		{6DAC9EEE-5CD2-4388-9997-1D28F7B91E8D} = {10FE6F9B-D8DB-474E-9628-7BA48B13C98A}
		{853B0EB2-7E03-4A18-ADD9-8334F0187E26} = {10FE6F9B-D8DB-474E-9628-7BA48B13C98A}
		{CF378E7B-8A99-4E59-9611-5ABC14713DA4} = {10FE6F9B-D8DB-474E-9628-7BA48B13C98A}
		{ED790B53-D610-422C-A527-95928EBE7BBF} = {10FE6F9B-D8DB-474E-9628-7BA48B13C98A}
		{7769DE55-090B-4D4F-872B-09D98DBDE719} = {10FE6F9B-D8DB-474E-9628-7BA48B13C98A}
		{6CC5227F-D73F-4474-839A-D73E9CE93FD8} = {10FE6F9B-D8DB-474E-9628-7BA48B13C98A}
		{0E0659AF-A0B3-47BC-8CDA-490F253B24B6} = {10FE6F9B-D8DB-474E-9628-7BA48B13C98A}
		{1DED6981-0E6F-4859-8E76-9A023DC23258} = {10FE6F9B-D8DB-474E-9628-7BA48B13C98A}
		{4319477C-0F9D-4828-8EB3-B7157B760C9A} = {10FE6F9B-D8DB-474E-9628-7BA48B13C98A}
		{B378A5D2-8272-4027-934F-D1C10F7F3C89} = {3EF24A95-6AC0-49A1-BF98-76B497DA2D71}
		{BA2C596F-07BA-4D38-8461-F84EA2F57BE8} = {3EF24A95-6AC0-49A1-BF98-76B497DA2D71}
		{6E3D169B-A11D-4D4D-8D03-3F1FCD96B4CC} = {3EF24A95-6AC0-49A1-BF98-76B497DA2D71}
		{F587F3D2-C387-4D63-ADE9-1FA50C84DC07} = {3EF24A95-6AC0-49A1-BF98-76B497DA2D71}
		{20FE95B3-D159-495B-83D6-5024E7B77B38} = {3EF24A95-6AC0-49A1-BF98-76B497DA2D71}
		{FF5F61A2-4559-43C1-B6DA-6A34016B6978} = {3EF24A95-6AC0-49A1-BF98-76B497DA2D71}
		{D4913589-8B85-499F-9E72-74262C51B1A7} = {09ED476A-1228-4F7D-BDFF-36D96B4B7A4B}
		{E0C5206F-5118-42A1-845C-0B261CEF2A39} = {09ED476A-1228-4F7D-BDFF-36D96B4B7A4B}
		{9F6A6907-AC2E-4A04-B7B0-3D289D877454} = {09ED476A-1228-4F7D-BDFF-36D96B4B7A4B}
		{2F4BF9FD-02F2-4DCC-A15C-1AB6BAD16F59} = {09ED476A-1228-4F7D-BDFF-36D96B4B7A4B}
		{E49665B0-E5AC-44E8-B4B3-16124B70DCCC} = {9D0AF9A9-FA0E-4174-ADA6-AF27C253FCFD}
		{CE5AA8C1-771C-476E-A0F1-0F1E4E8B3FC9} = {9D0AF9A9-FA0E-4174-ADA6-AF27C253FCFD}
		{C7C695B5-71C0-461A-9637-4D02FB938E68} = {9D0AF9A9-FA0E-4174-ADA6-AF27C253FCFD}
		{A25C151B-863F-42F5-BAED-A8E4D1D804AF} = {9D0AF9A9-FA0E-4174-ADA6-AF27C253FCFD}
		{4110214E-EF90-4A01-B197-D8C644284CDC} = {9D0AF9A9-FA0E-4174-ADA6-AF27C253FCFD}
		{68638520-2320-4CBB-A646-8D671D15AE1D} = {9D0AF9A9-FA0E-4174-ADA6-AF27C253FCFD}
		{7CFF9580-CF2F-42A0-8594-25763C06C3B2} = {274D88FB-A9B9-4E19-A920-683C379A7E0E}
		{82B2F96C-C7AA-4891-8453-7DBC4CE67B93} = {274D88FB-A9B9-4E19-A920-683C379A7E0E}
		{69239C02-27DE-4961-87E4-711F7CABAF93} = {274D88FB-A9B9-4E19-A920-683C379A7E0E}
		{0DA29309-80A1-4E61-9B15-2889C1A5D103} = {274D88FB-A9B9-4E19-A920-683C379A7E0E}
	EndGlobalSection
	GlobalSection(ExtensibilityGlobals) = postSolution
		SolutionGuid = {2C36D585-0B62-4680-96F8-766212FBBC26}
	EndGlobalSection
EndGlobal
